// !$*UTF8*$!
{
	archiveVersion = 1;
	classes = {
	};
	objectVersion = 42;
	objects = {

/* Begin PBXBuildFile section */
		0DB2E48916B4FB077B7A688F /* QtSql.framework in Frameworks & Libraries */ = {isa = PBXBuildFile; fileRef = CD133CB9E74B2D62CC965A2E /* QtSql.framework */; };
		1B89A89C167A69F90018640B /* habiticon.icns in Bundle Resources */ = {isa = PBXBuildFile; fileRef = 1B89A89B167A69F90018640B /* habiticon.icns */; };
		2B093CA6F071B023A473CED0 /* main.cpp in Build Sources */ = {isa = PBXBuildFile; fileRef = 118FCBAABA162BA17933C789 /* main.cpp */; settings = {ATTRIBUTES = (); }; };
		C28DE529BCF325A846D5AF29 /* phonon.framework in Frameworks & Libraries */ = {isa = PBXBuildFile; fileRef = CFEBBA93E6ACC9FEF582C3A2 /* phonon.framework */; };
		D87CFE1BA23D68AF2605A490 /* QtGui.framework in Frameworks & Libraries */ = {isa = PBXBuildFile; fileRef = A22E40FA9FF2AC675E273EBB /* QtGui.framework */; };
		E16A1545B0F0502D0704CD14 /* QtCore.framework in Frameworks & Libraries */ = {isa = PBXBuildFile; fileRef = ABD7D43C27568E737BDBEFDC /* QtCore.framework */; };
		FE99BDBE06AB61841DE4D7FE /* habutil in Frameworks & Libraries */ = {isa = PBXBuildFile; fileRef = 4723CB00D094CB9C68E5D1A4 /* habutil */; };
/* End PBXBuildFile section */

/* Begin PBXFileReference section */
		118FCBAABA162BA17933C789 /* main.cpp */ = {isa = PBXFileReference; lastKnownFileType = sourcecode.cpp.cpp; path = main.cpp; sourceTree = "<group>"; };
		1B89A88B1679605B0018640B /* habit.app */ = {isa = PBXFileReference; explicitFileType = wrapper.application; includeInIndex = 0; path = habit.app; sourceTree = BUILT_PRODUCTS_DIR; };
		1B89A89B167A69F90018640B /* habiticon.icns */ = {isa = PBXFileReference; lastKnownFileType = image.icns; path = habiticon.icns; sourceTree = "<group>"; };
		4723CB00D094CB9C68E5D1A4 /* habutil */ = {isa = PBXFileReference; lastKnownFileType = archive.ar; name = habutil; path = ../../libs/habutil/build/Debug/libhabutil.a; sourceTree = "<group>"; };
		54A8EF2BA3764F116CADCC19 /* habit.pro */ = {isa = PBXFileReference; lastKnownFileType = text; path = habit.pro; sourceTree = "<group>"; };
		60A3232DE3747FDC63AC7F82 /* version.h */ = {isa = PBXFileReference; lastKnownFileType = sourcecode.c.h; path = version.h; sourceTree = "<group>"; };
		A22E40FA9FF2AC675E273EBB /* QtGui.framework */ = {isa = PBXFileReference; lastKnownFileType = wrapper.framework; name = QtGui.framework; path = "/usr/local/Trolltech/Qt-4.8.1-x86_64-no-dbus-dynamic/lib/QtGui.framework"; sourceTree = "<absolute>"; };
		ABD7D43C27568E737BDBEFDC /* QtCore.framework */ = {isa = PBXFileReference; lastKnownFileType = wrapper.framework; name = QtCore.framework; path = "/usr/local/Trolltech/Qt-4.8.1-x86_64-no-dbus-dynamic/lib/QtCore.framework"; sourceTree = "<absolute>"; };
		CD133CB9E74B2D62CC965A2E /* QtSql.framework */ = {isa = PBXFileReference; lastKnownFileType = wrapper.framework; name = QtSql.framework; path = "/usr/local/Trolltech/Qt-4.8.1-x86_64-no-dbus-dynamic/lib/QtSql.framework"; sourceTree = "<absolute>"; };
		CFEBBA93E6ACC9FEF582C3A2 /* phonon.framework */ = {isa = PBXFileReference; lastKnownFileType = wrapper.framework; name = phonon.framework; path = "/usr/local/Trolltech/Qt-4.8.1-x86_64-no-dbus-dynamic/lib/phonon.framework"; sourceTree = "<absolute>"; };
/* End PBXFileReference section */

/* Begin PBXFrameworksBuildPhase section */
		2A1043669E6E5A7426EA502A /* Frameworks & Libraries */ = {
			isa = PBXFrameworksBuildPhase;
			buildActionMask = 2147483647;
			files = (
				FE99BDBE06AB61841DE4D7FE /* habutil in Frameworks & Libraries */,
				C28DE529BCF325A846D5AF29 /* phonon.framework in Frameworks & Libraries */,
				D87CFE1BA23D68AF2605A490 /* QtGui.framework in Frameworks & Libraries */,
				E16A1545B0F0502D0704CD14 /* QtCore.framework in Frameworks & Libraries */,
				0DB2E48916B4FB077B7A688F /* QtSql.framework in Frameworks & Libraries */,
			);
			name = "Frameworks & Libraries";
			runOnlyForDeploymentPostprocessing = 0;
		};
/* End PBXFrameworksBuildPhase section */

/* Begin PBXGroup section */
		05596AB53D8D521C69802C27 /* habit */ = {
			isa = PBXGroup;
			children = (
				1B89A89A167A69DC0018640B /* Resources */,
				FB61758D0F0FDA4BA867C3D5 /* Sources */,
				883D7615C4D2DE3FA1218F12 /* Headers */,
				7CABE3C80E79AD2B307756D2 /* Sources [qmake] */,
				ED1E82605DD74B483AF3C982 /* External Frameworks and Libraries */,
				1B89A88C1679605B0018640B /* Products */,
			);
			name = habit;
			sourceTree = "<group>";
		};
		1B89A88C1679605B0018640B /* Products */ = {
			isa = PBXGroup;
			children = (
				1B89A88B1679605B0018640B /* habit.app */,
			);
			name = Products;
			sourceTree = "<group>";
		};
		1B89A89A167A69DC0018640B /* Resources */ = {
			isa = PBXGroup;
			children = (
				1B89A89B167A69F90018640B /* habiticon.icns */,
			);
			name = Resources;
			sourceTree = "<group>";
		};
		7CABE3C80E79AD2B307756D2 /* Sources [qmake] */ = {
			isa = PBXGroup;
			children = (
				54A8EF2BA3764F116CADCC19 /* habit.pro */,
			);
			name = "Sources [qmake]";
			sourceTree = "<group>";
		};
		883D7615C4D2DE3FA1218F12 /* Headers */ = {
			isa = PBXGroup;
			children = (
				60A3232DE3747FDC63AC7F82 /* version.h */,
			);
			name = Headers;
			sourceTree = "<group>";
		};
		ED1E82605DD74B483AF3C982 /* External Frameworks and Libraries */ = {
			isa = PBXGroup;
			children = (
				4723CB00D094CB9C68E5D1A4 /* habutil */,
				CFEBBA93E6ACC9FEF582C3A2 /* phonon.framework */,
				A22E40FA9FF2AC675E273EBB /* QtGui.framework */,
				ABD7D43C27568E737BDBEFDC /* QtCore.framework */,
				CD133CB9E74B2D62CC965A2E /* QtSql.framework */,
			);
			name = "External Frameworks and Libraries";
			sourceTree = "<group>";
		};
		FB61758D0F0FDA4BA867C3D5 /* Sources */ = {
			isa = PBXGroup;
			children = (
				118FCBAABA162BA17933C789 /* main.cpp */,
			);
			name = Sources;
			sourceTree = "<group>";
		};
/* End PBXGroup section */

/* Begin PBXNativeTarget section */
		BDA6F5019E35C32D45A9B5AC /* habit */ = {
			isa = PBXNativeTarget;
			buildConfigurationList = 17B3380A4D6A7D415E7F2E1E /* Build configuration list for PBXNativeTarget "habit" */;
			buildPhases = (
				D7BA7D76DAB5DD13389D6332 /* Qt Qmake */,
				A0A52A2ADF7A1E2A99738674 /* Qt Preprocessors */,
				C29B8785722055ED95EF7B57 /* Build Sources */,
				2A1043669E6E5A7426EA502A /* Frameworks & Libraries */,
				3787F99312C85FF0073FD7BA /* Bundle Resources */,
				1BF7CF11167BE05300DB8C61 /* ShellScript */,
			);
			buildRules = (
			);
			dependencies = (
			);
			name = habit;
			productName = habit;
			productReference = 1B89A88B1679605B0018640B /* habit.app */;
			productType = "com.apple.product-type.application";
		};
/* End PBXNativeTarget section */

/* Begin PBXProject section */
		91B15E841AA80083484172DE /* Project object */ = {
			isa = PBXProject;
			buildConfigurationList = CC82A9286117DFED018F418F /* Build configuration list for PBXProject "habit" */;
			compatibilityVersion = "Xcode 2.4";
			developmentRegion = English;
			hasScannedForEncodings = 1;
			knownRegions = (
				English,
				Japanese,
				French,
				German,
			);
			mainGroup = 05596AB53D8D521C69802C27 /* habit */;
			productRefGroup = 1B89A88C1679605B0018640B /* Products */;
			projectDirPath = "";
			projectRoot = "";
			targets = (
				BDA6F5019E35C32D45A9B5AC /* habit */,
			);
		};
/* End PBXProject section */

/* Begin PBXResourcesBuildPhase section */
		3787F99312C85FF0073FD7BA /* Bundle Resources */ = {
			isa = PBXResourcesBuildPhase;
			buildActionMask = 2147483647;
			files = (
				1B89A89C167A69F90018640B /* habiticon.icns in Bundle Resources */,
			);
			name = "Bundle Resources";
			runOnlyForDeploymentPostprocessing = 0;
		};
/* End PBXResourcesBuildPhase section */

/* Begin PBXShellScriptBuildPhase section */
		1BF7CF11167BE05300DB8C61 /* ShellScript */ = {
			isa = PBXShellScriptBuildPhase;
			buildActionMask = 2147483647;
			files = (
			);
			inputPaths = (
			);
			outputPaths = (
			);
			runOnlyForDeploymentPostprocessing = 0;
			shellPath = /bin/sh;
			shellScript = "/usr/local/Trolltech/Qt-4.8.1-x86_64-no-dbus-dynamic/bin/macdeployqt ${BUILT_PRODUCTS_DIR}/habit.app -verbose=2\n";
		};
		A0A52A2ADF7A1E2A99738674 /* Qt Preprocessors */ = {
			isa = PBXShellScriptBuildPhase;
			buildActionMask = 2147483647;
			files = (
			);
			name = "Qt Preprocessors";
			runOnlyForDeploymentPostprocessing = 0;
			shellPath = /bin/sh;
			shellScript = "make -C /Users/Oakeslab/work/habit2/apps/habit -f 'habit.xcodeproj/qt_preprocess.mak'";
		};
		D7BA7D76DAB5DD13389D6332 /* Qt Qmake */ = {
			isa = PBXShellScriptBuildPhase;
			buildActionMask = 2147483647;
			files = (
			);
			name = "Qt Qmake";
			runOnlyForDeploymentPostprocessing = 0;
			shellPath = /bin/sh;
			shellScript = "make -C /Users/Oakeslab/work/habit2/apps/habit -f 'habit.xcodeproj/qt_makeqmake.mak'";
		};
/* End PBXShellScriptBuildPhase section */

/* Begin PBXSourcesBuildPhase section */
		C29B8785722055ED95EF7B57 /* Build Sources */ = {
			isa = PBXSourcesBuildPhase;
			buildActionMask = 2147483647;
			files = (
				2B093CA6F071B023A473CED0 /* main.cpp in Build Sources */,
			);
			name = "Build Sources";
			runOnlyForDeploymentPostprocessing = 0;
		};
/* End PBXSourcesBuildPhase section */

/* Begin XCBuildConfiguration section */
		4B72B24813252891014BCF61 /* Debug */ = {
			isa = XCBuildConfiguration;
			buildSettings = {
				ARCHS = x86_64;
				COPY_PHASE_STRIP = NO;
				FRAMEWORK_SEARCH_PATHS = (
					"/usr/local/Trolltech/Qt-4.8.1-x86_64-no-dbus-dynamic/lib",
					"/usr/local/Trolltech/Qt-4.8.1-x86_64-no-dbus-dynamic/lib",
					"/usr/local/Trolltech/Qt-4.8.1-x86_64-no-dbus-dynamic/lib",
				);
				GCC_GENERATE_DEBUGGING_SYMBOLS = YES;
				GCC_OPTIMIZATION_LEVEL = 0;
				HEADER_SEARCH_PATHS = (
					"/usr/local/Trolltech/Qt-4.8.1-x86_64-no-dbus-dynamic/lib/QtCore.framework/Versions/4/Headers",
					"/usr/local/Trolltech/Qt-4.8.1-x86_64-no-dbus-dynamic/include/QtCore",
					"/usr/local/Trolltech/Qt-4.8.1-x86_64-no-dbus-dynamic/lib/QtGui.framework/Versions/4/Headers",
					"/usr/local/Trolltech/Qt-4.8.1-x86_64-no-dbus-dynamic/include/QtGui",
					"/usr/local/Trolltech/Qt-4.8.1-x86_64-no-dbus-dynamic/lib/QtSql.framework/Versions/4/Headers",
					"/usr/local/Trolltech/Qt-4.8.1-x86_64-no-dbus-dynamic/include/QtSql",
					"/usr/local/Trolltech/Qt-4.8.1-x86_64-no-dbus-dynamic/lib/phonon.framework/Versions/4/Headers",
					"/usr/local/Trolltech/Qt-4.8.1-x86_64-no-dbus-dynamic/include/phonon",
					"/usr/local/Trolltech/Qt-4.8.1-x86_64-no-dbus-dynamic/include",
					../../libs/habutil,
					../../libs/habutil/habit,
					"/usr/local/Trolltech/Qt-4.8.1-x86_64-no-dbus-dynamic/include/phonon_compat",
					.,
					/usr/local/include,
					/System/Library/Frameworks/CarbonCore.framework/Headers,
					"/usr/local/Trolltech/Qt-4.8.1-x86_64-no-dbus-dynamic/mkspecs/macx-xcode",
				);
				INFOPLIST_FILE = Info.plist;
				LIBRARY_SEARCH_PATHS = (
					"/usr/local/Trolltech/Qt-4.8.1-x86_64-no-dbus-dynamic/lib",
					../../libs/habutil/build/Debug,
					/Users/Oakeslab/work/habit2/libs/habutil/build/Debug,
					"/usr/local/Trolltech/Qt-4.8.1-x86_64-no-dbus-dynamic/lib",
				);
				OTHER_CFLAGS = (
					"-pipe",
					"-O2",
					"-Wall",
					"-W",
					"-DQT_NO_DEBUG",
					"-DQT_PHONON_LIB",
					"-DQT_SQL_LIB",
					"-DQT_GUI_LIB",
					"-DQT_CORE_LIB",
					"-DQT_SHARED",
				);
				OTHER_CPLUSPLUSFLAGS = (
					"-pipe",
					"-O2",
					"-Wall",
					"-W",
					"-DQT_NO_DEBUG",
					"-DQT_PHONON_LIB",
					"-DQT_SQL_LIB",
					"-DQT_GUI_LIB",
					"-DQT_CORE_LIB",
					"-DQT_SHARED",
				);
				OTHER_LDFLAGS = (
					"-headerpad_max_install_names",
					"-L/usr/local/Trolltech/Qt-4.8.1-x86_64-no-dbus-dynamic/lib",
					"-F/usr/local/Trolltech/Qt-4.8.1-x86_64-no-dbus-dynamic/lib",
					"-L../../libs/habutil/build/Debug",
					"-L/usr/local/Trolltech/Qt-4.8.1-x86_64-no-dbus-dynamic/lib",
					"-F/usr/local/Trolltech/Qt-4.8.1-x86_64-no-dbus-dynamic/lib",
				);
				PRODUCT_NAME = habit;
			};
			name = Debug;
		};
		8C7174830A1E4DCBA0332EC1 /* Release */ = {
			isa = XCBuildConfiguration;
			buildSettings = {
				COPY_PHASE_STRIP = YES;
				GCC_GENERATE_DEBUGGING_SYMBOLS = NO;
				PRODUCT_NAME = habit;
			};
			name = Release;
		};
		BEC09A62E69C3553534FF35E /* Debug */ = {
			isa = XCBuildConfiguration;
			buildSettings = {
				COPY_PHASE_STRIP = NO;
				GCC_GENERATE_DEBUGGING_SYMBOLS = YES;
				GCC_OPTIMIZATION_LEVEL = 0;
				PRODUCT_NAME = habit;
			};
			name = Debug;
		};
		D70590BEB531B51029F711BB /* Release */ = {
			isa = XCBuildConfiguration;
			buildSettings = {
				ARCHS = x86_64;
				COPY_PHASE_STRIP = YES;
				FRAMEWORK_SEARCH_PATHS = (
					"/usr/local/Trolltech/Qt-4.8.1-x86_64-no-dbus-dynamic/lib",
					"/usr/local/Trolltech/Qt-4.8.1-x86_64-no-dbus-dynamic/lib",
					"/usr/local/Trolltech/Qt-4.8.1-x86_64-no-dbus-dynamic/lib",
				);
				GCC_GENERATE_DEBUGGING_SYMBOLS = NO;
				HEADER_SEARCH_PATHS = (
					"/usr/local/Trolltech/Qt-4.8.1-x86_64-no-dbus-dynamic/lib/QtCore.framework/Versions/4/Headers",
					"/usr/local/Trolltech/Qt-4.8.1-x86_64-no-dbus-dynamic/include/QtCore",
					"/usr/local/Trolltech/Qt-4.8.1-x86_64-no-dbus-dynamic/lib/QtGui.framework/Versions/4/Headers",
					"/usr/local/Trolltech/Qt-4.8.1-x86_64-no-dbus-dynamic/include/QtGui",
					"/usr/local/Trolltech/Qt-4.8.1-x86_64-no-dbus-dynamic/lib/QtSql.framework/Versions/4/Headers",
					"/usr/local/Trolltech/Qt-4.8.1-x86_64-no-dbus-dynamic/include/QtSql",
					"/usr/local/Trolltech/Qt-4.8.1-x86_64-no-dbus-dynamic/lib/phonon.framework/Versions/4/Headers",
					"/usr/local/Trolltech/Qt-4.8.1-x86_64-no-dbus-dynamic/include/phonon",
					"/usr/local/Trolltech/Qt-4.8.1-x86_64-no-dbus-dynamic/include",
					../../libs/habutil,
					../../libs/habutil/habit,
					"/usr/local/Trolltech/Qt-4.8.1-x86_64-no-dbus-dynamic/include/phonon_compat",
					.,
					/usr/local/include,
					/System/Library/Frameworks/CarbonCore.framework/Headers,
					"/usr/local/Trolltech/Qt-4.8.1-x86_64-no-dbus-dynamic/mkspecs/macx-xcode",
				);
				INFOPLIST_FILE = Info.plist;
				LIBRARY_SEARCH_PATHS = (
					"/usr/local/Trolltech/Qt-4.8.1-x86_64-no-dbus-dynamic/lib",
					../../libs/habutil/build/Debug,
					/Users/Oakeslab/work/habit2/libs/habutil/build/Debug,
					"/usr/local/Trolltech/Qt-4.8.1-x86_64-no-dbus-dynamic/lib",
				);
				OTHER_CFLAGS = (
					"-pipe",
					"-O2",
					"-Wall",
					"-W",
					"-DQT_NO_DEBUG",
					"-DQT_PHONON_LIB",
					"-DQT_SQL_LIB",
					"-DQT_GUI_LIB",
					"-DQT_CORE_LIB",
					"-DQT_SHARED",
				);
				OTHER_CPLUSPLUSFLAGS = (
					"-pipe",
					"-O2",
					"-Wall",
					"-W",
					"-DQT_NO_DEBUG",
					"-DQT_PHONON_LIB",
					"-DQT_SQL_LIB",
					"-DQT_GUI_LIB",
					"-DQT_CORE_LIB",
					"-DQT_SHARED",
				);
				OTHER_LDFLAGS = (
					"-headerpad_max_install_names",
					"-L/usr/local/Trolltech/Qt-4.8.1-x86_64-no-dbus-dynamic/lib",
					"-F/usr/local/Trolltech/Qt-4.8.1-x86_64-no-dbus-dynamic/lib",
					"-L../../libs/habutil/build/Debug",
					"-L/usr/local/Trolltech/Qt-4.8.1-x86_64-no-dbus-dynamic/lib",
					"-F/usr/local/Trolltech/Qt-4.8.1-x86_64-no-dbus-dynamic/lib",
				);
				PRODUCT_NAME = habit;
			};
			name = Release;
		};
/* End XCBuildConfiguration section */

/* Begin XCConfigurationList section */
		17B3380A4D6A7D415E7F2E1E /* Build configuration list for PBXNativeTarget "habit" */ = {
			isa = XCConfigurationList;
			buildConfigurations = (
				BEC09A62E69C3553534FF35E /* Debug */,
				8C7174830A1E4DCBA0332EC1 /* Release */,
			);
			defaultConfigurationIsVisible = 0;
			defaultConfigurationName = Release;
		};
		CC82A9286117DFED018F418F /* Build configuration list for PBXProject "habit" */ = {
			isa = XCConfigurationList;
			buildConfigurations = (
				4B72B24813252891014BCF61 /* Debug */,
				D70590BEB531B51029F711BB /* Release */,
			);
			defaultConfigurationIsVisible = 0;
			defaultConfigurationName = Release;
		};
/* End XCConfigurationList section */
	};
	rootObject = 91B15E841AA80083484172DE /* Project object */;
}
