// !$*UTF8*$!
{
	archiveVersion = 1;
	classes = {
	};
	objectVersion = 42;
	objects = {

/* Begin PBXBuildFile section */
		1B17F4BF159296DA007EC2B8 /* libhabutil.a in Frameworks & Libraries */ = {isa = PBXBuildFile; fileRef = 1B17F4BE159296BF007EC2B8 /* libhabutil.a */; };
		2B093CA6F071B023A473CED0 /* main.cpp in Build Sources */ = {isa = PBXBuildFile; fileRef = 118FCBAABA162BA17933C789 /* main.cpp */; settings = {ATTRIBUTES = (); }; };
		39C63A8DC219EFC29D832FF7 /* moc_TestLookDialog.cpp in Build Sources */ = {isa = PBXBuildFile; fileRef = 0B72AD3C54437C39109D246C /* moc_TestLookDialog.cpp */; settings = {ATTRIBUTES = (); }; };
		D87CFE1BA23D68AF2605A490 /* QtGui.framework in Frameworks & Libraries */ = {isa = PBXBuildFile; fileRef = A22E40FA9FF2AC675E273EBB /* QtGui.framework */; };
		D9F826528AE36B7F96F19D18 /* TestLookDialog.cpp in Build Sources */ = {isa = PBXBuildFile; fileRef = 1FD1D0524AC17DDC7519AF46 /* TestLookDialog.cpp */; settings = {ATTRIBUTES = (); }; };
		E16A1545B0F0502D0704CD14 /* QtCore.framework in Frameworks & Libraries */ = {isa = PBXBuildFile; fileRef = ABD7D43C27568E737BDBEFDC /* QtCore.framework */; };
/* End PBXBuildFile section */

/* Begin PBXContainerItemProxy section */
		1B17F4BD159296BF007EC2B8 /* PBXContainerItemProxy */ = {
			isa = PBXContainerItemProxy;
			containerPortal = 1B17F4B9159296BF007EC2B8 /* habutil.xcodeproj */;
			proxyType = 2;
			remoteGlobalIDString = 1B17F3FB15926325007EC2B8;
			remoteInfo = habutil;
		};
		1B17F4C1159296F0007EC2B8 /* PBXContainerItemProxy */ = {
			isa = PBXContainerItemProxy;
			containerPortal = 1B17F4B9159296BF007EC2B8 /* habutil.xcodeproj */;
			proxyType = 1;
			remoteGlobalIDString = C4E35D2AC0938A01F9035413;
			remoteInfo = habutil;
		};
/* End PBXContainerItemProxy section */

/* Begin PBXFileReference section */
		0B72AD3C54437C39109D246C /* moc_TestLookDialog.cpp */ = {isa = PBXFileReference; lastKnownFileType = sourcecode.cpp.cpp; path = moc_TestLookDialog.cpp; sourceTree = "<group>"; };
		118FCBAABA162BA17933C789 /* main.cpp */ = {isa = PBXFileReference; lastKnownFileType = sourcecode.cpp.cpp; path = main.cpp; sourceTree = "<group>"; };
		1B17F3EA15926304007EC2B8 /* testlook.app */ = {isa = PBXFileReference; explicitFileType = wrapper.application; includeInIndex = 0; path = testlook.app; sourceTree = BUILT_PRODUCTS_DIR; };
		1B17F4B9159296BF007EC2B8 /* habutil.xcodeproj */ = {isa = PBXFileReference; lastKnownFileType = "wrapper.pb-project"; name = habutil.xcodeproj; path = ../../libs/habutil/habutil.xcodeproj; sourceTree = SOURCE_ROOT; };
		1FD1D0524AC17DDC7519AF46 /* TestLookDialog.cpp */ = {isa = PBXFileReference; lastKnownFileType = sourcecode.cpp.cpp; path = TestLookDialog.cpp; sourceTree = "<group>"; };
		8AB992EE8F66AFD490EFC71F /* testlook.pro */ = {isa = PBXFileReference; lastKnownFileType = text; path = testlook.pro; sourceTree = "<group>"; };
		9DC85D7899879A7A2DF946EB /* TestLookDialog.h */ = {isa = PBXFileReference; lastKnownFileType = sourcecode.c.h; path = TestLookDialog.h; sourceTree = "<group>"; };
		A22E40FA9FF2AC675E273EBB /* QtGui.framework */ = {isa = PBXFileReference; lastKnownFileType = wrapper.framework; name = QtGui.framework; path = "/usr/local/Trolltech/Qt-4.8.1-x86_64-no-dbus-dynamic/lib/QtGui.framework"; sourceTree = "<absolute>"; };
		ABD7D43C27568E737BDBEFDC /* QtCore.framework */ = {isa = PBXFileReference; lastKnownFileType = wrapper.framework; name = QtCore.framework; path = "/usr/local/Trolltech/Qt-4.8.1-x86_64-no-dbus-dynamic/lib/QtCore.framework"; sourceTree = "<absolute>"; };
/* End PBXFileReference section */

/* Begin PBXFrameworksBuildPhase section */
		2A1043669E6E5A7426EA502A /* Frameworks & Libraries */ = {
			isa = PBXFrameworksBuildPhase;
			buildActionMask = 2147483647;
			files = (
				D87CFE1BA23D68AF2605A490 /* QtGui.framework in Frameworks & Libraries */,
				E16A1545B0F0502D0704CD14 /* QtCore.framework in Frameworks & Libraries */,
				1B17F4BF159296DA007EC2B8 /* libhabutil.a in Frameworks & Libraries */,
			);
			name = "Frameworks & Libraries";
			runOnlyForDeploymentPostprocessing = 0;
		};
/* End PBXFrameworksBuildPhase section */

/* Begin PBXGroup section */
		05596AB53D8D521C69802C27 /* testlook */ = {
			isa = PBXGroup;
			children = (
				1B17F4B9159296BF007EC2B8 /* habutil.xcodeproj */,
				FB61758D0F0FDA4BA867C3D5 /* Sources */,
				46E892BBB6BB6952967E0561 /* Temporary Sources */,
				883D7615C4D2DE3FA1218F12 /* Headers */,
				7CABE3C80E79AD2B307756D2 /* Sources [qmake] */,
				ED1E82605DD74B483AF3C982 /* External Frameworks and Libraries */,
				1B17F3EB15926304007EC2B8 /* Products */,
			);
			name = testlook;
			sourceTree = "<group>";
		};
		1B17F3EB15926304007EC2B8 /* Products */ = {
			isa = PBXGroup;
			children = (
				1B17F3EA15926304007EC2B8 /* testlook.app */,
			);
			name = Products;
			sourceTree = "<group>";
		};
		1B17F4BA159296BF007EC2B8 /* Products */ = {
			isa = PBXGroup;
			children = (
				1B17F4BE159296BF007EC2B8 /* libhabutil.a */,
			);
			name = Products;
			sourceTree = "<group>";
		};
		46E892BBB6BB6952967E0561 /* Temporary Sources */ = {
			isa = PBXGroup;
			children = (
				0B72AD3C54437C39109D246C /* moc_TestLookDialog.cpp */,
			);
			name = "Temporary Sources";
			sourceTree = "<group>";
		};
		7CABE3C80E79AD2B307756D2 /* Sources [qmake] */ = {
			isa = PBXGroup;
			children = (
				8AB992EE8F66AFD490EFC71F /* testlook.pro */,
			);
			name = "Sources [qmake]";
			sourceTree = "<group>";
		};
		883D7615C4D2DE3FA1218F12 /* Headers */ = {
			isa = PBXGroup;
			children = (
				9DC85D7899879A7A2DF946EB /* TestLookDialog.h */,
			);
			name = Headers;
			sourceTree = "<group>";
		};
		ED1E82605DD74B483AF3C982 /* External Frameworks and Libraries */ = {
			isa = PBXGroup;
			children = (
				A22E40FA9FF2AC675E273EBB /* QtGui.framework */,
				ABD7D43C27568E737BDBEFDC /* QtCore.framework */,
			);
			name = "External Frameworks and Libraries";
			sourceTree = "<group>";
		};
		FB61758D0F0FDA4BA867C3D5 /* Sources */ = {
			isa = PBXGroup;
			children = (
				118FCBAABA162BA17933C789 /* main.cpp */,
				1FD1D0524AC17DDC7519AF46 /* TestLookDialog.cpp */,
			);
			name = Sources;
			sourceTree = "<group>";
		};
/* End PBXGroup section */

/* Begin PBXNativeTarget section */
		CAD65F20B390653D665D3A28 /* testlook */ = {
			isa = PBXNativeTarget;
			buildConfigurationList = 17B3380A4D6A7D415E7F2E1E /* Build configuration list for PBXNativeTarget "testlook" */;
			buildPhases = (
				D7BA7D76DAB5DD13389D6332 /* Qt Qmake */,
				A0A52A2ADF7A1E2A99738674 /* Qt Preprocessors */,
				C29B8785722055ED95EF7B57 /* Build Sources */,
				2A1043669E6E5A7426EA502A /* Frameworks & Libraries */,
				3787F99312C85FF0073FD7BA /* Bundle Resources */,
				F6069D5A5DA8AA28EDB8B3C6 /* Project Copy */,
			);
			buildRules = (
			);
			dependencies = (
				1B17F4C2159296F0007EC2B8 /* PBXTargetDependency */,
			);
			name = testlook;
			productInstallPath = ../../bin/;
			productName = testlook;
			productReference = 1B17F3EA15926304007EC2B8 /* testlook.app */;
			productType = "com.apple.product-type.application";
		};
/* End PBXNativeTarget section */

/* Begin PBXProject section */
		91B15E841AA80083484172DE /* Project object */ = {
			isa = PBXProject;
			buildConfigurationList = CC82A9286117DFED018F418F /* Build configuration list for PBXProject "testlook" */;
			compatibilityVersion = "Xcode 2.4";
			developmentRegion = English;
			hasScannedForEncodings = 1;
			knownRegions = (
				English,
				Japanese,
				French,
				German,
			);
			mainGroup = 05596AB53D8D521C69802C27 /* testlook */;
			productRefGroup = 1B17F3EB15926304007EC2B8 /* Products */;
			projectDirPath = "";
			projectReferences = (
				{
					ProductGroup = 1B17F4BA159296BF007EC2B8 /* Products */;
					ProjectRef = 1B17F4B9159296BF007EC2B8 /* habutil.xcodeproj */;
				},
			);
			projectRoot = "";
			targets = (
				CAD65F20B390653D665D3A28 /* testlook */,
			);
		};
/* End PBXProject section */

/* Begin PBXReferenceProxy section */
		1B17F4BE159296BF007EC2B8 /* libhabutil.a */ = {
			isa = PBXReferenceProxy;
			fileType = archive.ar;
			path = libhabutil.a;
			remoteRef = 1B17F4BD159296BF007EC2B8 /* PBXContainerItemProxy */;
			sourceTree = BUILT_PRODUCTS_DIR;
		};
/* End PBXReferenceProxy section */

/* Begin PBXResourcesBuildPhase section */
		3787F99312C85FF0073FD7BA /* Bundle Resources */ = {
			isa = PBXResourcesBuildPhase;
			buildActionMask = 2147483647;
			files = (
			);
			name = "Bundle Resources";
			runOnlyForDeploymentPostprocessing = 0;
		};
/* End PBXResourcesBuildPhase section */

/* Begin PBXShellScriptBuildPhase section */
		A0A52A2ADF7A1E2A99738674 /* Qt Preprocessors */ = {
			isa = PBXShellScriptBuildPhase;
			buildActionMask = 2147483647;
			files = (
			);
			name = "Qt Preprocessors";
			runOnlyForDeploymentPostprocessing = 0;
			shellPath = /bin/sh;
			shellScript = "make -C /Users/Oakeslab/work/habit2/apps/testlook -f 'testlook.xcodeproj/qt_preprocess.mak'";
		};
		D7BA7D76DAB5DD13389D6332 /* Qt Qmake */ = {
			isa = PBXShellScriptBuildPhase;
			buildActionMask = 2147483647;
			files = (
			);
			name = "Qt Qmake";
			runOnlyForDeploymentPostprocessing = 0;
			shellPath = /bin/sh;
			shellScript = "make -C /Users/Oakeslab/work/habit2/apps/testlook -f 'testlook.xcodeproj/qt_makeqmake.mak'";
		};
		F6069D5A5DA8AA28EDB8B3C6 /* Project Copy */ = {
			isa = PBXShellScriptBuildPhase;
			buildActionMask = 2147483647;
			files = (
			);
			inputPaths = (
			);
			name = "Project Copy";
			outputPaths = (
			);
			runOnlyForDeploymentPostprocessing = 0;
			shellPath = /bin/sh;
			shellScript = "cp -r $BUILT_PRODUCTS_DIR/$FULL_PRODUCT_NAME /Users/Oakeslab/work/habit2/bin";
		};
/* End PBXShellScriptBuildPhase section */

/* Begin PBXSourcesBuildPhase section */
		C29B8785722055ED95EF7B57 /* Build Sources */ = {
			isa = PBXSourcesBuildPhase;
			buildActionMask = 2147483647;
			files = (
				2B093CA6F071B023A473CED0 /* main.cpp in Build Sources */,
				D9F826528AE36B7F96F19D18 /* TestLookDialog.cpp in Build Sources */,
				39C63A8DC219EFC29D832FF7 /* moc_TestLookDialog.cpp in Build Sources */,
			);
			name = "Build Sources";
			runOnlyForDeploymentPostprocessing = 0;
		};
/* End PBXSourcesBuildPhase section */

/* Begin PBXTargetDependency section */
		1B17F4C2159296F0007EC2B8 /* PBXTargetDependency */ = {
			isa = PBXTargetDependency;
			name = habutil;
			targetProxy = 1B17F4C1159296F0007EC2B8 /* PBXContainerItemProxy */;
		};
/* End PBXTargetDependency section */

/* Begin XCBuildConfiguration section */
		4B72B24813252891014BCF61 /* Debug */ = {
			isa = XCBuildConfiguration;
			buildSettings = {
				ARCHS = x86_64;
				COPY_PHASE_STRIP = NO;
				FRAMEWORK_SEARCH_PATHS = (
					"/usr/local/Trolltech/Qt-4.8.1-x86_64-no-dbus-dynamic/lib",
					"/usr/local/Trolltech/Qt-4.8.1-x86_64-no-dbus-dynamic/lib",
					"/usr/local/Trolltech/Qt-4.8.1-x86_64-no-dbus-dynamic/lib",
				);
				GCC_GENERATE_DEBUGGING_SYMBOLS = YES;
				GCC_OPTIMIZATION_LEVEL = 0;
				HEADER_SEARCH_PATHS = (
					"/usr/local/Trolltech/Qt-4.8.1-x86_64-no-dbus-dynamic/lib/QtCore.framework/Versions/4/Headers",
					"/usr/local/Trolltech/Qt-4.8.1-x86_64-no-dbus-dynamic/include/QtCore",
					"/usr/local/Trolltech/Qt-4.8.1-x86_64-no-dbus-dynamic/lib/QtGui.framework/Versions/4/Headers",
					"/usr/local/Trolltech/Qt-4.8.1-x86_64-no-dbus-dynamic/include/QtGui",
					"/usr/local/Trolltech/Qt-4.8.1-x86_64-no-dbus-dynamic/include",
					../../libs/habutil,
					.,
					/usr/local/include,
					/System/Library/Frameworks/CarbonCore.framework/Headers,
					"/usr/local/Trolltech/Qt-4.8.1-x86_64-no-dbus-dynamic/mkspecs/macx-xcode",
				);
				INFOPLIST_FILE = Info.plist;
				LIBRARY_SEARCH_PATHS = (
					"/usr/local/Trolltech/Qt-4.8.1-x86_64-no-dbus-dynamic/lib",
					../../lib,
					"/usr/local/Trolltech/Qt-4.8.1-x86_64-no-dbus-dynamic/lib",
				);
				OTHER_CFLAGS = (
					"-pipe",
					"-O2",
					"-Wall",
					"-W",
					"-DQT_NO_DEBUG",
					"-DQT_GUI_LIB",
					"-DQT_CORE_LIB",
					"-DQT_SHARED",
				);
				OTHER_CPLUSPLUSFLAGS = (
					"-pipe",
					"-O2",
					"-Wall",
					"-W",
					"-DQT_NO_DEBUG",
					"-DQT_GUI_LIB",
					"-DQT_CORE_LIB",
					"-DQT_SHARED",
				);
				OTHER_LDFLAGS = (
					"-headerpad_max_install_names",
					"-L/usr/local/Trolltech/Qt-4.8.1-x86_64-no-dbus-dynamic/lib",
					"-F/usr/local/Trolltech/Qt-4.8.1-x86_64-no-dbus-dynamic/lib",
					"-L../../lib",
					"-lhabutil",
					"-L/usr/local/Trolltech/Qt-4.8.1-x86_64-no-dbus-dynamic/lib",
					"-F/usr/local/Trolltech/Qt-4.8.1-x86_64-no-dbus-dynamic/lib",
				);
				PRODUCT_NAME = testlook;
			};
			name = Debug;
		};
		8C7174830A1E4DCBA0332EC1 /* Release */ = {
			isa = XCBuildConfiguration;
			buildSettings = {
				COPY_PHASE_STRIP = YES;
				GCC_GENERATE_DEBUGGING_SYMBOLS = NO;
				PRODUCT_NAME = testlook;
			};
			name = Release;
		};
		BEC09A62E69C3553534FF35E /* Debug */ = {
			isa = XCBuildConfiguration;
			buildSettings = {
				COPY_PHASE_STRIP = NO;
				GCC_GENERATE_DEBUGGING_SYMBOLS = YES;
				GCC_OPTIMIZATION_LEVEL = 0;
				PRODUCT_NAME = testlook;
			};
			name = Debug;
		};
		D70590BEB531B51029F711BB /* Release */ = {
			isa = XCBuildConfiguration;
			buildSettings = {
				ARCHS = x86_64;
				COPY_PHASE_STRIP = YES;
				FRAMEWORK_SEARCH_PATHS = (
					"/usr/local/Trolltech/Qt-4.8.1-x86_64-no-dbus-dynamic/lib",
					"/usr/local/Trolltech/Qt-4.8.1-x86_64-no-dbus-dynamic/lib",
					"/usr/local/Trolltech/Qt-4.8.1-x86_64-no-dbus-dynamic/lib",
				);
				GCC_GENERATE_DEBUGGING_SYMBOLS = NO;
				HEADER_SEARCH_PATHS = (
					"/usr/local/Trolltech/Qt-4.8.1-x86_64-no-dbus-dynamic/lib/QtCore.framework/Versions/4/Headers",
					"/usr/local/Trolltech/Qt-4.8.1-x86_64-no-dbus-dynamic/include/QtCore",
					"/usr/local/Trolltech/Qt-4.8.1-x86_64-no-dbus-dynamic/lib/QtGui.framework/Versions/4/Headers",
					"/usr/local/Trolltech/Qt-4.8.1-x86_64-no-dbus-dynamic/include/QtGui",
					"/usr/local/Trolltech/Qt-4.8.1-x86_64-no-dbus-dynamic/include",
					../../libs/habutil,
					.,
					/usr/local/include,
					/System/Library/Frameworks/CarbonCore.framework/Headers,
					"/usr/local/Trolltech/Qt-4.8.1-x86_64-no-dbus-dynamic/mkspecs/macx-xcode",
				);
				INFOPLIST_FILE = Info.plist;
				LIBRARY_SEARCH_PATHS = (
					"/usr/local/Trolltech/Qt-4.8.1-x86_64-no-dbus-dynamic/lib",
					../../lib,
					"/usr/local/Trolltech/Qt-4.8.1-x86_64-no-dbus-dynamic/lib",
				);
				OTHER_CFLAGS = (
					"-pipe",
					"-O2",
					"-Wall",
					"-W",
					"-DQT_NO_DEBUG",
					"-DQT_GUI_LIB",
					"-DQT_CORE_LIB",
					"-DQT_SHARED",
				);
				OTHER_CPLUSPLUSFLAGS = (
					"-pipe",
					"-O2",
					"-Wall",
					"-W",
					"-DQT_NO_DEBUG",
					"-DQT_GUI_LIB",
					"-DQT_CORE_LIB",
					"-DQT_SHARED",
				);
				OTHER_LDFLAGS = (
					"-headerpad_max_install_names",
					"-L/usr/local/Trolltech/Qt-4.8.1-x86_64-no-dbus-dynamic/lib",
					"-F/usr/local/Trolltech/Qt-4.8.1-x86_64-no-dbus-dynamic/lib",
					"-L../../lib",
					"-lhabutil",
					"-L/usr/local/Trolltech/Qt-4.8.1-x86_64-no-dbus-dynamic/lib",
					"-F/usr/local/Trolltech/Qt-4.8.1-x86_64-no-dbus-dynamic/lib",
				);
				PRODUCT_NAME = testlook;
			};
			name = Release;
		};
/* End XCBuildConfiguration section */

/* Begin XCConfigurationList section */
		17B3380A4D6A7D415E7F2E1E /* Build configuration list for PBXNativeTarget "testlook" */ = {
			isa = XCConfigurationList;
			buildConfigurations = (
				BEC09A62E69C3553534FF35E /* Debug */,
				8C7174830A1E4DCBA0332EC1 /* Release */,
			);
			defaultConfigurationIsVisible = 0;
			defaultConfigurationName = Release;
		};
		CC82A9286117DFED018F418F /* Build configuration list for PBXProject "testlook" */ = {
			isa = XCConfigurationList;
			buildConfigurations = (
				4B72B24813252891014BCF61 /* Debug */,
				D70590BEB531B51029F711BB /* Release */,
			);
			defaultConfigurationIsVisible = 0;
			defaultConfigurationName = Release;
		};
/* End XCConfigurationList section */
	};
	rootObject = 91B15E841AA80083484172DE /* Project object */;
}
