// !$*UTF8*$!
{
	archiveVersion = 1;
	classes = {
	};
	objectVersion = 42;
	objects = {

/* Begin PBXContainerItemProxy section */
		1B17F4B215929622007EC2B8 /* PBXContainerItemProxy */ = {
			isa = PBXContainerItemProxy;
			containerPortal = DC6819CC6F40A5C6B93B4C0A /* habutil.xcodeproj */;
			proxyType = 2;
			remoteGlobalIDString = 1B17F3FB15926325007EC2B8;
			remoteInfo = habutil;
		};
		1B17F4B515929622007EC2B8 /* PBXContainerItemProxy */ = {
			isa = PBXContainerItemProxy;
			containerPortal = F4B44EF578135831171C0128 /* testlook.xcodeproj */;
			proxyType = 2;
			remoteGlobalIDString = 1B17F3EA15926304007EC2B8;
			remoteInfo = testlook;
		};
/* End PBXContainerItemProxy section */

/* Begin PBXFileReference section */
		DC6819CC6F40A5C6B93B4C0A /* habutil.xcodeproj */ = {isa = PBXFileReference; lastKnownFileType = "wrapper.pb-project"; name = habutil.xcodeproj; path = /Users/Oakeslab/work/habit2/libs/habutil/habutil.xcodeproj; sourceTree = "<absolute>"; };
		F4B44EF578135831171C0128 /* testlook.xcodeproj */ = {isa = PBXFileReference; lastKnownFileType = "wrapper.pb-project"; name = testlook.xcodeproj; path = /Users/Oakeslab/work/habit2/apps/testlook/testlook.xcodeproj; sourceTree = "<absolute>"; };
/* End PBXFileReference section */

/* Begin PBXGroup section */
		05DAE3C26AE9395D0519A02C /* testlook */ = {
			isa = PBXGroup;
			children = (
				F4B44EF578135831171C0128 /* testlook.xcodeproj */,
			);
			name = testlook;
			sourceTree = "<group>";
		};
		0E71022E8970293824BA089C = {
			isa = PBXGroup;
			children = (
				A81CD46AF12228C35E45D11F /* libs */,
				7A0E152D0B22174A6AB39556 /* apps */,
			);
			sourceTree = "<group>";
		};
		16F45AF65CA2C9161323AD90 /* Products */ = {
			isa = PBXGroup;
			children = (
				1B17F4B315929622007EC2B8 /* libhabutil.a */,
			);
			name = Products;
			sourceTree = "<group>";
		};
		7A0E152D0B22174A6AB39556 /* apps */ = {
			isa = PBXGroup;
			children = (
				05DAE3C26AE9395D0519A02C /* testlook */,
			);
			name = apps;
			sourceTree = "<group>";
		};
		A81CD46AF12228C35E45D11F /* libs */ = {
			isa = PBXGroup;
			children = (
				D9900E7523B54F106BE1A0E3 /* habutil */,
			);
			name = libs;
			sourceTree = "<group>";
		};
		D9900E7523B54F106BE1A0E3 /* habutil */ = {
			isa = PBXGroup;
			children = (
				DC6819CC6F40A5C6B93B4C0A /* habutil.xcodeproj */,
			);
			name = habutil;
			sourceTree = "<group>";
		};
		EC108A0C3DAF920E73BF7536 /* Products */ = {
			isa = PBXGroup;
			children = (
				1B17F4B615929622007EC2B8 /* testlook.app */,
			);
			name = Products;
			sourceTree = "<group>";
		};
/* End PBXGroup section */

/* Begin PBXProject section */
		83F5E4B52EF1918F746DF6D4 /* Project object */ = {
			isa = PBXProject;
			buildConfigurationList = 30E61B081CF688BCA30A6135 /* Build configuration list for PBXProject "habit2" */;
			compatibilityVersion = "Xcode 2.4";
			developmentRegion = English;
			hasScannedForEncodings = 0;
			knownRegions = (
				English,
				Japanese,
				French,
				German,
			);
			mainGroup = 0E71022E8970293824BA089C;
			projectDirPath = "";
			projectReferences = (
				{
					ProductGroup = 16F45AF65CA2C9161323AD90 /* Products */;
					ProjectRef = DC6819CC6F40A5C6B93B4C0A /* habutil.xcodeproj */;
				},
				{
					ProductGroup = EC108A0C3DAF920E73BF7536 /* Products */;
					ProjectRef = F4B44EF578135831171C0128 /* testlook.xcodeproj */;
				},
			);
			projectRoot = "";
			targets = (
			);
		};
/* End PBXProject section */

/* Begin PBXReferenceProxy section */
		1B17F4B315929622007EC2B8 /* libhabutil.a */ = {
			isa = PBXReferenceProxy;
			fileType = archive.ar;
			path = libhabutil.a;
			remoteRef = 1B17F4B215929622007EC2B8 /* PBXContainerItemProxy */;
			sourceTree = BUILT_PRODUCTS_DIR;
		};
		1B17F4B615929622007EC2B8 /* testlook.app */ = {
			isa = PBXReferenceProxy;
			fileType = wrapper.application;
			path = testlook.app;
			remoteRef = 1B17F4B515929622007EC2B8 /* PBXContainerItemProxy */;
			sourceTree = BUILT_PRODUCTS_DIR;
		};
/* End PBXReferenceProxy section */

/* Begin XCBuildConfiguration section */
		B2A2D94BC0E5A82DA3503E81 /* Debug */ = {
			isa = XCBuildConfiguration;
			buildSettings = {
				COPY_PHASE_STRIP = NO;
			};
			name = Debug;
		};
		C6EE5F4E4F422FDDBF285003 /* Release */ = {
			isa = XCBuildConfiguration;
			buildSettings = {
				COPY_PHASE_STRIP = YES;
				GCC_GENERATE_DEBUGGING_SYMBOLS = NO;
			};
			name = Release;
		};
/* End XCBuildConfiguration section */

/* Begin XCConfigurationList section */
		30E61B081CF688BCA30A6135 /* Build configuration list for PBXProject "habit2" */ = {
			isa = XCConfigurationList;
			buildConfigurations = (
				B2A2D94BC0E5A82DA3503E81 /* Debug */,
				C6EE5F4E4F422FDDBF285003 /* Release */,
			);
			defaultConfigurationIsVisible = 0;
			defaultConfigurationName = Release;
		};
/* End XCConfigurationList section */
	};
	rootObject = 83F5E4B52EF1918F746DF6D4 /* Project object */;
}
