// !$*UTF8*$!
{
	archiveVersion = 1;
	classes = {
	};
	objectVersion = 42;
	objects = {

/* Begin PBXBuildFile section */
		045743AAB27533ADB02899F7 /* HStimRequestState.cpp in Build Sources */ = {isa = PBXBuildFile; fileRef = 4BFC5DFF35CA984D295603F7 /* HStimRequestState.cpp */; settings = {ATTRIBUTES = (); }; };
		0BA173F30E7A409B5D4799F5 /* moc_HLooker.cpp in Build Sources */ = {isa = PBXBuildFile; fileRef = 362D0FFF9C9A9143408F1468 /* moc_HLooker.cpp */; settings = {ATTRIBUTES = (); }; };
		1B5A32BF7C704F131D59AB30 /* HStateMachine.cpp in Build Sources */ = {isa = PBXBuildFile; fileRef = F9358756C358EDFE927F3C17 /* HStateMachine.cpp */; settings = {ATTRIBUTES = (); }; };
		1DC85FBA4D68DDBF75881C53 /* HLooker.cpp in Build Sources */ = {isa = PBXBuildFile; fileRef = 142F69DE83C067908E46A931 /* HLooker.cpp */; settings = {ATTRIBUTES = (); }; };
		1FBADE39ED24F9BFD599091D /* HState.cpp in Build Sources */ = {isa = PBXBuildFile; fileRef = 15306E8F995B3EF622AAFFC0 /* HState.cpp */; settings = {ATTRIBUTES = (); }; };
		6243E59633E2708527E0B0DD /* moc_HStartTrialState.cpp in Build Sources */ = {isa = PBXBuildFile; fileRef = 56D476D8615B94E6C49ECC1A /* moc_HStartTrialState.cpp */; settings = {ATTRIBUTES = (); }; };
		6B4E749109E23E0094D8973F /* HLook.cpp in Build Sources */ = {isa = PBXBuildFile; fileRef = 6004E75CB4CADACB84004E6D /* HLook.cpp */; settings = {ATTRIBUTES = (); }; };
		7D6D5F63F416C01112ABD170 /* moc_HStimRequestState.cpp in Build Sources */ = {isa = PBXBuildFile; fileRef = ACE83841E963EABFF11A2A34 /* moc_HStimRequestState.cpp */; settings = {ATTRIBUTES = (); }; };
		82EF5D89401E13DBF0FE263E /* moc_HAGState.cpp in Build Sources */ = {isa = PBXBuildFile; fileRef = 6EDCE8573DBE9B90EB307F6B /* moc_HAGState.cpp */; settings = {ATTRIBUTES = (); }; };
		88205F195FA3F8571AD4DBA8 /* moc_HStateMachine.cpp in Build Sources */ = {isa = PBXBuildFile; fileRef = 0567C8164C0E59C1D7172532 /* moc_HStateMachine.cpp */; settings = {ATTRIBUTES = (); }; };
		97AF56F177A81BBD5577F51B /* moc_HLookTransition.cpp in Build Sources */ = {isa = PBXBuildFile; fileRef = CDAB8289D6673CD333CD8638 /* moc_HLookTransition.cpp */; settings = {ATTRIBUTES = (); }; };
		9A369C73F792E1CB8AA64392 /* HStartTrialState.cpp in Build Sources */ = {isa = PBXBuildFile; fileRef = 962103AE6A13B7A3CC4F2F76 /* HStartTrialState.cpp */; settings = {ATTRIBUTES = (); }; };
		9A6534B67D70398B4CF3D424 /* HLookTransition.cpp in Build Sources */ = {isa = PBXBuildFile; fileRef = F61DBF62AFD578FF21289D5A /* HLookTransition.cpp */; settings = {ATTRIBUTES = (); }; };
		A7428FA4978CA969696AC019 /* moc_HState.cpp in Build Sources */ = {isa = PBXBuildFile; fileRef = C576C1EBC3456CFA9767AE64 /* moc_HState.cpp */; settings = {ATTRIBUTES = (); }; };
		B20AE701CDA2FBD70EE7C906 /* moc_HReadyTransition.cpp in Build Sources */ = {isa = PBXBuildFile; fileRef = 3733B3827820907B60314BE0 /* moc_HReadyTransition.cpp */; settings = {ATTRIBUTES = (); }; };
		D4BB2D48CBE2DC888030E4FC /* HAGState.cpp in Build Sources */ = {isa = PBXBuildFile; fileRef = A7FB2F8167A417F646942344 /* HAGState.cpp */; settings = {ATTRIBUTES = (); }; };
		D875BBA654E61C2F095E41F7 /* HReadyTransition.cpp in Build Sources */ = {isa = PBXBuildFile; fileRef = 5AC101599B4FF0DB0EF17B43 /* HReadyTransition.cpp */; settings = {ATTRIBUTES = (); }; };
/* End PBXBuildFile section */

/* Begin PBXFileReference section */
		0567C8164C0E59C1D7172532 /* moc_HStateMachine.cpp */ = {isa = PBXFileReference; lastKnownFileType = sourcecode.cpp.cpp; path = moc_HStateMachine.cpp; sourceTree = "<group>"; };
		142F69DE83C067908E46A931 /* HLooker.cpp */ = {isa = PBXFileReference; lastKnownFileType = sourcecode.cpp.cpp; path = HLooker.cpp; sourceTree = "<group>"; };
		15306E8F995B3EF622AAFFC0 /* HState.cpp */ = {isa = PBXFileReference; lastKnownFileType = sourcecode.cpp.cpp; path = HState.cpp; sourceTree = "<group>"; };
		1B71FFBE1593F3B000620199 /* libhabutil.a */ = {isa = PBXFileReference; explicitFileType = archive.ar; includeInIndex = 0; path = libhabutil.a; sourceTree = BUILT_PRODUCTS_DIR; };
		22A5174EEE30616323959E01 /* HStimRequestState.h */ = {isa = PBXFileReference; lastKnownFileType = sourcecode.c.h; path = HStimRequestState.h; sourceTree = "<group>"; };
		362D0FFF9C9A9143408F1468 /* moc_HLooker.cpp */ = {isa = PBXFileReference; lastKnownFileType = sourcecode.cpp.cpp; path = moc_HLooker.cpp; sourceTree = "<group>"; };
		3733B3827820907B60314BE0 /* moc_HReadyTransition.cpp */ = {isa = PBXFileReference; lastKnownFileType = sourcecode.cpp.cpp; path = moc_HReadyTransition.cpp; sourceTree = "<group>"; };
		3F2C007BAD3FC743DD4D7F34 /* HLooker.h */ = {isa = PBXFileReference; lastKnownFileType = sourcecode.c.h; path = HLooker.h; sourceTree = "<group>"; };
		45012045CEE85EB3B095E19B /* habutil.pro */ = {isa = PBXFileReference; lastKnownFileType = text; path = habutil.pro; sourceTree = "<group>"; };
		4BFC5DFF35CA984D295603F7 /* HStimRequestState.cpp */ = {isa = PBXFileReference; lastKnownFileType = sourcecode.cpp.cpp; path = HStimRequestState.cpp; sourceTree = "<group>"; };
		56D476D8615B94E6C49ECC1A /* moc_HStartTrialState.cpp */ = {isa = PBXFileReference; lastKnownFileType = sourcecode.cpp.cpp; path = moc_HStartTrialState.cpp; sourceTree = "<group>"; };
		5AC101599B4FF0DB0EF17B43 /* HReadyTransition.cpp */ = {isa = PBXFileReference; lastKnownFileType = sourcecode.cpp.cpp; path = HReadyTransition.cpp; sourceTree = "<group>"; };
		6004E75CB4CADACB84004E6D /* HLook.cpp */ = {isa = PBXFileReference; lastKnownFileType = sourcecode.cpp.cpp; path = HLook.cpp; sourceTree = "<group>"; };
		623317C57559513C1448B5B1 /* HLookTransition.h */ = {isa = PBXFileReference; lastKnownFileType = sourcecode.c.h; path = HLookTransition.h; sourceTree = "<group>"; };
		6EDCE8573DBE9B90EB307F6B /* moc_HAGState.cpp */ = {isa = PBXFileReference; lastKnownFileType = sourcecode.cpp.cpp; path = moc_HAGState.cpp; sourceTree = "<group>"; };
		962103AE6A13B7A3CC4F2F76 /* HStartTrialState.cpp */ = {isa = PBXFileReference; lastKnownFileType = sourcecode.cpp.cpp; path = HStartTrialState.cpp; sourceTree = "<group>"; };
		A7FB2F8167A417F646942344 /* HAGState.cpp */ = {isa = PBXFileReference; lastKnownFileType = sourcecode.cpp.cpp; path = HAGState.cpp; sourceTree = "<group>"; };
		ACE83841E963EABFF11A2A34 /* moc_HStimRequestState.cpp */ = {isa = PBXFileReference; lastKnownFileType = sourcecode.cpp.cpp; path = moc_HStimRequestState.cpp; sourceTree = "<group>"; };
		C075B8ADE546BCA1E9EB52B3 /* HEvents.h */ = {isa = PBXFileReference; lastKnownFileType = sourcecode.c.h; path = HEvents.h; sourceTree = "<group>"; };
		C576C1EBC3456CFA9767AE64 /* moc_HState.cpp */ = {isa = PBXFileReference; lastKnownFileType = sourcecode.cpp.cpp; path = moc_HState.cpp; sourceTree = "<group>"; };
		CDAB8289D6673CD333CD8638 /* moc_HLookTransition.cpp */ = {isa = PBXFileReference; lastKnownFileType = sourcecode.cpp.cpp; path = moc_HLookTransition.cpp; sourceTree = "<group>"; };
		DF5D55B3A28CA9127765D552 /* HLook.h */ = {isa = PBXFileReference; lastKnownFileType = sourcecode.c.h; path = HLook.h; sourceTree = "<group>"; };
		EF91FED4F1045B0360536C92 /* HStateMachine.h */ = {isa = PBXFileReference; lastKnownFileType = sourcecode.c.h; path = HStateMachine.h; sourceTree = "<group>"; };
		F61DBF62AFD578FF21289D5A /* HLookTransition.cpp */ = {isa = PBXFileReference; lastKnownFileType = sourcecode.cpp.cpp; path = HLookTransition.cpp; sourceTree = "<group>"; };
		F9358756C358EDFE927F3C17 /* HStateMachine.cpp */ = {isa = PBXFileReference; lastKnownFileType = sourcecode.cpp.cpp; path = HStateMachine.cpp; sourceTree = "<group>"; };
		FA80BDC8D956FB02D62AC917 /* HStartTrialState.h */ = {isa = PBXFileReference; lastKnownFileType = sourcecode.c.h; path = HStartTrialState.h; sourceTree = "<group>"; };
		FB9D2D85D9E54EE33BEAF8C2 /* HReadyTransition.h */ = {isa = PBXFileReference; lastKnownFileType = sourcecode.c.h; path = HReadyTransition.h; sourceTree = "<group>"; };
		FBE21B797A1D84EF148ED91E /* HAGState.h */ = {isa = PBXFileReference; lastKnownFileType = sourcecode.c.h; path = HAGState.h; sourceTree = "<group>"; };
		FE4FD8121AD58EB024DD95C9 /* HState.h */ = {isa = PBXFileReference; lastKnownFileType = sourcecode.c.h; path = HState.h; sourceTree = "<group>"; };
/* End PBXFileReference section */

/* Begin PBXFrameworksBuildPhase section */
		2A1043669E6E5A7426EA502A /* Frameworks & Libraries */ = {
			isa = PBXFrameworksBuildPhase;
			buildActionMask = 2147483647;
			files = (
			);
			name = "Frameworks & Libraries";
			runOnlyForDeploymentPostprocessing = 0;
		};
/* End PBXFrameworksBuildPhase section */

/* Begin PBXGroup section */
		05596AB53D8D521C69802C27 /* habutil */ = {
			isa = PBXGroup;
			children = (
				FB61758D0F0FDA4BA867C3D5 /* Sources */,
				46E892BBB6BB6952967E0561 /* Temporary Sources */,
				883D7615C4D2DE3FA1218F12 /* Headers */,
				7CABE3C80E79AD2B307756D2 /* Sources [qmake] */,
				1B71FFBF1593F3B000620199 /* Products */,
			);
			name = habutil;
			sourceTree = "<group>";
		};
		1B71FFBF1593F3B000620199 /* Products */ = {
			isa = PBXGroup;
			children = (
				1B71FFBE1593F3B000620199 /* libhabutil.a */,
			);
			name = Products;
			sourceTree = "<group>";
		};
		46E892BBB6BB6952967E0561 /* Temporary Sources */ = {
			isa = PBXGroup;
			children = (
				362D0FFF9C9A9143408F1468 /* moc_HLooker.cpp */,
				6EDCE8573DBE9B90EB307F6B /* moc_HAGState.cpp */,
				CDAB8289D6673CD333CD8638 /* moc_HLookTransition.cpp */,
				3733B3827820907B60314BE0 /* moc_HReadyTransition.cpp */,
				56D476D8615B94E6C49ECC1A /* moc_HStartTrialState.cpp */,
				C576C1EBC3456CFA9767AE64 /* moc_HState.cpp */,
				0567C8164C0E59C1D7172532 /* moc_HStateMachine.cpp */,
				ACE83841E963EABFF11A2A34 /* moc_HStimRequestState.cpp */,
			);
			name = "Temporary Sources";
			sourceTree = "<group>";
		};
		7CABE3C80E79AD2B307756D2 /* Sources [qmake] */ = {
			isa = PBXGroup;
			children = (
				45012045CEE85EB3B095E19B /* habutil.pro */,
			);
			name = "Sources [qmake]";
			sourceTree = "<group>";
		};
		883D7615C4D2DE3FA1218F12 /* Headers */ = {
			isa = PBXGroup;
			children = (
				DF5D55B3A28CA9127765D552 /* HLook.h */,
				3F2C007BAD3FC743DD4D7F34 /* HLooker.h */,
				C075B8ADE546BCA1E9EB52B3 /* HEvents.h */,
				FBE21B797A1D84EF148ED91E /* HAGState.h */,
				623317C57559513C1448B5B1 /* HLookTransition.h */,
				FB9D2D85D9E54EE33BEAF8C2 /* HReadyTransition.h */,
				FA80BDC8D956FB02D62AC917 /* HStartTrialState.h */,
				FE4FD8121AD58EB024DD95C9 /* HState.h */,
				EF91FED4F1045B0360536C92 /* HStateMachine.h */,
				22A5174EEE30616323959E01 /* HStimRequestState.h */,
			);
			name = Headers;
			sourceTree = "<group>";
		};
		FB61758D0F0FDA4BA867C3D5 /* Sources */ = {
			isa = PBXGroup;
			children = (
				6004E75CB4CADACB84004E6D /* HLook.cpp */,
				142F69DE83C067908E46A931 /* HLooker.cpp */,
				A7FB2F8167A417F646942344 /* HAGState.cpp */,
				F61DBF62AFD578FF21289D5A /* HLookTransition.cpp */,
				5AC101599B4FF0DB0EF17B43 /* HReadyTransition.cpp */,
				962103AE6A13B7A3CC4F2F76 /* HStartTrialState.cpp */,
				15306E8F995B3EF622AAFFC0 /* HState.cpp */,
				F9358756C358EDFE927F3C17 /* HStateMachine.cpp */,
				4BFC5DFF35CA984D295603F7 /* HStimRequestState.cpp */,
			);
			name = Sources;
			sourceTree = "<group>";
		};
/* End PBXGroup section */

/* Begin PBXNativeTarget section */
		C4E35D2AC0938A01F9035413 /* habutil */ = {
			isa = PBXNativeTarget;
			buildConfigurationList = 17B3380A4D6A7D415E7F2E1E /* Build configuration list for PBXNativeTarget "habutil" */;
			buildPhases = (
				D7BA7D76DAB5DD13389D6332 /* Qt Qmake */,
				A0A52A2ADF7A1E2A99738674 /* Qt Preprocessors */,
				C29B8785722055ED95EF7B57 /* Build Sources */,
				2A1043669E6E5A7426EA502A /* Frameworks & Libraries */,
				F6069D5A5DA8AA28EDB8B3C6 /* Project Copy */,
			);
			buildRules = (
			);
			dependencies = (
			);
			name = habutil;
			productInstallPath = ../../lib/;
			productName = habutil;
			productReference = 1B71FFBE1593F3B000620199 /* libhabutil.a */;
			productType = "com.apple.product-type.library.static";
		};
/* End PBXNativeTarget section */

/* Begin PBXProject section */
		91B15E841AA80083484172DE /* Project object */ = {
			isa = PBXProject;
			buildConfigurationList = CC82A9286117DFED018F418F /* Build configuration list for PBXProject "habutil" */;
			compatibilityVersion = "Xcode 2.4";
			developmentRegion = English;
			hasScannedForEncodings = 1;
			knownRegions = (
				English,
				Japanese,
				French,
				German,
			);
			mainGroup = 05596AB53D8D521C69802C27 /* habutil */;
			productRefGroup = 1B71FFBF1593F3B000620199 /* Products */;
			projectDirPath = "";
			projectRoot = "";
			targets = (
				C4E35D2AC0938A01F9035413 /* habutil */,
			);
		};
/* End PBXProject section */

/* Begin PBXShellScriptBuildPhase section */
		A0A52A2ADF7A1E2A99738674 /* Qt Preprocessors */ = {
			isa = PBXShellScriptBuildPhase;
			buildActionMask = 2147483647;
			files = (
			);
			name = "Qt Preprocessors";
			runOnlyForDeploymentPostprocessing = 0;
			shellPath = /bin/sh;
			shellScript = "make -C /Users/Oakeslab/work/habit2/libs/habutil -f 'habutil.xcodeproj/qt_preprocess.mak'";
		};
		D7BA7D76DAB5DD13389D6332 /* Qt Qmake */ = {
			isa = PBXShellScriptBuildPhase;
			buildActionMask = 2147483647;
			files = (
			);
			name = "Qt Qmake";
			runOnlyForDeploymentPostprocessing = 0;
			shellPath = /bin/sh;
			shellScript = "make -C /Users/Oakeslab/work/habit2/libs/habutil -f 'habutil.xcodeproj/qt_makeqmake.mak'";
		};
		F6069D5A5DA8AA28EDB8B3C6 /* Project Copy */ = {
			isa = PBXShellScriptBuildPhase;
			buildActionMask = 2147483647;
			files = (
			);
			inputPaths = (
			);
			name = "Project Copy";
			outputPaths = (
			);
			runOnlyForDeploymentPostprocessing = 0;
			shellPath = /bin/sh;
			shellScript = "cp -r $BUILT_PRODUCTS_DIR/$FULL_PRODUCT_NAME /Users/Oakeslab/work/habit2/lib";
		};
/* End PBXShellScriptBuildPhase section */

/* Begin PBXSourcesBuildPhase section */
		C29B8785722055ED95EF7B57 /* Build Sources */ = {
			isa = PBXSourcesBuildPhase;
			buildActionMask = 2147483647;
			files = (
				6B4E749109E23E0094D8973F /* HLook.cpp in Build Sources */,
				1DC85FBA4D68DDBF75881C53 /* HLooker.cpp in Build Sources */,
				D4BB2D48CBE2DC888030E4FC /* HAGState.cpp in Build Sources */,
				9A6534B67D70398B4CF3D424 /* HLookTransition.cpp in Build Sources */,
				D875BBA654E61C2F095E41F7 /* HReadyTransition.cpp in Build Sources */,
				9A369C73F792E1CB8AA64392 /* HStartTrialState.cpp in Build Sources */,
				1FBADE39ED24F9BFD599091D /* HState.cpp in Build Sources */,
				1B5A32BF7C704F131D59AB30 /* HStateMachine.cpp in Build Sources */,
				045743AAB27533ADB02899F7 /* HStimRequestState.cpp in Build Sources */,
				0BA173F30E7A409B5D4799F5 /* moc_HLooker.cpp in Build Sources */,
				82EF5D89401E13DBF0FE263E /* moc_HAGState.cpp in Build Sources */,
				97AF56F177A81BBD5577F51B /* moc_HLookTransition.cpp in Build Sources */,
				B20AE701CDA2FBD70EE7C906 /* moc_HReadyTransition.cpp in Build Sources */,
				6243E59633E2708527E0B0DD /* moc_HStartTrialState.cpp in Build Sources */,
				A7428FA4978CA969696AC019 /* moc_HState.cpp in Build Sources */,
				88205F195FA3F8571AD4DBA8 /* moc_HStateMachine.cpp in Build Sources */,
				7D6D5F63F416C01112ABD170 /* moc_HStimRequestState.cpp in Build Sources */,
			);
			name = "Build Sources";
			runOnlyForDeploymentPostprocessing = 0;
		};
/* End PBXSourcesBuildPhase section */

/* Begin XCBuildConfiguration section */
		4B72B24813252891014BCF61 /* Debug */ = {
			isa = XCBuildConfiguration;
			buildSettings = {
				ARCHS = x86_64;
				COPY_PHASE_STRIP = NO;
				FRAMEWORK_SEARCH_PATHS = "/usr/local/Trolltech/Qt-4.8.1-x86_64-no-dbus-dynamic/lib";
				GCC_GENERATE_DEBUGGING_SYMBOLS = YES;
				GCC_OPTIMIZATION_LEVEL = 0;
				HEADER_SEARCH_PATHS = (
					"/usr/local/Trolltech/Qt-4.8.1-x86_64-no-dbus-dynamic/lib/QtCore.framework/Versions/4/Headers",
					"/usr/local/Trolltech/Qt-4.8.1-x86_64-no-dbus-dynamic/include/QtCore",
					"/usr/local/Trolltech/Qt-4.8.1-x86_64-no-dbus-dynamic/lib/QtGui.framework/Versions/4/Headers",
					"/usr/local/Trolltech/Qt-4.8.1-x86_64-no-dbus-dynamic/include/QtGui",
					"/usr/local/Trolltech/Qt-4.8.1-x86_64-no-dbus-dynamic/include",
					.,
					/usr/local/include,
					/System/Library/Frameworks/CarbonCore.framework/Headers,
					"/usr/local/Trolltech/Qt-4.8.1-x86_64-no-dbus-dynamic/mkspecs/macx-xcode",
				);
				INFOPLIST_FILE = Info.plist;
				LIBRARY_SEARCH_PATHS = "";
				OTHER_CFLAGS = (
					"-pipe",
					"-O2",
					"-fPIC",
					"-Wall",
					"-W",
					"-DQT_NO_DEBUG",
					"-DQT_GUI_LIB",
					"-DQT_CORE_LIB",
					"-DQT_SHARED",
				);
				OTHER_CPLUSPLUSFLAGS = (
					"-pipe",
					"-fvisibility=hidden",
					"-O2",
					"-fPIC",
					"-Wall",
					"-W",
					"-DQT_NO_DEBUG",
					"-DQT_GUI_LIB",
					"-DQT_CORE_LIB",
					"-DQT_SHARED",
				);
				PRODUCT_NAME = habutil;
			};
			name = Debug;
		};
		8C7174830A1E4DCBA0332EC1 /* Release */ = {
			isa = XCBuildConfiguration;
			buildSettings = {
				COPY_PHASE_STRIP = YES;
				GCC_GENERATE_DEBUGGING_SYMBOLS = NO;
				LIBRARY_STYLE = STATIC;
				PRODUCT_NAME = habutil;
			};
			name = Release;
		};
		BEC09A62E69C3553534FF35E /* Debug */ = {
			isa = XCBuildConfiguration;
			buildSettings = {
				COPY_PHASE_STRIP = NO;
				GCC_GENERATE_DEBUGGING_SYMBOLS = YES;
				GCC_OPTIMIZATION_LEVEL = 0;
				LIBRARY_STYLE = STATIC;
				PRODUCT_NAME = habutil;
			};
			name = Debug;
		};
		D70590BEB531B51029F711BB /* Release */ = {
			isa = XCBuildConfiguration;
			buildSettings = {
				ARCHS = x86_64;
				COPY_PHASE_STRIP = YES;
				FRAMEWORK_SEARCH_PATHS = "/usr/local/Trolltech/Qt-4.8.1-x86_64-no-dbus-dynamic/lib";
				GCC_GENERATE_DEBUGGING_SYMBOLS = NO;
				HEADER_SEARCH_PATHS = (
					"/usr/local/Trolltech/Qt-4.8.1-x86_64-no-dbus-dynamic/lib/QtCore.framework/Versions/4/Headers",
					"/usr/local/Trolltech/Qt-4.8.1-x86_64-no-dbus-dynamic/include/QtCore",
					"/usr/local/Trolltech/Qt-4.8.1-x86_64-no-dbus-dynamic/lib/QtGui.framework/Versions/4/Headers",
					"/usr/local/Trolltech/Qt-4.8.1-x86_64-no-dbus-dynamic/include/QtGui",
					"/usr/local/Trolltech/Qt-4.8.1-x86_64-no-dbus-dynamic/include",
					.,
					/usr/local/include,
					/System/Library/Frameworks/CarbonCore.framework/Headers,
					"/usr/local/Trolltech/Qt-4.8.1-x86_64-no-dbus-dynamic/mkspecs/macx-xcode",
				);
				INFOPLIST_FILE = Info.plist;
				LIBRARY_SEARCH_PATHS = "";
				OTHER_CFLAGS = (
					"-pipe",
					"-O2",
					"-fPIC",
					"-Wall",
					"-W",
					"-DQT_NO_DEBUG",
					"-DQT_GUI_LIB",
					"-DQT_CORE_LIB",
					"-DQT_SHARED",
				);
				OTHER_CPLUSPLUSFLAGS = (
					"-pipe",
					"-fvisibility=hidden",
					"-O2",
					"-fPIC",
					"-Wall",
					"-W",
					"-DQT_NO_DEBUG",
					"-DQT_GUI_LIB",
					"-DQT_CORE_LIB",
					"-DQT_SHARED",
				);
				PRODUCT_NAME = habutil;
			};
			name = Release;
		};
/* End XCBuildConfiguration section */

/* Begin XCConfigurationList section */
		17B3380A4D6A7D415E7F2E1E /* Build configuration list for PBXNativeTarget "habutil" */ = {
			isa = XCConfigurationList;
			buildConfigurations = (
				BEC09A62E69C3553534FF35E /* Debug */,
				8C7174830A1E4DCBA0332EC1 /* Release */,
			);
			defaultConfigurationIsVisible = 0;
			defaultConfigurationName = Release;
		};
		CC82A9286117DFED018F418F /* Build configuration list for PBXProject "habutil" */ = {
			isa = XCConfigurationList;
			buildConfigurations = (
				4B72B24813252891014BCF61 /* Debug */,
				D70590BEB531B51029F711BB /* Release */,
			);
			defaultConfigurationIsVisible = 0;
			defaultConfigurationName = Release;
		};
/* End XCConfigurationList section */
	};
	rootObject = 91B15E841AA80083484172DE /* Project object */;
}
