// !$*UTF8*$!
{
	archiveVersion = 1;
	classes = {
	};
	objectVersion = 42;
	objects = {

/* Begin PBXBuildFile section */
		0BA173F30E7A409B5D4799F5 /* moc_HLooker.cpp in Build Sources */ = {isa = PBXBuildFile; fileRef = 362D0FFF9C9A9143408F1468 /* moc_HLooker.cpp */; settings = {ATTRIBUTES = (); }; };
		1B5A32BF7C704F131D59AB30 /* HStateMachine.cpp in Build Sources */ = {isa = PBXBuildFile; fileRef = F9358756C358EDFE927F3C17 /* HStateMachine.cpp */; settings = {ATTRIBUTES = (); }; };
		1DC85FBA4D68DDBF75881C53 /* HLooker.cpp in Build Sources */ = {isa = PBXBuildFile; fileRef = 142F69DE83C067908E46A931 /* HLooker.cpp */; settings = {ATTRIBUTES = (); }; };
		1FBADE39ED24F9BFD599091D /* HState.cpp in Build Sources */ = {isa = PBXBuildFile; fileRef = 15306E8F995B3EF622AAFFC0 /* HState.cpp */; settings = {ATTRIBUTES = (); }; };
		2F63E873547D2761BE50D998 /* moc_HabitVideoImagePlayer.cpp in Build Sources */ = {isa = PBXBuildFile; fileRef = F2B2268AB851147377F7321F /* moc_HabitVideoImagePlayer.cpp */; settings = {ATTRIBUTES = (); }; };
		33909D57F609061913680CA7 /* StimulusSource.cpp in Build Sources */ = {isa = PBXBuildFile; fileRef = FBC556DFACA9034540033131 /* StimulusSource.cpp */; settings = {ATTRIBUTES = (); }; };
		451E270C83CE926E784BED78 /* HabitPlayer.cpp in Build Sources */ = {isa = PBXBuildFile; fileRef = FC89132AD2DD7CC4FE7DEAAD /* HabitPlayer.cpp */; settings = {ATTRIBUTES = (); }; };
		4E882245B7EF51BF53921914 /* HabitVideoImagePlayer.cpp in Build Sources */ = {isa = PBXBuildFile; fileRef = E404D04D212877E5E7A169FA /* HabitVideoImagePlayer.cpp */; settings = {ATTRIBUTES = (); }; };
		4EBE691E01A77F6A9B19B6B4 /* moc_HLookDetector.cpp in Build Sources */ = {isa = PBXBuildFile; fileRef = 43E49AB6EAC748CF46FEBA06 /* moc_HLookDetector.cpp */; settings = {ATTRIBUTES = (); }; };
		5FAC55CF3A0A3D1EEDC63458 /* HElapsedTimer.cpp in Build Sources */ = {isa = PBXBuildFile; fileRef = 6022B4CCDDC6B6CF4DCA24E7 /* HElapsedTimer.cpp */; settings = {ATTRIBUTES = (); }; };
		6B4E749109E23E0094D8973F /* HLook.cpp in Build Sources */ = {isa = PBXBuildFile; fileRef = 6004E75CB4CADACB84004E6D /* HLook.cpp */; settings = {ATTRIBUTES = (); }; };
		7736118F7CFFF5B4E4F7132B /* HabitMediaManager.cpp in Build Sources */ = {isa = PBXBuildFile; fileRef = B63327AF9EA176A541EFE53A /* HabitMediaManager.cpp */; settings = {ATTRIBUTES = (); }; };
		7CE7DE26217C97EE294489EF /* moc_HKeypadLookDetector.cpp in Build Sources */ = {isa = PBXBuildFile; fileRef = BEE6FC9475CBCB99D8858A95 /* moc_HKeypadLookDetector.cpp */; settings = {ATTRIBUTES = (); }; };
		88205F195FA3F8571AD4DBA8 /* moc_HStateMachine.cpp in Build Sources */ = {isa = PBXBuildFile; fileRef = 0567C8164C0E59C1D7172532 /* moc_HStateMachine.cpp */; settings = {ATTRIBUTES = (); }; };
		9EE4A18157650B2615B2D742 /* moc_HabitPlayer.cpp in Build Sources */ = {isa = PBXBuildFile; fileRef = A9D2251E9A5102CCB7F753A8 /* moc_HabitPlayer.cpp */; settings = {ATTRIBUTES = (); }; };
		A5F03563E8E07311626C552B /* HLookDetector.cpp in Build Sources */ = {isa = PBXBuildFile; fileRef = 73D171D543D54BE77547F95F /* HLookDetector.cpp */; settings = {ATTRIBUTES = (); }; };
		A7428FA4978CA969696AC019 /* moc_HState.cpp in Build Sources */ = {isa = PBXBuildFile; fileRef = C576C1EBC3456CFA9767AE64 /* moc_HState.cpp */; settings = {ATTRIBUTES = (); }; };
		AA578F1409803858893FF650 /* HabitAudioPlayer.cpp in Build Sources */ = {isa = PBXBuildFile; fileRef = BF0927CC4ADE57607B0F5EBA /* HabitAudioPlayer.cpp */; settings = {ATTRIBUTES = (); }; };
		AB713D684BD93913B94F65C9 /* moc_HTrial.cpp in Build Sources */ = {isa = PBXBuildFile; fileRef = 03EDE1212DF51C15A1B5ACB7 /* moc_HTrial.cpp */; settings = {ATTRIBUTES = (); }; };
		B67B12B81738805255634E0C /* moc_HabitAudioPlayer.cpp in Build Sources */ = {isa = PBXBuildFile; fileRef = D4C0DE8B58B228CA5909E227 /* moc_HabitAudioPlayer.cpp */; settings = {ATTRIBUTES = (); }; };
		B969017E2483740F9122FB6F /* HKeypadLookDetector.cpp in Build Sources */ = {isa = PBXBuildFile; fileRef = 56129180C95B205F3060F3CE /* HKeypadLookDetector.cpp */; settings = {ATTRIBUTES = (); }; };
		C6011A5EA6AA7EEAB6FACC83 /* moc_ImageWidget.cpp in Build Sources */ = {isa = PBXBuildFile; fileRef = EFAFBF57D2D6F816AB7FF25D /* moc_ImageWidget.cpp */; settings = {ATTRIBUTES = (); }; };
		E5E705743E1836088DB4AD71 /* ImageWidget.cpp in Build Sources */ = {isa = PBXBuildFile; fileRef = 5D04CC3124CBA11804EF5B16 /* ImageWidget.cpp */; settings = {ATTRIBUTES = (); }; };
		E7D3109A32CD17C1BFC1EB39 /* HTrial.cpp in Build Sources */ = {isa = PBXBuildFile; fileRef = 514969C810A84F3308623DA2 /* HTrial.cpp */; settings = {ATTRIBUTES = (); }; };
		F045DB7498CC76E48E25A38D /* moc_HabitMediaManager.cpp in Build Sources */ = {isa = PBXBuildFile; fileRef = C47BC74E03FC84195662F4A6 /* moc_HabitMediaManager.cpp */; settings = {ATTRIBUTES = (); }; };
/* End PBXBuildFile section */

/* Begin PBXFileReference section */
		03EDE1212DF51C15A1B5ACB7 /* moc_HTrial.cpp */ = {isa = PBXFileReference; lastKnownFileType = sourcecode.cpp.cpp; path = moc_HTrial.cpp; sourceTree = "<group>"; };
		0567C8164C0E59C1D7172532 /* moc_HStateMachine.cpp */ = {isa = PBXFileReference; lastKnownFileType = sourcecode.cpp.cpp; path = moc_HStateMachine.cpp; sourceTree = "<group>"; };
		142F69DE83C067908E46A931 /* HLooker.cpp */ = {isa = PBXFileReference; lastKnownFileType = sourcecode.cpp.cpp; path = HLooker.cpp; sourceTree = "<group>"; };
		15306E8F995B3EF622AAFFC0 /* HState.cpp */ = {isa = PBXFileReference; lastKnownFileType = sourcecode.cpp.cpp; path = HState.cpp; sourceTree = "<group>"; };
		1B5BE14D54FB69074BF4ABF8 /* HabitMediaManager.h */ = {isa = PBXFileReference; lastKnownFileType = sourcecode.c.h; path = HabitMediaManager.h; sourceTree = "<group>"; };
		1BD3D4DD15E46540005F32F8 /* libhabutil.a */ = {isa = PBXFileReference; explicitFileType = archive.ar; includeInIndex = 0; path = libhabutil.a; sourceTree = BUILT_PRODUCTS_DIR; };
		1F6C63FC63E8339F9228EC04 /* HabitAudioPlayer.h */ = {isa = PBXFileReference; lastKnownFileType = sourcecode.c.h; path = HabitAudioPlayer.h; sourceTree = "<group>"; };
		362D0FFF9C9A9143408F1468 /* moc_HLooker.cpp */ = {isa = PBXFileReference; lastKnownFileType = sourcecode.cpp.cpp; path = moc_HLooker.cpp; sourceTree = "<group>"; };
		3A910979D974A019934567BC /* HTrial.h */ = {isa = PBXFileReference; lastKnownFileType = sourcecode.c.h; path = HTrial.h; sourceTree = "<group>"; };
		3F2C007BAD3FC743DD4D7F34 /* HLooker.h */ = {isa = PBXFileReference; lastKnownFileType = sourcecode.c.h; path = HLooker.h; sourceTree = "<group>"; };
		429B2112CA691886D3E5D3C9 /* StimulusSource.h */ = {isa = PBXFileReference; lastKnownFileType = sourcecode.c.h; path = StimulusSource.h; sourceTree = "<group>"; };
		43E49AB6EAC748CF46FEBA06 /* moc_HLookDetector.cpp */ = {isa = PBXFileReference; lastKnownFileType = sourcecode.cpp.cpp; path = moc_HLookDetector.cpp; sourceTree = "<group>"; };
		45012045CEE85EB3B095E19B /* habutil.pro */ = {isa = PBXFileReference; lastKnownFileType = text; path = habutil.pro; sourceTree = "<group>"; };
		514969C810A84F3308623DA2 /* HTrial.cpp */ = {isa = PBXFileReference; lastKnownFileType = sourcecode.cpp.cpp; path = HTrial.cpp; sourceTree = "<group>"; };
		56129180C95B205F3060F3CE /* HKeypadLookDetector.cpp */ = {isa = PBXFileReference; lastKnownFileType = sourcecode.cpp.cpp; path = HKeypadLookDetector.cpp; sourceTree = "<group>"; };
		5D04CC3124CBA11804EF5B16 /* ImageWidget.cpp */ = {isa = PBXFileReference; lastKnownFileType = sourcecode.cpp.cpp; path = ImageWidget.cpp; sourceTree = "<group>"; };
		6004E75CB4CADACB84004E6D /* HLook.cpp */ = {isa = PBXFileReference; lastKnownFileType = sourcecode.cpp.cpp; path = HLook.cpp; sourceTree = "<group>"; };
		6022B4CCDDC6B6CF4DCA24E7 /* HElapsedTimer.cpp */ = {isa = PBXFileReference; lastKnownFileType = sourcecode.cpp.cpp; path = HElapsedTimer.cpp; sourceTree = "<group>"; };
		73B9844B0A0C18D019971435 /* HabitVideoImagePlayer.h */ = {isa = PBXFileReference; lastKnownFileType = sourcecode.c.h; path = HabitVideoImagePlayer.h; sourceTree = "<group>"; };
		73D171D543D54BE77547F95F /* HLookDetector.cpp */ = {isa = PBXFileReference; lastKnownFileType = sourcecode.cpp.cpp; path = HLookDetector.cpp; sourceTree = "<group>"; };
		79BD9240B44F312F275A0C5C /* HLookDetector.h */ = {isa = PBXFileReference; lastKnownFileType = sourcecode.c.h; path = HLookDetector.h; sourceTree = "<group>"; };
		83CD3BC3E96131CFDA140BE1 /* ImageWidget.h */ = {isa = PBXFileReference; lastKnownFileType = sourcecode.c.h; path = ImageWidget.h; sourceTree = "<group>"; };
		8ACCE524C50B8CC37FE577BC /* HKeypadLookDetector.h */ = {isa = PBXFileReference; lastKnownFileType = sourcecode.c.h; path = HKeypadLookDetector.h; sourceTree = "<group>"; };
		9A5D38C8A04E33EBFC2A6392 /* HabitPlayer.h */ = {isa = PBXFileReference; lastKnownFileType = sourcecode.c.h; path = HabitPlayer.h; sourceTree = "<group>"; };
		A9D2251E9A5102CCB7F753A8 /* moc_HabitPlayer.cpp */ = {isa = PBXFileReference; lastKnownFileType = sourcecode.cpp.cpp; path = moc_HabitPlayer.cpp; sourceTree = "<group>"; };
		B63327AF9EA176A541EFE53A /* HabitMediaManager.cpp */ = {isa = PBXFileReference; lastKnownFileType = sourcecode.cpp.cpp; path = HabitMediaManager.cpp; sourceTree = "<group>"; };
		BEE6FC9475CBCB99D8858A95 /* moc_HKeypadLookDetector.cpp */ = {isa = PBXFileReference; lastKnownFileType = sourcecode.cpp.cpp; path = moc_HKeypadLookDetector.cpp; sourceTree = "<group>"; };
		BF0927CC4ADE57607B0F5EBA /* HabitAudioPlayer.cpp */ = {isa = PBXFileReference; lastKnownFileType = sourcecode.cpp.cpp; path = HabitAudioPlayer.cpp; sourceTree = "<group>"; };
		C075B8ADE546BCA1E9EB52B3 /* HEvents.h */ = {isa = PBXFileReference; lastKnownFileType = sourcecode.c.h; path = HEvents.h; sourceTree = "<group>"; };
		C47BC74E03FC84195662F4A6 /* moc_HabitMediaManager.cpp */ = {isa = PBXFileReference; lastKnownFileType = sourcecode.cpp.cpp; path = moc_HabitMediaManager.cpp; sourceTree = "<group>"; };
		C576C1EBC3456CFA9767AE64 /* moc_HState.cpp */ = {isa = PBXFileReference; lastKnownFileType = sourcecode.cpp.cpp; path = moc_HState.cpp; sourceTree = "<group>"; };
		C7F6AE7CE95F74DAB9E2A136 /* HElapsedTimer.h */ = {isa = PBXFileReference; lastKnownFileType = sourcecode.c.h; path = HElapsedTimer.h; sourceTree = "<group>"; };
		D4C0DE8B58B228CA5909E227 /* moc_HabitAudioPlayer.cpp */ = {isa = PBXFileReference; lastKnownFileType = sourcecode.cpp.cpp; path = moc_HabitAudioPlayer.cpp; sourceTree = "<group>"; };
		DF5D55B3A28CA9127765D552 /* HLook.h */ = {isa = PBXFileReference; lastKnownFileType = sourcecode.c.h; path = HLook.h; sourceTree = "<group>"; };
		E404D04D212877E5E7A169FA /* HabitVideoImagePlayer.cpp */ = {isa = PBXFileReference; lastKnownFileType = sourcecode.cpp.cpp; path = HabitVideoImagePlayer.cpp; sourceTree = "<group>"; };
		EF91FED4F1045B0360536C92 /* HStateMachine.h */ = {isa = PBXFileReference; lastKnownFileType = sourcecode.c.h; path = HStateMachine.h; sourceTree = "<group>"; };
		EFAFBF57D2D6F816AB7FF25D /* moc_ImageWidget.cpp */ = {isa = PBXFileReference; lastKnownFileType = sourcecode.cpp.cpp; path = moc_ImageWidget.cpp; sourceTree = "<group>"; };
		F2B2268AB851147377F7321F /* moc_HabitVideoImagePlayer.cpp */ = {isa = PBXFileReference; lastKnownFileType = sourcecode.cpp.cpp; path = moc_HabitVideoImagePlayer.cpp; sourceTree = "<group>"; };
		F9358756C358EDFE927F3C17 /* HStateMachine.cpp */ = {isa = PBXFileReference; lastKnownFileType = sourcecode.cpp.cpp; path = HStateMachine.cpp; sourceTree = "<group>"; };
		FBC556DFACA9034540033131 /* StimulusSource.cpp */ = {isa = PBXFileReference; lastKnownFileType = sourcecode.cpp.cpp; path = StimulusSource.cpp; sourceTree = "<group>"; };
		FC89132AD2DD7CC4FE7DEAAD /* HabitPlayer.cpp */ = {isa = PBXFileReference; lastKnownFileType = sourcecode.cpp.cpp; path = HabitPlayer.cpp; sourceTree = "<group>"; };
		FE4FD8121AD58EB024DD95C9 /* HState.h */ = {isa = PBXFileReference; lastKnownFileType = sourcecode.c.h; path = HState.h; sourceTree = "<group>"; };
/* End PBXFileReference section */

/* Begin PBXFrameworksBuildPhase section */
		2A1043669E6E5A7426EA502A /* Frameworks & Libraries */ = {
			isa = PBXFrameworksBuildPhase;
			buildActionMask = 2147483647;
			files = (
			);
			name = "Frameworks & Libraries";
			runOnlyForDeploymentPostprocessing = 0;
		};
/* End PBXFrameworksBuildPhase section */

/* Begin PBXGroup section */
		05596AB53D8D521C69802C27 /* habutil */ = {
			isa = PBXGroup;
			children = (
				FB61758D0F0FDA4BA867C3D5 /* Sources */,
				46E892BBB6BB6952967E0561 /* Temporary Sources */,
				883D7615C4D2DE3FA1218F12 /* Headers */,
				7CABE3C80E79AD2B307756D2 /* Sources [qmake] */,
				1BD3D4DE15E46540005F32F8 /* Products */,
			);
			name = habutil;
			sourceTree = "<group>";
		};
		1BD3D4DE15E46540005F32F8 /* Products */ = {
			isa = PBXGroup;
			children = (
				1BD3D4DD15E46540005F32F8 /* libhabutil.a */,
			);
			name = Products;
			sourceTree = "<group>";
		};
		46E892BBB6BB6952967E0561 /* Temporary Sources */ = {
			isa = PBXGroup;
			children = (
				362D0FFF9C9A9143408F1468 /* moc_HLooker.cpp */,
				43E49AB6EAC748CF46FEBA06 /* moc_HLookDetector.cpp */,
				BEE6FC9475CBCB99D8858A95 /* moc_HKeypadLookDetector.cpp */,
				C576C1EBC3456CFA9767AE64 /* moc_HState.cpp */,
				0567C8164C0E59C1D7172532 /* moc_HStateMachine.cpp */,
				03EDE1212DF51C15A1B5ACB7 /* moc_HTrial.cpp */,
				A9D2251E9A5102CCB7F753A8 /* moc_HabitPlayer.cpp */,
				D4C0DE8B58B228CA5909E227 /* moc_HabitAudioPlayer.cpp */,
				F2B2268AB851147377F7321F /* moc_HabitVideoImagePlayer.cpp */,
				EFAFBF57D2D6F816AB7FF25D /* moc_ImageWidget.cpp */,
				C47BC74E03FC84195662F4A6 /* moc_HabitMediaManager.cpp */,
			);
			name = "Temporary Sources";
			sourceTree = "<group>";
		};
		7CABE3C80E79AD2B307756D2 /* Sources [qmake] */ = {
			isa = PBXGroup;
			children = (
				45012045CEE85EB3B095E19B /* habutil.pro */,
			);
			name = "Sources [qmake]";
			sourceTree = "<group>";
		};
		883D7615C4D2DE3FA1218F12 /* Headers */ = {
			isa = PBXGroup;
			children = (
				DF5D55B3A28CA9127765D552 /* HLook.h */,
				3F2C007BAD3FC743DD4D7F34 /* HLooker.h */,
				79BD9240B44F312F275A0C5C /* HLookDetector.h */,
				8ACCE524C50B8CC37FE577BC /* HKeypadLookDetector.h */,
				C075B8ADE546BCA1E9EB52B3 /* HEvents.h */,
				FE4FD8121AD58EB024DD95C9 /* HState.h */,
				EF91FED4F1045B0360536C92 /* HStateMachine.h */,
				3A910979D974A019934567BC /* HTrial.h */,
				C7F6AE7CE95F74DAB9E2A136 /* HElapsedTimer.h */,
				9A5D38C8A04E33EBFC2A6392 /* HabitPlayer.h */,
				1F6C63FC63E8339F9228EC04 /* HabitAudioPlayer.h */,
				73B9844B0A0C18D019971435 /* HabitVideoImagePlayer.h */,
				429B2112CA691886D3E5D3C9 /* StimulusSource.h */,
				83CD3BC3E96131CFDA140BE1 /* ImageWidget.h */,
				1B5BE14D54FB69074BF4ABF8 /* HabitMediaManager.h */,
			);
			name = Headers;
			sourceTree = "<group>";
		};
		FB61758D0F0FDA4BA867C3D5 /* Sources */ = {
			isa = PBXGroup;
			children = (
				6004E75CB4CADACB84004E6D /* HLook.cpp */,
				142F69DE83C067908E46A931 /* HLooker.cpp */,
				73D171D543D54BE77547F95F /* HLookDetector.cpp */,
				56129180C95B205F3060F3CE /* HKeypadLookDetector.cpp */,
				15306E8F995B3EF622AAFFC0 /* HState.cpp */,
				F9358756C358EDFE927F3C17 /* HStateMachine.cpp */,
				514969C810A84F3308623DA2 /* HTrial.cpp */,
				6022B4CCDDC6B6CF4DCA24E7 /* HElapsedTimer.cpp */,
				FC89132AD2DD7CC4FE7DEAAD /* HabitPlayer.cpp */,
				BF0927CC4ADE57607B0F5EBA /* HabitAudioPlayer.cpp */,
				E404D04D212877E5E7A169FA /* HabitVideoImagePlayer.cpp */,
				FBC556DFACA9034540033131 /* StimulusSource.cpp */,
				5D04CC3124CBA11804EF5B16 /* ImageWidget.cpp */,
				B63327AF9EA176A541EFE53A /* HabitMediaManager.cpp */,
			);
			name = Sources;
			sourceTree = "<group>";
		};
/* End PBXGroup section */

/* Begin PBXNativeTarget section */
		C4E35D2AC0938A01F9035413 /* habutil */ = {
			isa = PBXNativeTarget;
			buildConfigurationList = 17B3380A4D6A7D415E7F2E1E /* Build configuration list for PBXNativeTarget "habutil" */;
			buildPhases = (
				D7BA7D76DAB5DD13389D6332 /* Qt Qmake */,
				A0A52A2ADF7A1E2A99738674 /* Qt Preprocessors */,
				C29B8785722055ED95EF7B57 /* Build Sources */,
				2A1043669E6E5A7426EA502A /* Frameworks & Libraries */,
				F6069D5A5DA8AA28EDB8B3C6 /* Project Copy */,
			);
			buildRules = (
			);
			dependencies = (
			);
			name = habutil;
			productInstallPath = ../../lib/;
			productName = habutil;
			productReference = 1BD3D4DD15E46540005F32F8 /* libhabutil.a */;
			productType = "com.apple.product-type.library.static";
		};
/* End PBXNativeTarget section */

/* Begin PBXProject section */
		91B15E841AA80083484172DE /* Project object */ = {
			isa = PBXProject;
			buildConfigurationList = CC82A9286117DFED018F418F /* Build configuration list for PBXProject "habutil" */;
			compatibilityVersion = "Xcode 2.4";
			developmentRegion = English;
			hasScannedForEncodings = 1;
			knownRegions = (
				English,
				Japanese,
				French,
				German,
			);
			mainGroup = 05596AB53D8D521C69802C27 /* habutil */;
			productRefGroup = 1BD3D4DE15E46540005F32F8 /* Products */;
			projectDirPath = "";
			projectRoot = "";
			targets = (
				C4E35D2AC0938A01F9035413 /* habutil */,
			);
		};
/* End PBXProject section */

/* Begin PBXShellScriptBuildPhase section */
		A0A52A2ADF7A1E2A99738674 /* Qt Preprocessors */ = {
			isa = PBXShellScriptBuildPhase;
			buildActionMask = 2147483647;
			files = (
			);
			name = "Qt Preprocessors";
			runOnlyForDeploymentPostprocessing = 0;
			shellPath = /bin/sh;
			shellScript = "make -C /Users/Oakeslab/work/habit2/libs/habutil -f 'habutil.xcodeproj/qt_preprocess.mak'";
		};
		D7BA7D76DAB5DD13389D6332 /* Qt Qmake */ = {
			isa = PBXShellScriptBuildPhase;
			buildActionMask = 2147483647;
			files = (
			);
			name = "Qt Qmake";
			runOnlyForDeploymentPostprocessing = 0;
			shellPath = /bin/sh;
			shellScript = "make -C /Users/Oakeslab/work/habit2/libs/habutil -f 'habutil.xcodeproj/qt_makeqmake.mak'";
		};
		F6069D5A5DA8AA28EDB8B3C6 /* Project Copy */ = {
			isa = PBXShellScriptBuildPhase;
			buildActionMask = 2147483647;
			files = (
			);
			inputPaths = (
			);
			name = "Project Copy";
			outputPaths = (
			);
			runOnlyForDeploymentPostprocessing = 0;
			shellPath = /bin/sh;
			shellScript = "cp -r $BUILT_PRODUCTS_DIR/$FULL_PRODUCT_NAME /Users/Oakeslab/work/habit2/lib";
		};
/* End PBXShellScriptBuildPhase section */

/* Begin PBXSourcesBuildPhase section */
		C29B8785722055ED95EF7B57 /* Build Sources */ = {
			isa = PBXSourcesBuildPhase;
			buildActionMask = 2147483647;
			files = (
				6B4E749109E23E0094D8973F /* HLook.cpp in Build Sources */,
				1DC85FBA4D68DDBF75881C53 /* HLooker.cpp in Build Sources */,
				A5F03563E8E07311626C552B /* HLookDetector.cpp in Build Sources */,
				B969017E2483740F9122FB6F /* HKeypadLookDetector.cpp in Build Sources */,
				1FBADE39ED24F9BFD599091D /* HState.cpp in Build Sources */,
				1B5A32BF7C704F131D59AB30 /* HStateMachine.cpp in Build Sources */,
				E7D3109A32CD17C1BFC1EB39 /* HTrial.cpp in Build Sources */,
				5FAC55CF3A0A3D1EEDC63458 /* HElapsedTimer.cpp in Build Sources */,
				451E270C83CE926E784BED78 /* HabitPlayer.cpp in Build Sources */,
				AA578F1409803858893FF650 /* HabitAudioPlayer.cpp in Build Sources */,
				4E882245B7EF51BF53921914 /* HabitVideoImagePlayer.cpp in Build Sources */,
				33909D57F609061913680CA7 /* StimulusSource.cpp in Build Sources */,
				E5E705743E1836088DB4AD71 /* ImageWidget.cpp in Build Sources */,
				7736118F7CFFF5B4E4F7132B /* HabitMediaManager.cpp in Build Sources */,
				0BA173F30E7A409B5D4799F5 /* moc_HLooker.cpp in Build Sources */,
				4EBE691E01A77F6A9B19B6B4 /* moc_HLookDetector.cpp in Build Sources */,
				7CE7DE26217C97EE294489EF /* moc_HKeypadLookDetector.cpp in Build Sources */,
				A7428FA4978CA969696AC019 /* moc_HState.cpp in Build Sources */,
				88205F195FA3F8571AD4DBA8 /* moc_HStateMachine.cpp in Build Sources */,
				AB713D684BD93913B94F65C9 /* moc_HTrial.cpp in Build Sources */,
				9EE4A18157650B2615B2D742 /* moc_HabitPlayer.cpp in Build Sources */,
				B67B12B81738805255634E0C /* moc_HabitAudioPlayer.cpp in Build Sources */,
				2F63E873547D2761BE50D998 /* moc_HabitVideoImagePlayer.cpp in Build Sources */,
				C6011A5EA6AA7EEAB6FACC83 /* moc_ImageWidget.cpp in Build Sources */,
				F045DB7498CC76E48E25A38D /* moc_HabitMediaManager.cpp in Build Sources */,
			);
			name = "Build Sources";
			runOnlyForDeploymentPostprocessing = 0;
		};
/* End PBXSourcesBuildPhase section */

/* Begin XCBuildConfiguration section */
		4B72B24813252891014BCF61 /* Debug */ = {
			isa = XCBuildConfiguration;
			buildSettings = {
				ARCHS = x86_64;
				COPY_PHASE_STRIP = NO;
				FRAMEWORK_SEARCH_PATHS = "/usr/local/Trolltech/Qt-4.8.1-x86_64-no-dbus-dynamic/lib";
				GCC_GENERATE_DEBUGGING_SYMBOLS = YES;
				GCC_OPTIMIZATION_LEVEL = 0;
				HEADER_SEARCH_PATHS = (
					"/usr/local/Trolltech/Qt-4.8.1-x86_64-no-dbus-dynamic/lib/QtCore.framework/Versions/4/Headers",
					"/usr/local/Trolltech/Qt-4.8.1-x86_64-no-dbus-dynamic/include/QtCore",
					"/usr/local/Trolltech/Qt-4.8.1-x86_64-no-dbus-dynamic/lib/QtGui.framework/Versions/4/Headers",
					"/usr/local/Trolltech/Qt-4.8.1-x86_64-no-dbus-dynamic/include/QtGui",
					"/usr/local/Trolltech/Qt-4.8.1-x86_64-no-dbus-dynamic/include",
					.,
					/usr/local/include,
					/System/Library/Frameworks/CarbonCore.framework/Headers,
					"/usr/local/Trolltech/Qt-4.8.1-x86_64-no-dbus-dynamic/mkspecs/macx-xcode",
				);
				INFOPLIST_FILE = Info.plist;
				LIBRARY_SEARCH_PATHS = "";
				OTHER_CFLAGS = (
					"-pipe",
					"-O2",
					"-fPIC",
					"-Wall",
					"-W",
					"-DQT_NO_DEBUG",
					"-DQT_GUI_LIB",
					"-DQT_CORE_LIB",
					"-DQT_SHARED",
				);
				OTHER_CPLUSPLUSFLAGS = (
					"-pipe",
					"-fvisibility=hidden",
					"-O2",
					"-fPIC",
					"-Wall",
					"-W",
					"-DQT_NO_DEBUG",
					"-DQT_GUI_LIB",
					"-DQT_CORE_LIB",
					"-DQT_SHARED",
				);
				PRODUCT_NAME = habutil;
			};
			name = Debug;
		};
		8C7174830A1E4DCBA0332EC1 /* Release */ = {
			isa = XCBuildConfiguration;
			buildSettings = {
				COPY_PHASE_STRIP = YES;
				GCC_GENERATE_DEBUGGING_SYMBOLS = NO;
				LIBRARY_STYLE = STATIC;
				PRODUCT_NAME = habutil;
			};
			name = Release;
		};
		BEC09A62E69C3553534FF35E /* Debug */ = {
			isa = XCBuildConfiguration;
			buildSettings = {
				COPY_PHASE_STRIP = NO;
				GCC_GENERATE_DEBUGGING_SYMBOLS = YES;
				GCC_OPTIMIZATION_LEVEL = 0;
				LIBRARY_STYLE = STATIC;
				PRODUCT_NAME = habutil;
			};
			name = Debug;
		};
		D70590BEB531B51029F711BB /* Release */ = {
			isa = XCBuildConfiguration;
			buildSettings = {
				ARCHS = x86_64;
				COPY_PHASE_STRIP = YES;
				FRAMEWORK_SEARCH_PATHS = "/usr/local/Trolltech/Qt-4.8.1-x86_64-no-dbus-dynamic/lib";
				GCC_GENERATE_DEBUGGING_SYMBOLS = NO;
				HEADER_SEARCH_PATHS = (
					"/usr/local/Trolltech/Qt-4.8.1-x86_64-no-dbus-dynamic/lib/QtCore.framework/Versions/4/Headers",
					"/usr/local/Trolltech/Qt-4.8.1-x86_64-no-dbus-dynamic/include/QtCore",
					"/usr/local/Trolltech/Qt-4.8.1-x86_64-no-dbus-dynamic/lib/QtGui.framework/Versions/4/Headers",
					"/usr/local/Trolltech/Qt-4.8.1-x86_64-no-dbus-dynamic/include/QtGui",
					"/usr/local/Trolltech/Qt-4.8.1-x86_64-no-dbus-dynamic/include",
					.,
					/usr/local/include,
					/System/Library/Frameworks/CarbonCore.framework/Headers,
					"/usr/local/Trolltech/Qt-4.8.1-x86_64-no-dbus-dynamic/mkspecs/macx-xcode",
				);
				INFOPLIST_FILE = Info.plist;
				LIBRARY_SEARCH_PATHS = "";
				OTHER_CFLAGS = (
					"-pipe",
					"-O2",
					"-fPIC",
					"-Wall",
					"-W",
					"-DQT_NO_DEBUG",
					"-DQT_GUI_LIB",
					"-DQT_CORE_LIB",
					"-DQT_SHARED",
				);
				OTHER_CPLUSPLUSFLAGS = (
					"-pipe",
					"-fvisibility=hidden",
					"-O2",
					"-fPIC",
					"-Wall",
					"-W",
					"-DQT_NO_DEBUG",
					"-DQT_GUI_LIB",
					"-DQT_CORE_LIB",
					"-DQT_SHARED",
				);
				PRODUCT_NAME = habutil;
			};
			name = Release;
		};
/* End XCBuildConfiguration section */

/* Begin XCConfigurationList section */
		17B3380A4D6A7D415E7F2E1E /* Build configuration list for PBXNativeTarget "habutil" */ = {
			isa = XCConfigurationList;
			buildConfigurations = (
				BEC09A62E69C3553534FF35E /* Debug */,
				8C7174830A1E4DCBA0332EC1 /* Release */,
			);
			defaultConfigurationIsVisible = 0;
			defaultConfigurationName = Release;
		};
		CC82A9286117DFED018F418F /* Build configuration list for PBXProject "habutil" */ = {
			isa = XCConfigurationList;
			buildConfigurations = (
				4B72B24813252891014BCF61 /* Debug */,
				D70590BEB531B51029F711BB /* Release */,
			);
			defaultConfigurationIsVisible = 0;
			defaultConfigurationName = Release;
		};
/* End XCConfigurationList section */
	};
	rootObject = 91B15E841AA80083484172DE /* Project object */;
}
