// !$*UTF8*$!
{
	archiveVersion = 1;
	classes = {
	};
	objectVersion = 42;
	objects = {

/* Begin PBXBuildFile section */
		009FE71066929D7DC3687CF9 /* HMediaManagerUtil.cpp in Build Sources */ = {isa = PBXBuildFile; fileRef = 94AB9C489A7CC078324A7E7A /* HMediaManagerUtil.cpp */; settings = {ATTRIBUTES = (); }; };
		013956B5F37F9B375BE287F6 /* habitcontrolpanel.cpp in Build Sources */ = {isa = PBXBuildFile; fileRef = EFD4E48FC44E02FEDC77AE1F /* habitcontrolpanel.cpp */; settings = {ATTRIBUTES = (); }; };
		03084D77F7F6944651A0F4D8 /* treewizard.cpp in Build Sources */ = {isa = PBXBuildFile; fileRef = 39FF19599494DEEC516B4070 /* treewizard.cpp */; settings = {ATTRIBUTES = (); }; };
		0865A3C3117E50CC0281E06E /* habitapp.cpp in Build Sources */ = {isa = PBXBuildFile; fileRef = C395563D84BC7AB74C1BB167 /* habitapp.cpp */; settings = {ATTRIBUTES = (); }; };
		0BA173F30E7A409B5D4799F5 /* moc_HLooker.cpp in Build Sources */ = {isa = PBXBuildFile; fileRef = 362D0FFF9C9A9143408F1468 /* moc_HLooker.cpp */; settings = {ATTRIBUTES = (); }; };
		0E91AB293EEA09D4808DCEC3 /* subjectsettings.cpp in Build Sources */ = {isa = PBXBuildFile; fileRef = F7DD95C66135AB6E33E39277 /* subjectsettings.cpp */; settings = {ATTRIBUTES = (); }; };
		1545516D2A1C5DA7054F2C89 /* HPlayer.cpp in Build Sources */ = {isa = PBXBuildFile; fileRef = F350AEC83A0B3DF8DFA05DB0 /* HPlayer.cpp */; settings = {ATTRIBUTES = (); }; };
		191F38D395E5BF9D4FBACA26 /* cloneexperimentdialog.cpp in Build Sources */ = {isa = PBXBuildFile; fileRef = FD2A183324DACA684D39A8DC /* cloneexperimentdialog.cpp */; settings = {ATTRIBUTES = (); }; };
		196A47A6504B3AF2654BD399 /* moc_stimulussettingseditordialog.cpp in Build Sources */ = {isa = PBXBuildFile; fileRef = 968EA08197B339E7D7186BCC /* moc_stimulussettingseditordialog.cpp */; settings = {ATTRIBUTES = (); }; };
		1B5A32BF7C704F131D59AB30 /* HStateMachine.cpp in Build Sources */ = {isa = PBXBuildFile; fileRef = F9358756C358EDFE927F3C17 /* HStateMachine.cpp */; settings = {ATTRIBUTES = (); }; };
		1DC85FBA4D68DDBF75881C53 /* HLooker.cpp in Build Sources */ = {isa = PBXBuildFile; fileRef = 142F69DE83C067908E46A931 /* HLooker.cpp */; settings = {ATTRIBUTES = (); }; };
		1E5825ADB93DA3BB3D4E78E9 /* stimulusdisplayinfo.cpp in Build Sources */ = {isa = PBXBuildFile; fileRef = 8224AE1656885CF2D614F12A /* stimulusdisplayinfo.cpp */; settings = {ATTRIBUTES = (); }; };
		1FBADE39ED24F9BFD599091D /* HState.cpp in Build Sources */ = {isa = PBXBuildFile; fileRef = 15306E8F995B3EF622AAFFC0 /* HState.cpp */; settings = {ATTRIBUTES = (); }; };
		21DA153AB8558D5EF7EAF7BD /* stimulisettings.cpp in Build Sources */ = {isa = PBXBuildFile; fileRef = BB5929205ABD8610FA2FFEA7 /* stimulisettings.cpp */; settings = {ATTRIBUTES = (); }; };
		22BB89B211A152836EEF4057 /* reliabilitiesform.cpp in Build Sources */ = {isa = PBXBuildFile; fileRef = A9DAFA5B0E9316019173954A /* reliabilitiesform.cpp */; settings = {ATTRIBUTES = (); }; };
		2764C1DD6A5C10726184DBB3 /* experimentsettingsform.cpp in Build Sources */ = {isa = PBXBuildFile; fileRef = 64C2CA3F92D0C207979A702D /* experimentsettingsform.cpp */; settings = {ATTRIBUTES = (); }; };
		290C3624A1E7E470CBD04572 /* attentionsetupform.cpp in Build Sources */ = {isa = PBXBuildFile; fileRef = A31FD32F16BCFAA1B2E59D70 /* attentionsetupform.cpp */; settings = {ATTRIBUTES = (); }; };
		2A9F0000F501EBFE5118C109 /* designsettings.cpp in Build Sources */ = {isa = PBXBuildFile; fileRef = 1FD15338F4EDFD4BBD1E1034 /* designsettings.cpp */; settings = {ATTRIBUTES = (); }; };
		2B184B903DFBE840BAD8C1C4 /* moc_mediamanager.cpp in Build Sources */ = {isa = PBXBuildFile; fileRef = F85EA9B5CC227949A925CBF4 /* moc_mediamanager.cpp */; settings = {ATTRIBUTES = (); }; };
		2F6862F1AB33E1F78AF5485B /* moc_stimulusinfoform.cpp in Build Sources */ = {isa = PBXBuildFile; fileRef = E453DDDF6B67D3B9FEEA8B08 /* moc_stimulusinfoform.cpp */; settings = {ATTRIBUTES = (); }; };
		2FE0E81ABFBA03B801E03ED2 /* moc_resultviewerform.cpp in Build Sources */ = {isa = PBXBuildFile; fileRef = 7A95304C54BD4E3F708355E3 /* moc_resultviewerform.cpp */; settings = {ATTRIBUTES = (); }; };
		305B6849E418E524860B3C77 /* moc_imagewidget_original.cpp in Build Sources */ = {isa = PBXBuildFile; fileRef = 95874B8FEC4D2EB5CAA32131 /* moc_imagewidget_original.cpp */; settings = {ATTRIBUTES = (); }; };
		3211A61C176A3366FFF506A8 /* monitorsettings.cpp in Build Sources */ = {isa = PBXBuildFile; fileRef = 88A762A6B55D1D7D1A04BC10 /* monitorsettings.cpp */; settings = {ATTRIBUTES = (); }; };
		34E912D217F3D01355536B38 /* controlbaroptionsform.cpp in Build Sources */ = {isa = PBXBuildFile; fileRef = 6B309201C43C8D247C47324E /* controlbaroptionsform.cpp */; settings = {ATTRIBUTES = (); }; };
		382834B7BFBFD519BF37AD29 /* moc_monitorsettingsform.cpp in Build Sources */ = {isa = PBXBuildFile; fileRef = 56E49CDEE4CF69B2E6830512 /* moc_monitorsettingsform.cpp */; settings = {ATTRIBUTES = (); }; };
		3940F23769A8DA8E3C98B333 /* runsettings.cpp in Build Sources */ = {isa = PBXBuildFile; fileRef = A3177C11ED518AF87E8549BC /* runsettings.cpp */; settings = {ATTRIBUTES = (); }; };
		3B9ED046CCF36FA66681CF01 /* moc_habituationstimulitable.cpp in Build Sources */ = {isa = PBXBuildFile; fileRef = E67A8B6D55026C367B8214A3 /* moc_habituationstimulitable.cpp */; settings = {ATTRIBUTES = (); }; };
		3BAD8112EDF6E4ABAC91500C /* resultviewerform.cpp in Build Sources */ = {isa = PBXBuildFile; fileRef = A05EEB4FEAE093CCCF1C9B2D /* resultviewerform.cpp */; settings = {ATTRIBUTES = (); }; };
		3BB413CB5EDDC18D0137E1AF /* habituationstimuliform.cpp in Build Sources */ = {isa = PBXBuildFile; fileRef = C996F19E794C9AF619DC2CEA /* habituationstimuliform.cpp */; settings = {ATTRIBUTES = (); }; };
		410355C1F67F87B5365C5295 /* HPhase.cpp in Build Sources */ = {isa = PBXBuildFile; fileRef = 1DB843A27517106274BF1269 /* HPhase.cpp */; settings = {ATTRIBUTES = (); }; };
		44019B65D03D337A9D76D096 /* moc_controlbaroptionsform.cpp in Build Sources */ = {isa = PBXBuildFile; fileRef = F370F2097B1BBEEB39EF3C0C /* moc_controlbaroptionsform.cpp */; settings = {ATTRIBUTES = (); }; };
		455495186282F29FB4621BF7 /* moc_viewexperimentresultform.cpp in Build Sources */ = {isa = PBXBuildFile; fileRef = 73765DDE5B4BA42989E2840D /* moc_viewexperimentresultform.cpp */; settings = {ATTRIBUTES = (); }; };
		45BFF7BD9C4AB6D35F54DD68 /* mediasoundpreviewplayer.cpp in Build Sources */ = {isa = PBXBuildFile; fileRef = 8B960E3B53730F4BC05FE0F2 /* mediasoundpreviewplayer.cpp */; settings = {ATTRIBUTES = (); }; };
		4C636647FE11BEAAD3F85EAA /* HAudioPlayer.cpp in Build Sources */ = {isa = PBXBuildFile; fileRef = 47C533FBE6BAC735ADEA02DE /* HAudioPlayer.cpp */; settings = {ATTRIBUTES = (); }; };
		4EBE691E01A77F6A9B19B6B4 /* moc_HLookDetector.cpp in Build Sources */ = {isa = PBXBuildFile; fileRef = 43E49AB6EAC748CF46FEBA06 /* moc_HLookDetector.cpp */; settings = {ATTRIBUTES = (); }; };
		555D65E3ADF379D6E6D0E600 /* moc_HApp.cpp in Build Sources */ = {isa = PBXBuildFile; fileRef = B9B534D9C004E26BF9D0B12E /* moc_HApp.cpp */; settings = {ATTRIBUTES = (); }; };
		57799F6953B9A89E640F0C63 /* HNonPlayer.cpp in Build Sources */ = {isa = PBXBuildFile; fileRef = E7111B2EC23E340A8F7FD0CB /* HNonPlayer.cpp */; settings = {ATTRIBUTES = (); }; };
		57A315318CE7420CD99B5E40 /* monitormanager.cpp in Build Sources */ = {isa = PBXBuildFile; fileRef = E5ECD614F4104CDCC27E6493 /* monitormanager.cpp */; settings = {ATTRIBUTES = (); }; };
		5899214EFA7676BF658241C4 /* stimulussettings.cpp in Build Sources */ = {isa = PBXBuildFile; fileRef = 7423F9C3FD8D1144E0448FD1 /* stimulussettings.cpp */; settings = {ATTRIBUTES = (); }; };
		5B7C6C0A95C1B8D220536ACE /* OutputGenerator.cpp in Build Sources */ = {isa = PBXBuildFile; fileRef = AC087B125526E9954D76ACAB /* OutputGenerator.cpp */; settings = {ATTRIBUTES = (); }; };
		5DC367CEDECF858203147E49 /* subjectinformation.cpp in Build Sources */ = {isa = PBXBuildFile; fileRef = 357698727FF9004AF4A4E38B /* subjectinformation.cpp */; settings = {ATTRIBUTES = (); }; };
		5FAC55CF3A0A3D1EEDC63458 /* HElapsedTimer.cpp in Build Sources */ = {isa = PBXBuildFile; fileRef = 6022B4CCDDC6B6CF4DCA24E7 /* HElapsedTimer.cpp */; settings = {ATTRIBUTES = (); }; };
		62BBA84B14989687B12D8E77 /* habituationsettings.cpp in Build Sources */ = {isa = PBXBuildFile; fileRef = A77453A6AF736806F3727BC2 /* habituationsettings.cpp */; settings = {ATTRIBUTES = (); }; };
		64C0F4BAEE918360AF85D36D /* moc_stimulusdisplayform.cpp in Build Sources */ = {isa = PBXBuildFile; fileRef = 242948C38F7CDD51D27B95EC /* moc_stimulusdisplayform.cpp */; settings = {ATTRIBUTES = (); }; };
		65CD80E4327D795CCF1F5418 /* habituationstimulitable.cpp in Build Sources */ = {isa = PBXBuildFile; fileRef = 003231F660FE5F2A6795AAA2 /* habituationstimulitable.cpp */; settings = {ATTRIBUTES = (); }; };
		682CB50023D3B6523E6F682F /* moc_HNonPlayer.cpp in Build Sources */ = {isa = PBXBuildFile; fileRef = F4555CC0BF4EB5D487EFAB54 /* moc_HNonPlayer.cpp */; settings = {ATTRIBUTES = (); }; };
		699B9810ED80FCDAB947A7AB /* HPhaseCriteria.cpp in Build Sources */ = {isa = PBXBuildFile; fileRef = 7E5F12BAAA320F613AE56A80 /* HPhaseCriteria.cpp */; settings = {ATTRIBUTES = (); }; };
		6B4E749109E23E0094D8973F /* HLook.cpp in Build Sources */ = {isa = PBXBuildFile; fileRef = 6004E75CB4CADACB84004E6D /* HLook.cpp */; settings = {ATTRIBUTES = (); }; };
		6B61B5F29B95F3542E9DC01E /* HVideoImagePlayer.cpp in Build Sources */ = {isa = PBXBuildFile; fileRef = CCBF65C04B9E2C5A4C3A43F3 /* HVideoImagePlayer.cpp */; settings = {ATTRIBUTES = (); }; };
		6C02C989A17EDC535B391CE2 /* HImageWidget.cpp in Build Sources */ = {isa = PBXBuildFile; fileRef = 4ACDDE9D9FE419267F4CC804 /* HImageWidget.cpp */; settings = {ATTRIBUTES = (); }; };
		6D534CF8A656207E6395325B /* stimulusinfoform.cpp in Build Sources */ = {isa = PBXBuildFile; fileRef = A93604CF7630823D0DAB51B9 /* stimulusinfoform.cpp */; settings = {ATTRIBUTES = (); }; };
		7969A1AB2EAEF8AF8577BD6E /* moc_HPlayer.cpp in Build Sources */ = {isa = PBXBuildFile; fileRef = 79F113765A8F7C9E88D6B8ED /* moc_HPlayer.cpp */; settings = {ATTRIBUTES = (); }; };
		7CE7DE26217C97EE294489EF /* moc_HKeypadLookDetector.cpp in Build Sources */ = {isa = PBXBuildFile; fileRef = BEE6FC9475CBCB99D8858A95 /* moc_HKeypadLookDetector.cpp */; settings = {ATTRIBUTES = (); }; };
		7E023273474CB5BBFCC39562 /* moc_habituationsetupform.cpp in Build Sources */ = {isa = PBXBuildFile; fileRef = 78AE4F2A51A770852DE0BBA7 /* moc_habituationsetupform.cpp */; settings = {ATTRIBUTES = (); }; };
		7E7D89D2332B2E6792F0EFA1 /* stimulusinfo.cpp in Build Sources */ = {isa = PBXBuildFile; fileRef = E3B4044484AC8B7CA53392DF /* stimulusinfo.cpp */; settings = {ATTRIBUTES = (); }; };
		80E1D564047D4E96C8840E25 /* mediaplayer.cpp in Build Sources */ = {isa = PBXBuildFile; fileRef = A27165C71B751FDDFD5832B9 /* mediaplayer.cpp */; settings = {ATTRIBUTES = (); }; };
		817FD6FE1F44B8A75EA6295A /* stimulusdisplayform.cpp in Build Sources */ = {isa = PBXBuildFile; fileRef = 288DD2FC66AF75F555589CA3 /* stimulusdisplayform.cpp */; settings = {ATTRIBUTES = (); }; };
		8233EA8032AC38FDD2C3CB27 /* connection.cpp in Build Sources */ = {isa = PBXBuildFile; fileRef = 6472616615C3E9AF4727D17C /* connection.cpp */; settings = {ATTRIBUTES = (); }; };
		826760007F2CBF332DC5FB87 /* moc_stimulusplayer.cpp in Build Sources */ = {isa = PBXBuildFile; fileRef = 32813F748C1859CF54446B48 /* moc_stimulusplayer.cpp */; settings = {ATTRIBUTES = (); }; };
		82A7FFF00DA424E8336C56D8 /* moc_runsettingsform.cpp in Build Sources */ = {isa = PBXBuildFile; fileRef = 6B89EA6BC5CB733959BBD822 /* moc_runsettingsform.cpp */; settings = {ATTRIBUTES = (); }; };
		82BD2146198AB489404625B7 /* moc_HPhase.cpp in Build Sources */ = {isa = PBXBuildFile; fileRef = 663102FF60486549496226D9 /* moc_HPhase.cpp */; settings = {ATTRIBUTES = (); }; };
		88205F195FA3F8571AD4DBA8 /* moc_HStateMachine.cpp in Build Sources */ = {isa = PBXBuildFile; fileRef = 0567C8164C0E59C1D7172532 /* moc_HStateMachine.cpp */; settings = {ATTRIBUTES = (); }; };
		884F7978E5F5515AA3223F0B /* HOutputGenerator.cpp in Build Sources */ = {isa = PBXBuildFile; fileRef = 77BFA6EA0DD6F9BDD0F4F6DB /* HOutputGenerator.cpp */; settings = {ATTRIBUTES = (); }; };
		8B20CA1D793DB23B132A38E0 /* moc_treewizard.cpp in Build Sources */ = {isa = PBXBuildFile; fileRef = 323AB11027AF653027645BBD /* moc_treewizard.cpp */; settings = {ATTRIBUTES = (); }; };
		8D9116AC1612619F32E8DD7A /* experimentresultsform.cpp in Build Sources */ = {isa = PBXBuildFile; fileRef = 30CE06EF15D73D3C563D0DE5 /* experimentresultsform.cpp */; settings = {ATTRIBUTES = (); }; };
		935A4CCD10D1750777BA4C17 /* resultsvieweroptions.cpp in Build Sources */ = {isa = PBXBuildFile; fileRef = 17CB2EAC9F072A057670C7F7 /* resultsvieweroptions.cpp */; settings = {ATTRIBUTES = (); }; };
		956EE28BC3462B6EAA7D9A02 /* moc_subjectinformationwidget.cpp in Build Sources */ = {isa = PBXBuildFile; fileRef = F304D93296E522EC0174D6B2 /* moc_subjectinformationwidget.cpp */; settings = {ATTRIBUTES = (); }; };
		9783DFCED66040C1BA8FB7CE /* moc_experimentresultsform.cpp in Build Sources */ = {isa = PBXBuildFile; fileRef = 1E0689075E90CC961E2BDAD0 /* moc_experimentresultsform.cpp */; settings = {ATTRIBUTES = (); }; };
		97A652D34E6E99ECE447F106 /* designsetupform.cpp in Build Sources */ = {isa = PBXBuildFile; fileRef = 43E1782DF87301B0B2F4CB2C /* designsetupform.cpp */; settings = {ATTRIBUTES = (); }; };
		9890EBD28F3FF4BFD79B85CC /* imagewidget_original.cpp in Build Sources */ = {isa = PBXBuildFile; fileRef = D1F25D4A1AC40156497A361F /* imagewidget_original.cpp */; settings = {ATTRIBUTES = (); }; };
		995F70F7AE255EBAE3419B37 /* moc_HPhaseCriteria.cpp in Build Sources */ = {isa = PBXBuildFile; fileRef = 7817581446ED29153541B42B /* moc_HPhaseCriteria.cpp */; settings = {ATTRIBUTES = (); }; };
		9C1EAA32F0B07929C448C8D3 /* HTrialGenerator.cpp in Build Sources */ = {isa = PBXBuildFile; fileRef = E553B188655CBB72EB30D0E5 /* HTrialGenerator.cpp */; settings = {ATTRIBUTES = (); }; };
		9F9D8FABD663CFFAA701D47A /* moc_cloneexperimentdialog.cpp in Build Sources */ = {isa = PBXBuildFile; fileRef = F10C35EB80A1432D65DE9C0A /* moc_cloneexperimentdialog.cpp */; settings = {ATTRIBUTES = (); }; };
		A100C199BCDFABD339596BCE /* viewexperimentresultform.cpp in Build Sources */ = {isa = PBXBuildFile; fileRef = 7FF804524787A5FCE70731BC /* viewexperimentresultform.cpp */; settings = {ATTRIBUTES = (); }; };
		A1E77CBB722F0375BD31E64A /* attentiongettersettings.cpp in Build Sources */ = {isa = PBXBuildFile; fileRef = 666612332DF7886847622152 /* attentiongettersettings.cpp */; settings = {ATTRIBUTES = (); }; };
		A22EFE859BAF95EE4CCB9E43 /* moc_experimentsettingsform.cpp in Build Sources */ = {isa = PBXBuildFile; fileRef = 6A088804449A0A12F0FBBEB7 /* moc_experimentsettingsform.cpp */; settings = {ATTRIBUTES = (); }; };
		A5F03563E8E07311626C552B /* HLookDetector.cpp in Build Sources */ = {isa = PBXBuildFile; fileRef = 73D171D543D54BE77547F95F /* HLookDetector.cpp */; settings = {ATTRIBUTES = (); }; };
		A739004E4E20C529ACF6376F /* moc_HControlPanel.cpp in Build Sources */ = {isa = PBXBuildFile; fileRef = 0666BBB20FBC195CC6965FF9 /* moc_HControlPanel.cpp */; settings = {ATTRIBUTES = (); }; };
		A7428FA4978CA969696AC019 /* moc_HState.cpp in Build Sources */ = {isa = PBXBuildFile; fileRef = C576C1EBC3456CFA9767AE64 /* moc_HState.cpp */; settings = {ATTRIBUTES = (); }; };
		AB713D684BD93913B94F65C9 /* moc_HTrial.cpp in Build Sources */ = {isa = PBXBuildFile; fileRef = 03EDE1212DF51C15A1B5ACB7 /* moc_HTrial.cpp */; settings = {ATTRIBUTES = (); }; };
		AC4EA682D438DB91C2FA9D95 /* subjectinformationwidget.cpp in Build Sources */ = {isa = PBXBuildFile; fileRef = 8ED7DE2CB60900960FBA6FC9 /* subjectinformationwidget.cpp */; settings = {ATTRIBUTES = (); }; };
		AD992ADC62F4473DD0BA4C64 /* main.cpp in Build Sources */ = {isa = PBXBuildFile; fileRef = D1CF8AA7BA4EAA7696A0940C /* main.cpp */; settings = {ATTRIBUTES = (); }; };
		AF264F624168825091A70AF2 /* moc_attentionsetupform.cpp in Build Sources */ = {isa = PBXBuildFile; fileRef = E00DB7F7CC277429EBFDAE3D /* moc_attentionsetupform.cpp */; settings = {ATTRIBUTES = (); }; };
		AF506AE43829DCC618A51C12 /* exportmultipleresults.cpp in Build Sources */ = {isa = PBXBuildFile; fileRef = CF1A06D2598A26AF8B019241 /* exportmultipleresults.cpp */; settings = {ATTRIBUTES = (); }; };
		B0C5B5A12A8673F183DE54A0 /* moc_designsetupform.cpp in Build Sources */ = {isa = PBXBuildFile; fileRef = 170F358CDFD1DBE839BC30F5 /* moc_designsetupform.cpp */; settings = {ATTRIBUTES = (); }; };
		B18EFFCF713DF90484FC8E4A /* experimentsettings.cpp in Build Sources */ = {isa = PBXBuildFile; fileRef = 0283611435F93915B4C0B9B1 /* experimentsettings.cpp */; settings = {ATTRIBUTES = (); }; };
		B24C36255862302C619B2E90 /* moc_exportmultipleresults.cpp in Build Sources */ = {isa = PBXBuildFile; fileRef = 656B77B2E523FE195A3977C0 /* moc_exportmultipleresults.cpp */; settings = {ATTRIBUTES = (); }; };
		B52D6256C0B3DC7474F882EF /* HTrialLog.cpp in Build Sources */ = {isa = PBXBuildFile; fileRef = 2B04E108B312D2F7DD4162DE /* HTrialLog.cpp */; settings = {ATTRIBUTES = (); }; };
		B969017E2483740F9122FB6F /* HKeypadLookDetector.cpp in Build Sources */ = {isa = PBXBuildFile; fileRef = 56129180C95B205F3060F3CE /* HKeypadLookDetector.cpp */; settings = {ATTRIBUTES = (); }; };
		BA5C20510EC8D01875D395F6 /* moc_mediaplayer.cpp in Build Sources */ = {isa = PBXBuildFile; fileRef = 8E58FA21BCA7C25A30794452 /* moc_mediaplayer.cpp */; settings = {ATTRIBUTES = (); }; };
		BB6941A28DD1F2A2F424F407 /* moc_habitapp.cpp in Build Sources */ = {isa = PBXBuildFile; fileRef = 5755A7C9E40D3AB70281C35B /* moc_habitapp.cpp */; settings = {ATTRIBUTES = (); }; };
		BD34538F245BF8E7AC58CF0F /* runsettingsform.cpp in Build Sources */ = {isa = PBXBuildFile; fileRef = 90CC5856B5B14018A2A8F902 /* runsettingsform.cpp */; settings = {ATTRIBUTES = (); }; };
		BD66F5A4F766E4937C74C39A /* stimulusplayer.cpp in Build Sources */ = {isa = PBXBuildFile; fileRef = 40F328B48523F3A96A448F2E /* stimulusplayer.cpp */; settings = {ATTRIBUTES = (); }; };
		BDF835887712C976827BD54C /* moc_HImageWidget.cpp in Build Sources */ = {isa = PBXBuildFile; fileRef = F24354DBBFA563CA562CE579 /* moc_HImageWidget.cpp */; settings = {ATTRIBUTES = (); }; };
		BE252862172D72BC67655658 /* maindao.cpp in Build Sources */ = {isa = PBXBuildFile; fileRef = D4A6F84CE272E562698654DB /* maindao.cpp */; settings = {ATTRIBUTES = (); }; };
		C0FD0404A8404615F3815EBA /* controlbaroptions.cpp in Build Sources */ = {isa = PBXBuildFile; fileRef = F4C10A655E243A8C877CA5BF /* controlbaroptions.cpp */; settings = {ATTRIBUTES = (); }; };
		C3897A5659F58B882029644A /* HApp.cpp in Build Sources */ = {isa = PBXBuildFile; fileRef = F5C22BD26AFBC7E99C253CF0 /* HApp.cpp */; settings = {ATTRIBUTES = (); }; };
		C5DEA1F1CED4B2BBD68DA75B /* moc_subjectinformation.cpp in Build Sources */ = {isa = PBXBuildFile; fileRef = 16DB31A5D15755E34CD90B98 /* moc_subjectinformation.cpp */; settings = {ATTRIBUTES = (); }; };
		D014CF29DDFA916237D58211 /* criterionsettings.cpp in Build Sources */ = {isa = PBXBuildFile; fileRef = 5DF9CE49D27A02B40E3F2BF7 /* criterionsettings.cpp */; settings = {ATTRIBUTES = (); }; };
		D3AF1BA1CE50712A506921BB /* HMediaManager.cpp in Build Sources */ = {isa = PBXBuildFile; fileRef = E6213B8680DF14816FC8D22E /* HMediaManager.cpp */; settings = {ATTRIBUTES = (); }; };
		D407821E1CA1BB8510D4CC31 /* moc_HAudioPlayer.cpp in Build Sources */ = {isa = PBXBuildFile; fileRef = 9BAECC484080F254DF690117 /* moc_HAudioPlayer.cpp */; settings = {ATTRIBUTES = (); }; };
		D65108354C5A8DF95FB596C4 /* HStimulusSource.cpp in Build Sources */ = {isa = PBXBuildFile; fileRef = 2E9F29C2E58F5F6CA80AFEE5 /* HStimulusSource.cpp */; settings = {ATTRIBUTES = (); }; };
		D9769DCC5C1CE5C6CFBBAD80 /* stimulussettingseditordialog.cpp in Build Sources */ = {isa = PBXBuildFile; fileRef = 013EEB64446EF5B3D2A0DD9F /* stimulussettingseditordialog.cpp */; settings = {ATTRIBUTES = (); }; };
		D9913910496EB13475F88B39 /* moc_habitcontrolpanel.cpp in Build Sources */ = {isa = PBXBuildFile; fileRef = 3F2FE7888B4F2E4ECA762237 /* moc_habitcontrolpanel.cpp */; settings = {ATTRIBUTES = (); }; };
		DD0766FFA0E9BA0DA50D3309 /* trialsinfo.cpp in Build Sources */ = {isa = PBXBuildFile; fileRef = BC470A2E6E8204D1048F9BFF /* trialsinfo.cpp */; settings = {ATTRIBUTES = (); }; };
		DE00D808B559F0060C250637 /* configuration.cpp in Build Sources */ = {isa = PBXBuildFile; fileRef = 135C558F5BF2081C1F4FFA43 /* configuration.cpp */; settings = {ATTRIBUTES = (); }; };
		DFEF952AA1EE1FC24343CD71 /* resultviewersettings.cpp in Build Sources */ = {isa = PBXBuildFile; fileRef = E928A6943138BFD172E3873E /* resultviewersettings.cpp */; settings = {ATTRIBUTES = (); }; };
		E0D661AF33622D869439A1E1 /* moc_resultsvieweroptions.cpp in Build Sources */ = {isa = PBXBuildFile; fileRef = 8861A5E144FD07D2E54A6E66 /* moc_resultsvieweroptions.cpp */; settings = {ATTRIBUTES = (); }; };
		E2C1DE53D4D25FF0562EFC59 /* reliabilitysettings.cpp in Build Sources */ = {isa = PBXBuildFile; fileRef = 5B48C9C597640A536F015EB5 /* reliabilitysettings.cpp */; settings = {ATTRIBUTES = (); }; };
		E54C0DAFFE87F302EF49C695 /* mediamanager.cpp in Build Sources */ = {isa = PBXBuildFile; fileRef = A937A4E9F70E4E3FE03DF479 /* mediamanager.cpp */; settings = {ATTRIBUTES = (); }; };
		E6FE771C31BD888969BD1E79 /* qrc_resources.cpp in Build Sources */ = {isa = PBXBuildFile; fileRef = 43657A1495917FFB693BCFFE /* qrc_resources.cpp */; settings = {ATTRIBUTES = (); }; };
		E705790645E599834D563C10 /* moc_HMediaManager.cpp in Build Sources */ = {isa = PBXBuildFile; fileRef = F05E0F0950070768B170E076 /* moc_HMediaManager.cpp */; settings = {ATTRIBUTES = (); }; };
		E7D3109A32CD17C1BFC1EB39 /* HTrial.cpp in Build Sources */ = {isa = PBXBuildFile; fileRef = 514969C810A84F3308623DA2 /* HTrial.cpp */; settings = {ATTRIBUTES = (); }; };
		E94D810BCAA28105C0109D0D /* moc_habituationstimuliform.cpp in Build Sources */ = {isa = PBXBuildFile; fileRef = F11E612AED3D0EB2FFE5D102 /* moc_habituationstimuliform.cpp */; settings = {ATTRIBUTES = (); }; };
		EE9BADF7649E6C0DF24282F8 /* monitorsettingsform.cpp in Build Sources */ = {isa = PBXBuildFile; fileRef = A3E2A6E6059411915D8D25C8 /* monitorsettingsform.cpp */; settings = {ATTRIBUTES = (); }; };
		F1CC6E0A347F1B0DFBCE96F7 /* moc_mediasoundpreviewplayer.cpp in Build Sources */ = {isa = PBXBuildFile; fileRef = 27C50122EB0FE9C1844DCF22 /* moc_mediasoundpreviewplayer.cpp */; settings = {ATTRIBUTES = (); }; };
		F80FF96A8E827912D64BA433 /* HControlPanel.cpp in Build Sources */ = {isa = PBXBuildFile; fileRef = 34071F98418B34F12144EDA7 /* HControlPanel.cpp */; settings = {ATTRIBUTES = (); }; };
		FB40C6E01F6CA1D0A76C368E /* habituationsetupform.cpp in Build Sources */ = {isa = PBXBuildFile; fileRef = 81F9C869E660FFA9BB41D484 /* habituationsetupform.cpp */; settings = {ATTRIBUTES = (); }; };
		FC97F13F05BAF183F1717F7F /* moc_HVideoImagePlayer.cpp in Build Sources */ = {isa = PBXBuildFile; fileRef = 447C26A30ACA57530403A7C7 /* moc_HVideoImagePlayer.cpp */; settings = {ATTRIBUTES = (); }; };
		FDC92FD48CF93440A694F300 /* moc_reliabilitiesform.cpp in Build Sources */ = {isa = PBXBuildFile; fileRef = 89C924332057E151CB8A788B /* moc_reliabilitiesform.cpp */; settings = {ATTRIBUTES = (); }; };
/* End PBXBuildFile section */

/* Begin PBXFileReference section */
		003231F660FE5F2A6795AAA2 /* habituationstimulitable.cpp */ = {isa = PBXFileReference; lastKnownFileType = sourcecode.cpp.cpp; name = habituationstimulitable.cpp; path = habit/habituationstimulitable.cpp; sourceTree = "<group>"; };
		013EEB64446EF5B3D2A0DD9F /* stimulussettingseditordialog.cpp */ = {isa = PBXFileReference; lastKnownFileType = sourcecode.cpp.cpp; name = stimulussettingseditordialog.cpp; path = habit/stimulussettingseditordialog.cpp; sourceTree = "<group>"; };
		0283611435F93915B4C0B9B1 /* experimentsettings.cpp */ = {isa = PBXFileReference; lastKnownFileType = sourcecode.cpp.cpp; name = experimentsettings.cpp; path = habit/experimentsettings.cpp; sourceTree = "<group>"; };
		03EDE1212DF51C15A1B5ACB7 /* moc_HTrial.cpp */ = {isa = PBXFileReference; lastKnownFileType = sourcecode.cpp.cpp; path = moc_HTrial.cpp; sourceTree = "<group>"; };
		0567C8164C0E59C1D7172532 /* moc_HStateMachine.cpp */ = {isa = PBXFileReference; lastKnownFileType = sourcecode.cpp.cpp; path = moc_HStateMachine.cpp; sourceTree = "<group>"; };
		0666BBB20FBC195CC6965FF9 /* moc_HControlPanel.cpp */ = {isa = PBXFileReference; lastKnownFileType = sourcecode.cpp.cpp; path = moc_HControlPanel.cpp; sourceTree = "<group>"; };
		07C853462D1A5A5D7E5AE18D /* HAudioPlayer.h */ = {isa = PBXFileReference; lastKnownFileType = sourcecode.c.h; path = HAudioPlayer.h; sourceTree = "<group>"; };
		088450FA34C3D0BA1BAFCE25 /* stimulusplayer.h */ = {isa = PBXFileReference; lastKnownFileType = sourcecode.c.h; name = stimulusplayer.h; path = habit/stimulusplayer.h; sourceTree = "<group>"; };
		0C6B21E31E4CAD2FA8BEC4F3 /* controlbaroptions.h */ = {isa = PBXFileReference; lastKnownFileType = sourcecode.c.h; name = controlbaroptions.h; path = habit/controlbaroptions.h; sourceTree = "<group>"; };
		10AD944249ECAD532B35074F /* viewexperimentresultform.ui */ = {isa = PBXFileReference; lastKnownFileType = text.xml; name = viewexperimentresultform.ui; path = habit/viewexperimentresultform.ui; sourceTree = "<group>"; };
		1352F9CAED25D83572E2F6E4 /* experimentsettings.h */ = {isa = PBXFileReference; lastKnownFileType = sourcecode.c.h; name = experimentsettings.h; path = habit/experimentsettings.h; sourceTree = "<group>"; };
		135C558F5BF2081C1F4FFA43 /* configuration.cpp */ = {isa = PBXFileReference; lastKnownFileType = sourcecode.cpp.cpp; name = configuration.cpp; path = habit/configuration.cpp; sourceTree = "<group>"; };
		142F69DE83C067908E46A931 /* HLooker.cpp */ = {isa = PBXFileReference; lastKnownFileType = sourcecode.cpp.cpp; path = HLooker.cpp; sourceTree = "<group>"; };
		147DA39EB01AB5B5127BA46F /* monitorsettingsform.ui */ = {isa = PBXFileReference; lastKnownFileType = text.xml; name = monitorsettingsform.ui; path = habit/monitorsettingsform.ui; sourceTree = "<group>"; };
		15306E8F995B3EF622AAFFC0 /* HState.cpp */ = {isa = PBXFileReference; lastKnownFileType = sourcecode.cpp.cpp; path = HState.cpp; sourceTree = "<group>"; };
		16D548748172CF60EF713C11 /* connection.h */ = {isa = PBXFileReference; lastKnownFileType = sourcecode.c.h; name = connection.h; path = habit/connection.h; sourceTree = "<group>"; };
		16DB31A5D15755E34CD90B98 /* moc_subjectinformation.cpp */ = {isa = PBXFileReference; lastKnownFileType = sourcecode.cpp.cpp; path = moc_subjectinformation.cpp; sourceTree = "<group>"; };
		170F358CDFD1DBE839BC30F5 /* moc_designsetupform.cpp */ = {isa = PBXFileReference; lastKnownFileType = sourcecode.cpp.cpp; path = moc_designsetupform.cpp; sourceTree = "<group>"; };
		17CB2EAC9F072A057670C7F7 /* resultsvieweroptions.cpp */ = {isa = PBXFileReference; lastKnownFileType = sourcecode.cpp.cpp; name = resultsvieweroptions.cpp; path = habit/resultsvieweroptions.cpp; sourceTree = "<group>"; };
		18343DA64FD871D5C58D8B96 /* mediaplayer.h */ = {isa = PBXFileReference; lastKnownFileType = sourcecode.c.h; name = mediaplayer.h; path = habit/mediaplayer.h; sourceTree = "<group>"; };
		1954133F51CAC3AD0C01810A /* HTrialGenerator.h */ = {isa = PBXFileReference; lastKnownFileType = sourcecode.c.h; path = HTrialGenerator.h; sourceTree = "<group>"; };
		1A99CAFDB279A87A2F2F5CAE /* viewexperimentresultform.h */ = {isa = PBXFileReference; lastKnownFileType = sourcecode.c.h; name = viewexperimentresultform.h; path = habit/viewexperimentresultform.h; sourceTree = "<group>"; };
		1B703D181630AE5D003ACD18 /* libhabutil.a */ = {isa = PBXFileReference; explicitFileType = archive.ar; includeInIndex = 0; path = libhabutil.a; sourceTree = BUILT_PRODUCTS_DIR; };
		1DB843A27517106274BF1269 /* HPhase.cpp */ = {isa = PBXFileReference; lastKnownFileType = sourcecode.cpp.cpp; path = HPhase.cpp; sourceTree = "<group>"; };
		1E0689075E90CC961E2BDAD0 /* moc_experimentresultsform.cpp */ = {isa = PBXFileReference; lastKnownFileType = sourcecode.cpp.cpp; path = moc_experimentresultsform.cpp; sourceTree = "<group>"; };
		1FD15338F4EDFD4BBD1E1034 /* designsettings.cpp */ = {isa = PBXFileReference; lastKnownFileType = sourcecode.cpp.cpp; name = designsettings.cpp; path = habit/designsettings.cpp; sourceTree = "<group>"; };
		21EBBE96A2AE7556551C224D /* stimulusinfoform.h */ = {isa = PBXFileReference; lastKnownFileType = sourcecode.c.h; name = stimulusinfoform.h; path = habit/stimulusinfoform.h; sourceTree = "<group>"; };
		242948C38F7CDD51D27B95EC /* moc_stimulusdisplayform.cpp */ = {isa = PBXFileReference; lastKnownFileType = sourcecode.cpp.cpp; path = moc_stimulusdisplayform.cpp; sourceTree = "<group>"; };
		27C50122EB0FE9C1844DCF22 /* moc_mediasoundpreviewplayer.cpp */ = {isa = PBXFileReference; lastKnownFileType = sourcecode.cpp.cpp; path = moc_mediasoundpreviewplayer.cpp; sourceTree = "<group>"; };
		288DD2FC66AF75F555589CA3 /* stimulusdisplayform.cpp */ = {isa = PBXFileReference; lastKnownFileType = sourcecode.cpp.cpp; name = stimulusdisplayform.cpp; path = habit/stimulusdisplayform.cpp; sourceTree = "<group>"; };
		2B04E108B312D2F7DD4162DE /* HTrialLog.cpp */ = {isa = PBXFileReference; lastKnownFileType = sourcecode.cpp.cpp; path = HTrialLog.cpp; sourceTree = "<group>"; };
		2E9F29C2E58F5F6CA80AFEE5 /* HStimulusSource.cpp */ = {isa = PBXFileReference; lastKnownFileType = sourcecode.cpp.cpp; path = HStimulusSource.cpp; sourceTree = "<group>"; };
		30CE06EF15D73D3C563D0DE5 /* experimentresultsform.cpp */ = {isa = PBXFileReference; lastKnownFileType = sourcecode.cpp.cpp; name = experimentresultsform.cpp; path = habit/experimentresultsform.cpp; sourceTree = "<group>"; };
		323AB11027AF653027645BBD /* moc_treewizard.cpp */ = {isa = PBXFileReference; lastKnownFileType = sourcecode.cpp.cpp; path = moc_treewizard.cpp; sourceTree = "<group>"; };
		32813F748C1859CF54446B48 /* moc_stimulusplayer.cpp */ = {isa = PBXFileReference; lastKnownFileType = sourcecode.cpp.cpp; path = moc_stimulusplayer.cpp; sourceTree = "<group>"; };
		3320466DABB73107B844FB2F /* controlbaroptionsform.h */ = {isa = PBXFileReference; lastKnownFileType = sourcecode.c.h; name = controlbaroptionsform.h; path = habit/controlbaroptionsform.h; sourceTree = "<group>"; };
		34071F98418B34F12144EDA7 /* HControlPanel.cpp */ = {isa = PBXFileReference; lastKnownFileType = sourcecode.cpp.cpp; path = HControlPanel.cpp; sourceTree = "<group>"; };
		357698727FF9004AF4A4E38B /* subjectinformation.cpp */ = {isa = PBXFileReference; lastKnownFileType = sourcecode.cpp.cpp; name = subjectinformation.cpp; path = habit/subjectinformation.cpp; sourceTree = "<group>"; };
		362D0FFF9C9A9143408F1468 /* moc_HLooker.cpp */ = {isa = PBXFileReference; lastKnownFileType = sourcecode.cpp.cpp; path = moc_HLooker.cpp; sourceTree = "<group>"; };
		3631B49F38A400DBD16E2712 /* HApp.h */ = {isa = PBXFileReference; lastKnownFileType = sourcecode.c.h; path = HApp.h; sourceTree = "<group>"; };
		39FF19599494DEEC516B4070 /* treewizard.cpp */ = {isa = PBXFileReference; lastKnownFileType = sourcecode.cpp.cpp; name = treewizard.cpp; path = habit/treewizard.cpp; sourceTree = "<group>"; };
		3A61F8EEE1ED39B16E262954 /* designsetupform.h */ = {isa = PBXFileReference; lastKnownFileType = sourcecode.c.h; name = designsetupform.h; path = habit/designsetupform.h; sourceTree = "<group>"; };
		3A910979D974A019934567BC /* HTrial.h */ = {isa = PBXFileReference; lastKnownFileType = sourcecode.c.h; path = HTrial.h; sourceTree = "<group>"; };
		3BCD749E2B45472CFEEEFDE2 /* ui_viewexperimentresultform.h */ = {isa = PBXFileReference; lastKnownFileType = sourcecode.c.h; path = ui_viewexperimentresultform.h; sourceTree = "<group>"; };
		3CAD5ABAA7793F55AAC08CCB /* ui_subjectinformationwidget.h */ = {isa = PBXFileReference; lastKnownFileType = sourcecode.c.h; path = ui_subjectinformationwidget.h; sourceTree = "<group>"; };
		3CB5EB3B224849A3CA60F048 /* monitorsettingsform.h */ = {isa = PBXFileReference; lastKnownFileType = sourcecode.c.h; name = monitorsettingsform.h; path = habit/monitorsettingsform.h; sourceTree = "<group>"; };
		3F2C007BAD3FC743DD4D7F34 /* HLooker.h */ = {isa = PBXFileReference; lastKnownFileType = sourcecode.c.h; path = HLooker.h; sourceTree = "<group>"; };
		3F2FE7888B4F2E4ECA762237 /* moc_habitcontrolpanel.cpp */ = {isa = PBXFileReference; lastKnownFileType = sourcecode.cpp.cpp; path = moc_habitcontrolpanel.cpp; sourceTree = "<group>"; };
		3F474A069D10B037770E8F0D /* sleeper.h */ = {isa = PBXFileReference; lastKnownFileType = sourcecode.c.h; name = sleeper.h; path = habit/sleeper.h; sourceTree = "<group>"; };
		40AC58C341250654BC018FD9 /* HOutputGenerator.h */ = {isa = PBXFileReference; lastKnownFileType = sourcecode.c.h; path = HOutputGenerator.h; sourceTree = "<group>"; };
		40E46C76AC8952BA47A5D8B4 /* maindao.h */ = {isa = PBXFileReference; lastKnownFileType = sourcecode.c.h; name = maindao.h; path = habit/maindao.h; sourceTree = "<group>"; };
		40F328B48523F3A96A448F2E /* stimulusplayer.cpp */ = {isa = PBXFileReference; lastKnownFileType = sourcecode.cpp.cpp; name = stimulusplayer.cpp; path = habit/stimulusplayer.cpp; sourceTree = "<group>"; };
		413A711FE1BB485751C98BBD /* runsettings.h */ = {isa = PBXFileReference; lastKnownFileType = sourcecode.c.h; name = runsettings.h; path = habit/runsettings.h; sourceTree = "<group>"; };
		4355E5A4694357426612D7E1 /* runsettingsform.h */ = {isa = PBXFileReference; lastKnownFileType = sourcecode.c.h; name = runsettingsform.h; path = habit/runsettingsform.h; sourceTree = "<group>"; };
		43657A1495917FFB693BCFFE /* qrc_resources.cpp */ = {isa = PBXFileReference; lastKnownFileType = sourcecode.cpp.cpp; path = qrc_resources.cpp; sourceTree = "<group>"; };
		43E1782DF87301B0B2F4CB2C /* designsetupform.cpp */ = {isa = PBXFileReference; lastKnownFileType = sourcecode.cpp.cpp; name = designsetupform.cpp; path = habit/designsetupform.cpp; sourceTree = "<group>"; };
		43E49AB6EAC748CF46FEBA06 /* moc_HLookDetector.cpp */ = {isa = PBXFileReference; lastKnownFileType = sourcecode.cpp.cpp; path = moc_HLookDetector.cpp; sourceTree = "<group>"; };
		447C26A30ACA57530403A7C7 /* moc_HVideoImagePlayer.cpp */ = {isa = PBXFileReference; lastKnownFileType = sourcecode.cpp.cpp; path = moc_HVideoImagePlayer.cpp; sourceTree = "<group>"; };
		45012045CEE85EB3B095E19B /* habutil.pro */ = {isa = PBXFileReference; lastKnownFileType = text; path = habutil.pro; sourceTree = "<group>"; };
		47C533FBE6BAC735ADEA02DE /* HAudioPlayer.cpp */ = {isa = PBXFileReference; lastKnownFileType = sourcecode.cpp.cpp; path = HAudioPlayer.cpp; sourceTree = "<group>"; };
		4827A7F3E99DDDD8B7BFCD38 /* habituationsettings.h */ = {isa = PBXFileReference; lastKnownFileType = sourcecode.c.h; name = habituationsettings.h; path = habit/habituationsettings.h; sourceTree = "<group>"; };
		4966E89C52B7FE1C492540BA /* ui_habitapp.h */ = {isa = PBXFileReference; lastKnownFileType = sourcecode.c.h; path = ui_habitapp.h; sourceTree = "<group>"; };
		4ACDDE9D9FE419267F4CC804 /* HImageWidget.cpp */ = {isa = PBXFileReference; lastKnownFileType = sourcecode.cpp.cpp; path = HImageWidget.cpp; sourceTree = "<group>"; };
		4C33A207EB734E5E1A4BAF2B /* HPlayer.h */ = {isa = PBXFileReference; lastKnownFileType = sourcecode.c.h; path = HPlayer.h; sourceTree = "<group>"; };
		50E0392890A14443C9BF1C99 /* mediamanager.h */ = {isa = PBXFileReference; lastKnownFileType = sourcecode.c.h; name = mediamanager.h; path = habit/mediamanager.h; sourceTree = "<group>"; };
		514969C810A84F3308623DA2 /* HTrial.cpp */ = {isa = PBXFileReference; lastKnownFileType = sourcecode.cpp.cpp; path = HTrial.cpp; sourceTree = "<group>"; };
		56129180C95B205F3060F3CE /* HKeypadLookDetector.cpp */ = {isa = PBXFileReference; lastKnownFileType = sourcecode.cpp.cpp; path = HKeypadLookDetector.cpp; sourceTree = "<group>"; };
		56E49CDEE4CF69B2E6830512 /* moc_monitorsettingsform.cpp */ = {isa = PBXFileReference; lastKnownFileType = sourcecode.cpp.cpp; path = moc_monitorsettingsform.cpp; sourceTree = "<group>"; };
		5755A7C9E40D3AB70281C35B /* moc_habitapp.cpp */ = {isa = PBXFileReference; lastKnownFileType = sourcecode.cpp.cpp; path = moc_habitapp.cpp; sourceTree = "<group>"; };
		5B48C9C597640A536F015EB5 /* reliabilitysettings.cpp */ = {isa = PBXFileReference; lastKnownFileType = sourcecode.cpp.cpp; name = reliabilitysettings.cpp; path = habit/reliabilitysettings.cpp; sourceTree = "<group>"; };
		5DF9CE49D27A02B40E3F2BF7 /* criterionsettings.cpp */ = {isa = PBXFileReference; lastKnownFileType = sourcecode.cpp.cpp; name = criterionsettings.cpp; path = habit/criterionsettings.cpp; sourceTree = "<group>"; };
		6004E75CB4CADACB84004E6D /* HLook.cpp */ = {isa = PBXFileReference; lastKnownFileType = sourcecode.cpp.cpp; path = HLook.cpp; sourceTree = "<group>"; };
		6022B4CCDDC6B6CF4DCA24E7 /* HElapsedTimer.cpp */ = {isa = PBXFileReference; lastKnownFileType = sourcecode.cpp.cpp; path = HElapsedTimer.cpp; sourceTree = "<group>"; };
		6194CC7D0708952BB73985FE /* HNonPlayer.h */ = {isa = PBXFileReference; lastKnownFileType = sourcecode.c.h; path = HNonPlayer.h; sourceTree = "<group>"; };
		6472616615C3E9AF4727D17C /* connection.cpp */ = {isa = PBXFileReference; lastKnownFileType = sourcecode.cpp.cpp; name = connection.cpp; path = habit/connection.cpp; sourceTree = "<group>"; };
		64C2CA3F92D0C207979A702D /* experimentsettingsform.cpp */ = {isa = PBXFileReference; lastKnownFileType = sourcecode.cpp.cpp; name = experimentsettingsform.cpp; path = habit/experimentsettingsform.cpp; sourceTree = "<group>"; };
		656B77B2E523FE195A3977C0 /* moc_exportmultipleresults.cpp */ = {isa = PBXFileReference; lastKnownFileType = sourcecode.cpp.cpp; path = moc_exportmultipleresults.cpp; sourceTree = "<group>"; };
		663102FF60486549496226D9 /* moc_HPhase.cpp */ = {isa = PBXFileReference; lastKnownFileType = sourcecode.cpp.cpp; path = moc_HPhase.cpp; sourceTree = "<group>"; };
		666612332DF7886847622152 /* attentiongettersettings.cpp */ = {isa = PBXFileReference; lastKnownFileType = sourcecode.cpp.cpp; name = attentiongettersettings.cpp; path = habit/attentiongettersettings.cpp; sourceTree = "<group>"; };
		66D340991C0A076B5900A0E7 /* cloneexperimentdialog.ui */ = {isa = PBXFileReference; lastKnownFileType = text.xml; name = cloneexperimentdialog.ui; path = habit/cloneexperimentdialog.ui; sourceTree = "<group>"; };
		67C5D0D4E8C1CFC82010FD4F /* monitormanager.h */ = {isa = PBXFileReference; lastKnownFileType = sourcecode.c.h; name = monitormanager.h; path = habit/monitormanager.h; sourceTree = "<group>"; };
		68B5BD9D353DABC5C5EDDAEC /* ui_cloneexperimentdialog.h */ = {isa = PBXFileReference; lastKnownFileType = sourcecode.c.h; path = ui_cloneexperimentdialog.h; sourceTree = "<group>"; };
		6A088804449A0A12F0FBBEB7 /* moc_experimentsettingsform.cpp */ = {isa = PBXFileReference; lastKnownFileType = sourcecode.cpp.cpp; path = moc_experimentsettingsform.cpp; sourceTree = "<group>"; };
		6B309201C43C8D247C47324E /* controlbaroptionsform.cpp */ = {isa = PBXFileReference; lastKnownFileType = sourcecode.cpp.cpp; name = controlbaroptionsform.cpp; path = habit/controlbaroptionsform.cpp; sourceTree = "<group>"; };
		6B89EA6BC5CB733959BBD822 /* moc_runsettingsform.cpp */ = {isa = PBXFileReference; lastKnownFileType = sourcecode.cpp.cpp; path = moc_runsettingsform.cpp; sourceTree = "<group>"; };
		6D9BC2C69D929DCF70039571 /* stimulusdisplayinfo.h */ = {isa = PBXFileReference; lastKnownFileType = sourcecode.c.h; name = stimulusdisplayinfo.h; path = habit/stimulusdisplayinfo.h; sourceTree = "<group>"; };
		6F3E5EFD2276F7D78841FB29 /* ui_monitorsettingsform.h */ = {isa = PBXFileReference; lastKnownFileType = sourcecode.c.h; path = ui_monitorsettingsform.h; sourceTree = "<group>"; };
		726CB1DE3A85105F378E6B20 /* HPhase.h */ = {isa = PBXFileReference; lastKnownFileType = sourcecode.c.h; path = HPhase.h; sourceTree = "<group>"; };
		72D71294DFCE1CFBEDB98F9B /* habitapp.ui */ = {isa = PBXFileReference; lastKnownFileType = text.xml; name = habitapp.ui; path = habit/habitapp.ui; sourceTree = "<group>"; };
		73765DDE5B4BA42989E2840D /* moc_viewexperimentresultform.cpp */ = {isa = PBXFileReference; lastKnownFileType = sourcecode.cpp.cpp; path = moc_viewexperimentresultform.cpp; sourceTree = "<group>"; };
		73D171D543D54BE77547F95F /* HLookDetector.cpp */ = {isa = PBXFileReference; lastKnownFileType = sourcecode.cpp.cpp; path = HLookDetector.cpp; sourceTree = "<group>"; };
		7423F9C3FD8D1144E0448FD1 /* stimulussettings.cpp */ = {isa = PBXFileReference; lastKnownFileType = sourcecode.cpp.cpp; name = stimulussettings.cpp; path = habit/stimulussettings.cpp; sourceTree = "<group>"; };
		747623A44E7BB70115C1AF7F /* ui_resultviewerform.h */ = {isa = PBXFileReference; lastKnownFileType = sourcecode.c.h; path = ui_resultviewerform.h; sourceTree = "<group>"; };
		7613D866BEEAC2C75C7BB800 /* HControlPanel.h */ = {isa = PBXFileReference; lastKnownFileType = sourcecode.c.h; path = HControlPanel.h; sourceTree = "<group>"; };
		77B88E15AA9B4C755060BC4D /* resource.h */ = {isa = PBXFileReference; lastKnownFileType = sourcecode.c.h; name = resource.h; path = habit/resource.h; sourceTree = "<group>"; };
		77BFA6EA0DD6F9BDD0F4F6DB /* HOutputGenerator.cpp */ = {isa = PBXFileReference; lastKnownFileType = sourcecode.cpp.cpp; path = HOutputGenerator.cpp; sourceTree = "<group>"; };
		7817581446ED29153541B42B /* moc_HPhaseCriteria.cpp */ = {isa = PBXFileReference; lastKnownFileType = sourcecode.cpp.cpp; path = moc_HPhaseCriteria.cpp; sourceTree = "<group>"; };
		78AE4F2A51A770852DE0BBA7 /* moc_habituationsetupform.cpp */ = {isa = PBXFileReference; lastKnownFileType = sourcecode.cpp.cpp; path = moc_habituationsetupform.cpp; sourceTree = "<group>"; };
		7988921C10B53D3DBCF1269E /* HTrialLog.h */ = {isa = PBXFileReference; lastKnownFileType = sourcecode.c.h; path = HTrialLog.h; sourceTree = "<group>"; };
		79BD9240B44F312F275A0C5C /* HLookDetector.h */ = {isa = PBXFileReference; lastKnownFileType = sourcecode.c.h; path = HLookDetector.h; sourceTree = "<group>"; };
		79F113765A8F7C9E88D6B8ED /* moc_HPlayer.cpp */ = {isa = PBXFileReference; lastKnownFileType = sourcecode.cpp.cpp; path = moc_HPlayer.cpp; sourceTree = "<group>"; };
		7A95304C54BD4E3F708355E3 /* moc_resultviewerform.cpp */ = {isa = PBXFileReference; lastKnownFileType = sourcecode.cpp.cpp; path = moc_resultviewerform.cpp; sourceTree = "<group>"; };
		7C27F841E05714A80B8433C5 /* resultviewerform.ui */ = {isa = PBXFileReference; lastKnownFileType = text.xml; name = resultviewerform.ui; path = habit/resultviewerform.ui; sourceTree = "<group>"; };
		7D36484BD1228D9352082DB2 /* resource1.h */ = {isa = PBXFileReference; lastKnownFileType = sourcecode.c.h; name = resource1.h; path = habit/resource1.h; sourceTree = "<group>"; };
		7E5F12BAAA320F613AE56A80 /* HPhaseCriteria.cpp */ = {isa = PBXFileReference; lastKnownFileType = sourcecode.cpp.cpp; path = HPhaseCriteria.cpp; sourceTree = "<group>"; };
		7FF804524787A5FCE70731BC /* viewexperimentresultform.cpp */ = {isa = PBXFileReference; lastKnownFileType = sourcecode.cpp.cpp; name = viewexperimentresultform.cpp; path = habit/viewexperimentresultform.cpp; sourceTree = "<group>"; };
		81F9C869E660FFA9BB41D484 /* habituationsetupform.cpp */ = {isa = PBXFileReference; lastKnownFileType = sourcecode.cpp.cpp; name = habituationsetupform.cpp; path = habit/habituationsetupform.cpp; sourceTree = "<group>"; };
		8224AE1656885CF2D614F12A /* stimulusdisplayinfo.cpp */ = {isa = PBXFileReference; lastKnownFileType = sourcecode.cpp.cpp; name = stimulusdisplayinfo.cpp; path = habit/stimulusdisplayinfo.cpp; sourceTree = "<group>"; };
		846F12FFAAE8B40874C4ECF2 /* reliabilitiesform.h */ = {isa = PBXFileReference; lastKnownFileType = sourcecode.c.h; name = reliabilitiesform.h; path = habit/reliabilitiesform.h; sourceTree = "<group>"; };
		84D13187AB186F19A775E323 /* HVideoImagePlayer.h */ = {isa = PBXFileReference; lastKnownFileType = sourcecode.c.h; path = HVideoImagePlayer.h; sourceTree = "<group>"; };
		856FE7493092B1DCC4B7108D /* habitcontrolpanel.h */ = {isa = PBXFileReference; lastKnownFileType = sourcecode.c.h; name = habitcontrolpanel.h; path = habit/habitcontrolpanel.h; sourceTree = "<group>"; };
		87917FA7516069F44CDF5CF5 /* resultviewerform.h */ = {isa = PBXFileReference; lastKnownFileType = sourcecode.c.h; name = resultviewerform.h; path = habit/resultviewerform.h; sourceTree = "<group>"; };
		879DD7E012F075EFC8776891 /* cloneexperimentdialog.h */ = {isa = PBXFileReference; lastKnownFileType = sourcecode.c.h; name = cloneexperimentdialog.h; path = habit/cloneexperimentdialog.h; sourceTree = "<group>"; };
		885523D434BAC12A9F3D1051 /* reliabilitysettings.h */ = {isa = PBXFileReference; lastKnownFileType = sourcecode.c.h; name = reliabilitysettings.h; path = habit/reliabilitysettings.h; sourceTree = "<group>"; };
		8861A5E144FD07D2E54A6E66 /* moc_resultsvieweroptions.cpp */ = {isa = PBXFileReference; lastKnownFileType = sourcecode.cpp.cpp; path = moc_resultsvieweroptions.cpp; sourceTree = "<group>"; };
		88A762A6B55D1D7D1A04BC10 /* monitorsettings.cpp */ = {isa = PBXFileReference; lastKnownFileType = sourcecode.cpp.cpp; name = monitorsettings.cpp; path = habit/monitorsettings.cpp; sourceTree = "<group>"; };
		89C924332057E151CB8A788B /* moc_reliabilitiesform.cpp */ = {isa = PBXFileReference; lastKnownFileType = sourcecode.cpp.cpp; path = moc_reliabilitiesform.cpp; sourceTree = "<group>"; };
		8ACCE524C50B8CC37FE577BC /* HKeypadLookDetector.h */ = {isa = PBXFileReference; lastKnownFileType = sourcecode.c.h; path = HKeypadLookDetector.h; sourceTree = "<group>"; };
		8B960E3B53730F4BC05FE0F2 /* mediasoundpreviewplayer.cpp */ = {isa = PBXFileReference; lastKnownFileType = sourcecode.cpp.cpp; name = mediasoundpreviewplayer.cpp; path = habit/mediasoundpreviewplayer.cpp; sourceTree = "<group>"; };
		8D4E71231D05883E6C1AB932 /* subjectsettings.h */ = {isa = PBXFileReference; lastKnownFileType = sourcecode.c.h; name = subjectsettings.h; path = habit/subjectsettings.h; sourceTree = "<group>"; };
		8E58FA21BCA7C25A30794452 /* moc_mediaplayer.cpp */ = {isa = PBXFileReference; lastKnownFileType = sourcecode.cpp.cpp; path = moc_mediaplayer.cpp; sourceTree = "<group>"; };
		8ED7DE2CB60900960FBA6FC9 /* subjectinformationwidget.cpp */ = {isa = PBXFileReference; lastKnownFileType = sourcecode.cpp.cpp; name = subjectinformationwidget.cpp; path = habit/subjectinformationwidget.cpp; sourceTree = "<group>"; };
		909E3C79DFBAA386C572D8C2 /* reliabilitiesform.ui */ = {isa = PBXFileReference; lastKnownFileType = text.xml; name = reliabilitiesform.ui; path = habit/reliabilitiesform.ui; sourceTree = "<group>"; };
		90CC5856B5B14018A2A8F902 /* runsettingsform.cpp */ = {isa = PBXFileReference; lastKnownFileType = sourcecode.cpp.cpp; name = runsettingsform.cpp; path = habit/runsettingsform.cpp; sourceTree = "<group>"; };
		930B671A73877E8F7CE73FA8 /* habituationstimuliform.h */ = {isa = PBXFileReference; lastKnownFileType = sourcecode.c.h; name = habituationstimuliform.h; path = habit/habituationstimuliform.h; sourceTree = "<group>"; };
		94AB9C489A7CC078324A7E7A /* HMediaManagerUtil.cpp */ = {isa = PBXFileReference; lastKnownFileType = sourcecode.cpp.cpp; path = HMediaManagerUtil.cpp; sourceTree = "<group>"; };
		95874B8FEC4D2EB5CAA32131 /* moc_imagewidget_original.cpp */ = {isa = PBXFileReference; lastKnownFileType = sourcecode.cpp.cpp; path = moc_imagewidget_original.cpp; sourceTree = "<group>"; };
		968EA08197B339E7D7186BCC /* moc_stimulussettingseditordialog.cpp */ = {isa = PBXFileReference; lastKnownFileType = sourcecode.cpp.cpp; path = moc_stimulussettingseditordialog.cpp; sourceTree = "<group>"; };
		9BAECC484080F254DF690117 /* moc_HAudioPlayer.cpp */ = {isa = PBXFileReference; lastKnownFileType = sourcecode.cpp.cpp; path = moc_HAudioPlayer.cpp; sourceTree = "<group>"; };
		9C32B6BF187B5E4F152C7D05 /* criterionsettings.h */ = {isa = PBXFileReference; lastKnownFileType = sourcecode.c.h; name = criterionsettings.h; path = habit/criterionsettings.h; sourceTree = "<group>"; };
		9C81169BD2D443840905DA53 /* ui_stimulusplayer.h */ = {isa = PBXFileReference; lastKnownFileType = sourcecode.c.h; path = ui_stimulusplayer.h; sourceTree = "<group>"; };
		9F843A5C247A550BC109E0FD /* resources.qrc */ = {isa = PBXFileReference; lastKnownFileType = text; name = resources.qrc; path = habit/resources.qrc; sourceTree = "<group>"; };
		A05EEB4FEAE093CCCF1C9B2D /* resultviewerform.cpp */ = {isa = PBXFileReference; lastKnownFileType = sourcecode.cpp.cpp; name = resultviewerform.cpp; path = habit/resultviewerform.cpp; sourceTree = "<group>"; };
		A0B73F9C8DD101F3206EA957 /* controlbaroptionsform.ui */ = {isa = PBXFileReference; lastKnownFileType = text.xml; name = controlbaroptionsform.ui; path = habit/controlbaroptionsform.ui; sourceTree = "<group>"; };
		A27165C71B751FDDFD5832B9 /* mediaplayer.cpp */ = {isa = PBXFileReference; lastKnownFileType = sourcecode.cpp.cpp; name = mediaplayer.cpp; path = habit/mediaplayer.cpp; sourceTree = "<group>"; };
		A3177C11ED518AF87E8549BC /* runsettings.cpp */ = {isa = PBXFileReference; lastKnownFileType = sourcecode.cpp.cpp; name = runsettings.cpp; path = habit/runsettings.cpp; sourceTree = "<group>"; };
		A31FD32F16BCFAA1B2E59D70 /* attentionsetupform.cpp */ = {isa = PBXFileReference; lastKnownFileType = sourcecode.cpp.cpp; name = attentionsetupform.cpp; path = habit/attentionsetupform.cpp; sourceTree = "<group>"; };
		A3E2A6E6059411915D8D25C8 /* monitorsettingsform.cpp */ = {isa = PBXFileReference; lastKnownFileType = sourcecode.cpp.cpp; name = monitorsettingsform.cpp; path = habit/monitorsettingsform.cpp; sourceTree = "<group>"; };
		A4341C6B6A570916C812B6B3 /* HPhaseCriteria.h */ = {isa = PBXFileReference; lastKnownFileType = sourcecode.c.h; path = HPhaseCriteria.h; sourceTree = "<group>"; };
		A77453A6AF736806F3727BC2 /* habituationsettings.cpp */ = {isa = PBXFileReference; lastKnownFileType = sourcecode.cpp.cpp; name = habituationsettings.cpp; path = habit/habituationsettings.cpp; sourceTree = "<group>"; };
		A93604CF7630823D0DAB51B9 /* stimulusinfoform.cpp */ = {isa = PBXFileReference; lastKnownFileType = sourcecode.cpp.cpp; name = stimulusinfoform.cpp; path = habit/stimulusinfoform.cpp; sourceTree = "<group>"; };
		A937A4E9F70E4E3FE03DF479 /* mediamanager.cpp */ = {isa = PBXFileReference; lastKnownFileType = sourcecode.cpp.cpp; name = mediamanager.cpp; path = habit/mediamanager.cpp; sourceTree = "<group>"; };
		A9DAFA5B0E9316019173954A /* reliabilitiesform.cpp */ = {isa = PBXFileReference; lastKnownFileType = sourcecode.cpp.cpp; name = reliabilitiesform.cpp; path = habit/reliabilitiesform.cpp; sourceTree = "<group>"; };
		AA27C15DE986DEBC0CFF77BF /* experimentresultsform.h */ = {isa = PBXFileReference; lastKnownFileType = sourcecode.c.h; name = experimentresultsform.h; path = habit/experimentresultsform.h; sourceTree = "<group>"; };
		AC00196B9484615FD13F1075 /* stimulussettings.h */ = {isa = PBXFileReference; lastKnownFileType = sourcecode.c.h; name = stimulussettings.h; path = habit/stimulussettings.h; sourceTree = "<group>"; };
		AC087B125526E9954D76ACAB /* OutputGenerator.cpp */ = {isa = PBXFileReference; lastKnownFileType = sourcecode.cpp.cpp; name = OutputGenerator.cpp; path = habit/OutputGenerator.cpp; sourceTree = "<group>"; };
		AE348BFEA6E6A9FBAA220A69 /* monitorsettings.h */ = {isa = PBXFileReference; lastKnownFileType = sourcecode.c.h; name = monitorsettings.h; path = habit/monitorsettings.h; sourceTree = "<group>"; };
		B279F9994FD437155EFA7D0F /* OutputGenerator.h */ = {isa = PBXFileReference; lastKnownFileType = sourcecode.c.h; name = OutputGenerator.h; path = habit/OutputGenerator.h; sourceTree = "<group>"; };
		B9B534D9C004E26BF9D0B12E /* moc_HApp.cpp */ = {isa = PBXFileReference; lastKnownFileType = sourcecode.cpp.cpp; path = moc_HApp.cpp; sourceTree = "<group>"; };
		BB5929205ABD8610FA2FFEA7 /* stimulisettings.cpp */ = {isa = PBXFileReference; lastKnownFileType = sourcecode.cpp.cpp; name = stimulisettings.cpp; path = habit/stimulisettings.cpp; sourceTree = "<group>"; };
		BC470A2E6E8204D1048F9BFF /* trialsinfo.cpp */ = {isa = PBXFileReference; lastKnownFileType = sourcecode.cpp.cpp; name = trialsinfo.cpp; path = habit/trialsinfo.cpp; sourceTree = "<group>"; };
		BEE6FC9475CBCB99D8858A95 /* moc_HKeypadLookDetector.cpp */ = {isa = PBXFileReference; lastKnownFileType = sourcecode.cpp.cpp; path = moc_HKeypadLookDetector.cpp; sourceTree = "<group>"; };
		BFD69222DB9E97AD8D787CB8 /* ui_controlbaroptionsform.h */ = {isa = PBXFileReference; lastKnownFileType = sourcecode.c.h; path = ui_controlbaroptionsform.h; sourceTree = "<group>"; };
		C075B8ADE546BCA1E9EB52B3 /* HEvents.h */ = {isa = PBXFileReference; lastKnownFileType = sourcecode.c.h; path = HEvents.h; sourceTree = "<group>"; };
		C36FD294C1326BA919E2EC1E /* trialsinfo.h */ = {isa = PBXFileReference; lastKnownFileType = sourcecode.c.h; name = trialsinfo.h; path = habit/trialsinfo.h; sourceTree = "<group>"; };
		C395563D84BC7AB74C1BB167 /* habitapp.cpp */ = {isa = PBXFileReference; lastKnownFileType = sourcecode.cpp.cpp; name = habitapp.cpp; path = habit/habitapp.cpp; sourceTree = "<group>"; };
		C514BBCD6D2E425925F32721 /* configuration.h */ = {isa = PBXFileReference; lastKnownFileType = sourcecode.c.h; name = configuration.h; path = habit/configuration.h; sourceTree = "<group>"; };
		C576C1EBC3456CFA9767AE64 /* moc_HState.cpp */ = {isa = PBXFileReference; lastKnownFileType = sourcecode.cpp.cpp; path = moc_HState.cpp; sourceTree = "<group>"; };
		C7F6AE7CE95F74DAB9E2A136 /* HElapsedTimer.h */ = {isa = PBXFileReference; lastKnownFileType = sourcecode.c.h; path = HElapsedTimer.h; sourceTree = "<group>"; };
		C92232C26E3C3B2ECC31679F /* stimulisettings.h */ = {isa = PBXFileReference; lastKnownFileType = sourcecode.c.h; name = stimulisettings.h; path = habit/stimulisettings.h; sourceTree = "<group>"; };
		C996F19E794C9AF619DC2CEA /* habituationstimuliform.cpp */ = {isa = PBXFileReference; lastKnownFileType = sourcecode.cpp.cpp; name = habituationstimuliform.cpp; path = habit/habituationstimuliform.cpp; sourceTree = "<group>"; };
		CCBF65C04B9E2C5A4C3A43F3 /* HVideoImagePlayer.cpp */ = {isa = PBXFileReference; lastKnownFileType = sourcecode.cpp.cpp; path = HVideoImagePlayer.cpp; sourceTree = "<group>"; };
		CCEB7528D117ACE4218BBE44 /* attentiongettersettings.h */ = {isa = PBXFileReference; lastKnownFileType = sourcecode.c.h; name = attentiongettersettings.h; path = habit/attentiongettersettings.h; sourceTree = "<group>"; };
		CE89F2011F7E459B2CF62D3D /* habitapp.h */ = {isa = PBXFileReference; lastKnownFileType = sourcecode.c.h; name = habitapp.h; path = habit/habitapp.h; sourceTree = "<group>"; };
		CED418B43563E21D616387A0 /* stimulussettingseditordialog.h */ = {isa = PBXFileReference; lastKnownFileType = sourcecode.c.h; name = stimulussettingseditordialog.h; path = habit/stimulussettingseditordialog.h; sourceTree = "<group>"; };
		CF1A06D2598A26AF8B019241 /* exportmultipleresults.cpp */ = {isa = PBXFileReference; lastKnownFileType = sourcecode.cpp.cpp; name = exportmultipleresults.cpp; path = habit/exportmultipleresults.cpp; sourceTree = "<group>"; };
		CF6980507DBB9CEDF462EE43 /* exportmultipleresults.h */ = {isa = PBXFileReference; lastKnownFileType = sourcecode.c.h; name = exportmultipleresults.h; path = habit/exportmultipleresults.h; sourceTree = "<group>"; };
		CFE26A0F792B05055552DC19 /* HImageWidget.h */ = {isa = PBXFileReference; lastKnownFileType = sourcecode.c.h; path = HImageWidget.h; sourceTree = "<group>"; };
		D1CF8AA7BA4EAA7696A0940C /* main.cpp */ = {isa = PBXFileReference; lastKnownFileType = sourcecode.cpp.cpp; name = main.cpp; path = habit/main.cpp; sourceTree = "<group>"; };
		D1F25D4A1AC40156497A361F /* imagewidget_original.cpp */ = {isa = PBXFileReference; lastKnownFileType = sourcecode.cpp.cpp; name = imagewidget_original.cpp; path = habit/imagewidget_original.cpp; sourceTree = "<group>"; };
		D241BBC007731AB57ECBAC74 /* habituationstimulitable.h */ = {isa = PBXFileReference; lastKnownFileType = sourcecode.c.h; name = habituationstimulitable.h; path = habit/habituationstimulitable.h; sourceTree = "<group>"; };
		D4A6F84CE272E562698654DB /* maindao.cpp */ = {isa = PBXFileReference; lastKnownFileType = sourcecode.cpp.cpp; name = maindao.cpp; path = habit/maindao.cpp; sourceTree = "<group>"; };
		D5BEBC098402A38162C04B83 /* subjectinformationwidget.ui */ = {isa = PBXFileReference; lastKnownFileType = text.xml; name = subjectinformationwidget.ui; path = habit/subjectinformationwidget.ui; sourceTree = "<group>"; };
		DBEFB2B47CA7FDBE15E46493 /* stimulusinfo.h */ = {isa = PBXFileReference; lastKnownFileType = sourcecode.c.h; name = stimulusinfo.h; path = habit/stimulusinfo.h; sourceTree = "<group>"; };
		DD5C9D301BF8B2F05D98F3AD /* HMediaManager.h */ = {isa = PBXFileReference; lastKnownFileType = sourcecode.c.h; path = HMediaManager.h; sourceTree = "<group>"; };
		DF5D55B3A28CA9127765D552 /* HLook.h */ = {isa = PBXFileReference; lastKnownFileType = sourcecode.c.h; path = HLook.h; sourceTree = "<group>"; };
		E00DB7F7CC277429EBFDAE3D /* moc_attentionsetupform.cpp */ = {isa = PBXFileReference; lastKnownFileType = sourcecode.cpp.cpp; path = moc_attentionsetupform.cpp; sourceTree = "<group>"; };
		E2016A8CE40B4D9017012A07 /* ui_reliabilitiesform.h */ = {isa = PBXFileReference; lastKnownFileType = sourcecode.c.h; path = ui_reliabilitiesform.h; sourceTree = "<group>"; };
		E3B4044484AC8B7CA53392DF /* stimulusinfo.cpp */ = {isa = PBXFileReference; lastKnownFileType = sourcecode.cpp.cpp; name = stimulusinfo.cpp; path = habit/stimulusinfo.cpp; sourceTree = "<group>"; };
		E453DDDF6B67D3B9FEEA8B08 /* moc_stimulusinfoform.cpp */ = {isa = PBXFileReference; lastKnownFileType = sourcecode.cpp.cpp; path = moc_stimulusinfoform.cpp; sourceTree = "<group>"; };
		E553B188655CBB72EB30D0E5 /* HTrialGenerator.cpp */ = {isa = PBXFileReference; lastKnownFileType = sourcecode.cpp.cpp; path = HTrialGenerator.cpp; sourceTree = "<group>"; };
		E5ECD614F4104CDCC27E6493 /* monitormanager.cpp */ = {isa = PBXFileReference; lastKnownFileType = sourcecode.cpp.cpp; name = monitormanager.cpp; path = habit/monitormanager.cpp; sourceTree = "<group>"; };
		E6213B8680DF14816FC8D22E /* HMediaManager.cpp */ = {isa = PBXFileReference; lastKnownFileType = sourcecode.cpp.cpp; path = HMediaManager.cpp; sourceTree = "<group>"; };
		E67A8B6D55026C367B8214A3 /* moc_habituationstimulitable.cpp */ = {isa = PBXFileReference; lastKnownFileType = sourcecode.cpp.cpp; path = moc_habituationstimulitable.cpp; sourceTree = "<group>"; };
		E7111B2EC23E340A8F7FD0CB /* HNonPlayer.cpp */ = {isa = PBXFileReference; lastKnownFileType = sourcecode.cpp.cpp; path = HNonPlayer.cpp; sourceTree = "<group>"; };
		E8B7AE8DADDFD218C1323EAE /* mediasoundpreviewplayer.h */ = {isa = PBXFileReference; lastKnownFileType = sourcecode.c.h; name = mediasoundpreviewplayer.h; path = habit/mediasoundpreviewplayer.h; sourceTree = "<group>"; };
		E928A6943138BFD172E3873E /* resultviewersettings.cpp */ = {isa = PBXFileReference; lastKnownFileType = sourcecode.cpp.cpp; name = resultviewersettings.cpp; path = habit/resultviewersettings.cpp; sourceTree = "<group>"; };
		E9A552B0CA6303C6A8CE6638 /* imagewidget_original.h */ = {isa = PBXFileReference; lastKnownFileType = sourcecode.c.h; name = imagewidget_original.h; path = habit/imagewidget_original.h; sourceTree = "<group>"; };
		EA6EB7D14625A89AFF2A9852 /* stimulusdisplayform.h */ = {isa = PBXFileReference; lastKnownFileType = sourcecode.c.h; name = stimulusdisplayform.h; path = habit/stimulusdisplayform.h; sourceTree = "<group>"; };
		EDAA3DFFFAB0914068F12AAA /* treewizard.h */ = {isa = PBXFileReference; lastKnownFileType = sourcecode.c.h; name = treewizard.h; path = habit/treewizard.h; sourceTree = "<group>"; };
		EF91FED4F1045B0360536C92 /* HStateMachine.h */ = {isa = PBXFileReference; lastKnownFileType = sourcecode.c.h; path = HStateMachine.h; sourceTree = "<group>"; };
		EFD4E48FC44E02FEDC77AE1F /* habitcontrolpanel.cpp */ = {isa = PBXFileReference; lastKnownFileType = sourcecode.cpp.cpp; name = habitcontrolpanel.cpp; path = habit/habitcontrolpanel.cpp; sourceTree = "<group>"; };
		F05E0F0950070768B170E076 /* moc_HMediaManager.cpp */ = {isa = PBXFileReference; lastKnownFileType = sourcecode.cpp.cpp; path = moc_HMediaManager.cpp; sourceTree = "<group>"; };
		F10C35EB80A1432D65DE9C0A /* moc_cloneexperimentdialog.cpp */ = {isa = PBXFileReference; lastKnownFileType = sourcecode.cpp.cpp; path = moc_cloneexperimentdialog.cpp; sourceTree = "<group>"; };
		F11E612AED3D0EB2FFE5D102 /* moc_habituationstimuliform.cpp */ = {isa = PBXFileReference; lastKnownFileType = sourcecode.cpp.cpp; path = moc_habituationstimuliform.cpp; sourceTree = "<group>"; };
		F24354DBBFA563CA562CE579 /* moc_HImageWidget.cpp */ = {isa = PBXFileReference; lastKnownFileType = sourcecode.cpp.cpp; path = moc_HImageWidget.cpp; sourceTree = "<group>"; };
		F2ED1B8A845FD584022E0511 /* subjectinformation.h */ = {isa = PBXFileReference; lastKnownFileType = sourcecode.c.h; name = subjectinformation.h; path = habit/subjectinformation.h; sourceTree = "<group>"; };
		F304D93296E522EC0174D6B2 /* moc_subjectinformationwidget.cpp */ = {isa = PBXFileReference; lastKnownFileType = sourcecode.cpp.cpp; path = moc_subjectinformationwidget.cpp; sourceTree = "<group>"; };
		F350AEC83A0B3DF8DFA05DB0 /* HPlayer.cpp */ = {isa = PBXFileReference; lastKnownFileType = sourcecode.cpp.cpp; path = HPlayer.cpp; sourceTree = "<group>"; };
		F370F2097B1BBEEB39EF3C0C /* moc_controlbaroptionsform.cpp */ = {isa = PBXFileReference; lastKnownFileType = sourcecode.cpp.cpp; path = moc_controlbaroptionsform.cpp; sourceTree = "<group>"; };
		F4555CC0BF4EB5D487EFAB54 /* moc_HNonPlayer.cpp */ = {isa = PBXFileReference; lastKnownFileType = sourcecode.cpp.cpp; path = moc_HNonPlayer.cpp; sourceTree = "<group>"; };
		F4B440154B2ED8F352053975 /* resultsvieweroptions.h */ = {isa = PBXFileReference; lastKnownFileType = sourcecode.c.h; name = resultsvieweroptions.h; path = habit/resultsvieweroptions.h; sourceTree = "<group>"; };
		F4C10A655E243A8C877CA5BF /* controlbaroptions.cpp */ = {isa = PBXFileReference; lastKnownFileType = sourcecode.cpp.cpp; name = controlbaroptions.cpp; path = habit/controlbaroptions.cpp; sourceTree = "<group>"; };
		F5687F13871FF88D25BD51D6 /* experimentsettingsform.h */ = {isa = PBXFileReference; lastKnownFileType = sourcecode.c.h; name = experimentsettingsform.h; path = habit/experimentsettingsform.h; sourceTree = "<group>"; };
		F5C22BD26AFBC7E99C253CF0 /* HApp.cpp */ = {isa = PBXFileReference; lastKnownFileType = sourcecode.cpp.cpp; path = HApp.cpp; sourceTree = "<group>"; };
		F6CC5CAFD45D6C030B91F67B /* attentionsetupform.h */ = {isa = PBXFileReference; lastKnownFileType = sourcecode.c.h; name = attentionsetupform.h; path = habit/attentionsetupform.h; sourceTree = "<group>"; };
		F7DD95C66135AB6E33E39277 /* subjectsettings.cpp */ = {isa = PBXFileReference; lastKnownFileType = sourcecode.cpp.cpp; name = subjectsettings.cpp; path = habit/subjectsettings.cpp; sourceTree = "<group>"; };
		F85EA9B5CC227949A925CBF4 /* moc_mediamanager.cpp */ = {isa = PBXFileReference; lastKnownFileType = sourcecode.cpp.cpp; path = moc_mediamanager.cpp; sourceTree = "<group>"; };
		F9358756C358EDFE927F3C17 /* HStateMachine.cpp */ = {isa = PBXFileReference; lastKnownFileType = sourcecode.cpp.cpp; path = HStateMachine.cpp; sourceTree = "<group>"; };
		F94FD73189E765D7FA652507 /* designsettings.h */ = {isa = PBXFileReference; lastKnownFileType = sourcecode.c.h; name = designsettings.h; path = habit/designsettings.h; sourceTree = "<group>"; };
		F96B0196578522D8B4417AD2 /* HStimulusSource.h */ = {isa = PBXFileReference; lastKnownFileType = sourcecode.c.h; path = HStimulusSource.h; sourceTree = "<group>"; };
		FB10D34008BD5B590B6E1005 /* stimulusplayer.ui */ = {isa = PBXFileReference; lastKnownFileType = text.xml; name = stimulusplayer.ui; path = habit/stimulusplayer.ui; sourceTree = "<group>"; };
		FC40E71C2FFEB21DB15B2C44 /* subjectinformationwidget.h */ = {isa = PBXFileReference; lastKnownFileType = sourcecode.c.h; name = subjectinformationwidget.h; path = habit/subjectinformationwidget.h; sourceTree = "<group>"; };
		FCF948CD3648C92F2A23404A /* HMediaManagerUtil.h */ = {isa = PBXFileReference; lastKnownFileType = sourcecode.c.h; path = HMediaManagerUtil.h; sourceTree = "<group>"; };
		FD2A183324DACA684D39A8DC /* cloneexperimentdialog.cpp */ = {isa = PBXFileReference; lastKnownFileType = sourcecode.cpp.cpp; name = cloneexperimentdialog.cpp; path = habit/cloneexperimentdialog.cpp; sourceTree = "<group>"; };
		FDEA7147FFE8417B1FBE5DF9 /* resultviewersettings.h */ = {isa = PBXFileReference; lastKnownFileType = sourcecode.c.h; name = resultviewersettings.h; path = habit/resultviewersettings.h; sourceTree = "<group>"; };
		FE4FD8121AD58EB024DD95C9 /* HState.h */ = {isa = PBXFileReference; lastKnownFileType = sourcecode.c.h; path = HState.h; sourceTree = "<group>"; };
		FF5DA3EB89FC0F25542E9587 /* habituationsetupform.h */ = {isa = PBXFileReference; lastKnownFileType = sourcecode.c.h; name = habituationsetupform.h; path = habit/habituationsetupform.h; sourceTree = "<group>"; };
/* End PBXFileReference section */

/* Begin PBXFrameworksBuildPhase section */
		2A1043669E6E5A7426EA502A /* Frameworks & Libraries */ = {
			isa = PBXFrameworksBuildPhase;
			buildActionMask = 2147483647;
			files = (
			);
			name = "Frameworks & Libraries";
			runOnlyForDeploymentPostprocessing = 0;
		};
/* End PBXFrameworksBuildPhase section */

/* Begin PBXGroup section */
		05596AB53D8D521C69802C27 /* habutil */ = {
			isa = PBXGroup;
			children = (
				FB61758D0F0FDA4BA867C3D5 /* Sources */,
				46E892BBB6BB6952967E0561 /* Temporary Sources */,
				883D7615C4D2DE3FA1218F12 /* Headers */,
				7CABE3C80E79AD2B307756D2 /* Sources [qmake] */,
				52C235EBF1C9B07808119459 /* Sources [RCC] */,
				EEC299C65D5017EB9DD513B0 /* Sources [UIC] */,
				1B703D191630AE5D003ACD18 /* Products */,
			);
			name = habutil;
			sourceTree = "<group>";
		};
		1B703D191630AE5D003ACD18 /* Products */ = {
			isa = PBXGroup;
			children = (
				1B703D181630AE5D003ACD18 /* libhabutil.a */,
			);
			name = Products;
			sourceTree = "<group>";
		};
		3957E563E5C8A0C70C06C906 /* habit */ = {
			isa = PBXGroup;
			children = (
				66D340991C0A076B5900A0E7 /* cloneexperimentdialog.ui */,
				A0B73F9C8DD101F3206EA957 /* controlbaroptionsform.ui */,
				72D71294DFCE1CFBEDB98F9B /* habitapp.ui */,
				147DA39EB01AB5B5127BA46F /* monitorsettingsform.ui */,
				909E3C79DFBAA386C572D8C2 /* reliabilitiesform.ui */,
				7C27F841E05714A80B8433C5 /* resultviewerform.ui */,
				FB10D34008BD5B590B6E1005 /* stimulusplayer.ui */,
				D5BEBC098402A38162C04B83 /* subjectinformationwidget.ui */,
				10AD944249ECAD532B35074F /* viewexperimentresultform.ui */,
			);
			name = habit;
			sourceTree = "<group>";
		};
		3C52AE251A37811ADDFD17EF /* habit */ = {
			isa = PBXGroup;
			children = (
				CCEB7528D117ACE4218BBE44 /* attentiongettersettings.h */,
				F6CC5CAFD45D6C030B91F67B /* attentionsetupform.h */,
				879DD7E012F075EFC8776891 /* cloneexperimentdialog.h */,
				C514BBCD6D2E425925F32721 /* configuration.h */,
				16D548748172CF60EF713C11 /* connection.h */,
				0C6B21E31E4CAD2FA8BEC4F3 /* controlbaroptions.h */,
				3320466DABB73107B844FB2F /* controlbaroptionsform.h */,
				9C32B6BF187B5E4F152C7D05 /* criterionsettings.h */,
				F94FD73189E765D7FA652507 /* designsettings.h */,
				3A61F8EEE1ED39B16E262954 /* designsetupform.h */,
				AA27C15DE986DEBC0CFF77BF /* experimentresultsform.h */,
				1352F9CAED25D83572E2F6E4 /* experimentsettings.h */,
				F5687F13871FF88D25BD51D6 /* experimentsettingsform.h */,
				CF6980507DBB9CEDF462EE43 /* exportmultipleresults.h */,
				CE89F2011F7E459B2CF62D3D /* habitapp.h */,
				856FE7493092B1DCC4B7108D /* habitcontrolpanel.h */,
				4827A7F3E99DDDD8B7BFCD38 /* habituationsettings.h */,
				FF5DA3EB89FC0F25542E9587 /* habituationsetupform.h */,
				930B671A73877E8F7CE73FA8 /* habituationstimuliform.h */,
				D241BBC007731AB57ECBAC74 /* habituationstimulitable.h */,
				E9A552B0CA6303C6A8CE6638 /* imagewidget_original.h */,
				40E46C76AC8952BA47A5D8B4 /* maindao.h */,
				50E0392890A14443C9BF1C99 /* mediamanager.h */,
				18343DA64FD871D5C58D8B96 /* mediaplayer.h */,
				E8B7AE8DADDFD218C1323EAE /* mediasoundpreviewplayer.h */,
				67C5D0D4E8C1CFC82010FD4F /* monitormanager.h */,
				AE348BFEA6E6A9FBAA220A69 /* monitorsettings.h */,
				3CB5EB3B224849A3CA60F048 /* monitorsettingsform.h */,
				B279F9994FD437155EFA7D0F /* OutputGenerator.h */,
				846F12FFAAE8B40874C4ECF2 /* reliabilitiesform.h */,
				885523D434BAC12A9F3D1051 /* reliabilitysettings.h */,
				77B88E15AA9B4C755060BC4D /* resource.h */,
				7D36484BD1228D9352082DB2 /* resource1.h */,
				F4B440154B2ED8F352053975 /* resultsvieweroptions.h */,
				87917FA7516069F44CDF5CF5 /* resultviewerform.h */,
				FDEA7147FFE8417B1FBE5DF9 /* resultviewersettings.h */,
				413A711FE1BB485751C98BBD /* runsettings.h */,
				4355E5A4694357426612D7E1 /* runsettingsform.h */,
				3F474A069D10B037770E8F0D /* sleeper.h */,
				C92232C26E3C3B2ECC31679F /* stimulisettings.h */,
				EA6EB7D14625A89AFF2A9852 /* stimulusdisplayform.h */,
				6D9BC2C69D929DCF70039571 /* stimulusdisplayinfo.h */,
				DBEFB2B47CA7FDBE15E46493 /* stimulusinfo.h */,
				21EBBE96A2AE7556551C224D /* stimulusinfoform.h */,
				088450FA34C3D0BA1BAFCE25 /* stimulusplayer.h */,
				AC00196B9484615FD13F1075 /* stimulussettings.h */,
				CED418B43563E21D616387A0 /* stimulussettingseditordialog.h */,
				F2ED1B8A845FD584022E0511 /* subjectinformation.h */,
				FC40E71C2FFEB21DB15B2C44 /* subjectinformationwidget.h */,
				8D4E71231D05883E6C1AB932 /* subjectsettings.h */,
				EDAA3DFFFAB0914068F12AAA /* treewizard.h */,
				C36FD294C1326BA919E2EC1E /* trialsinfo.h */,
				1A99CAFDB279A87A2F2F5CAE /* viewexperimentresultform.h */,
			);
			name = habit;
			sourceTree = "<group>";
		};
		46E892BBB6BB6952967E0561 /* Temporary Sources */ = {
			isa = PBXGroup;
			children = (
				362D0FFF9C9A9143408F1468 /* moc_HLooker.cpp */,
				43E49AB6EAC748CF46FEBA06 /* moc_HLookDetector.cpp */,
				BEE6FC9475CBCB99D8858A95 /* moc_HKeypadLookDetector.cpp */,
				C576C1EBC3456CFA9767AE64 /* moc_HState.cpp */,
				0567C8164C0E59C1D7172532 /* moc_HStateMachine.cpp */,
				03EDE1212DF51C15A1B5ACB7 /* moc_HTrial.cpp */,
				663102FF60486549496226D9 /* moc_HPhase.cpp */,
				79F113765A8F7C9E88D6B8ED /* moc_HPlayer.cpp */,
				9BAECC484080F254DF690117 /* moc_HAudioPlayer.cpp */,
				447C26A30ACA57530403A7C7 /* moc_HVideoImagePlayer.cpp */,
				F4555CC0BF4EB5D487EFAB54 /* moc_HNonPlayer.cpp */,
				F24354DBBFA563CA562CE579 /* moc_HImageWidget.cpp */,
				F05E0F0950070768B170E076 /* moc_HMediaManager.cpp */,
				0666BBB20FBC195CC6965FF9 /* moc_HControlPanel.cpp */,
				B9B534D9C004E26BF9D0B12E /* moc_HApp.cpp */,
				7817581446ED29153541B42B /* moc_HPhaseCriteria.cpp */,
				E00DB7F7CC277429EBFDAE3D /* moc_attentionsetupform.cpp */,
				F10C35EB80A1432D65DE9C0A /* moc_cloneexperimentdialog.cpp */,
				F370F2097B1BBEEB39EF3C0C /* moc_controlbaroptionsform.cpp */,
				170F358CDFD1DBE839BC30F5 /* moc_designsetupform.cpp */,
				1E0689075E90CC961E2BDAD0 /* moc_experimentresultsform.cpp */,
				6A088804449A0A12F0FBBEB7 /* moc_experimentsettingsform.cpp */,
				656B77B2E523FE195A3977C0 /* moc_exportmultipleresults.cpp */,
				5755A7C9E40D3AB70281C35B /* moc_habitapp.cpp */,
				3F2FE7888B4F2E4ECA762237 /* moc_habitcontrolpanel.cpp */,
				78AE4F2A51A770852DE0BBA7 /* moc_habituationsetupform.cpp */,
				F11E612AED3D0EB2FFE5D102 /* moc_habituationstimuliform.cpp */,
				E67A8B6D55026C367B8214A3 /* moc_habituationstimulitable.cpp */,
				95874B8FEC4D2EB5CAA32131 /* moc_imagewidget_original.cpp */,
				F85EA9B5CC227949A925CBF4 /* moc_mediamanager.cpp */,
				8E58FA21BCA7C25A30794452 /* moc_mediaplayer.cpp */,
				27C50122EB0FE9C1844DCF22 /* moc_mediasoundpreviewplayer.cpp */,
				56E49CDEE4CF69B2E6830512 /* moc_monitorsettingsform.cpp */,
				89C924332057E151CB8A788B /* moc_reliabilitiesform.cpp */,
				8861A5E144FD07D2E54A6E66 /* moc_resultsvieweroptions.cpp */,
				7A95304C54BD4E3F708355E3 /* moc_resultviewerform.cpp */,
				6B89EA6BC5CB733959BBD822 /* moc_runsettingsform.cpp */,
				242948C38F7CDD51D27B95EC /* moc_stimulusdisplayform.cpp */,
				E453DDDF6B67D3B9FEEA8B08 /* moc_stimulusinfoform.cpp */,
				32813F748C1859CF54446B48 /* moc_stimulusplayer.cpp */,
				968EA08197B339E7D7186BCC /* moc_stimulussettingseditordialog.cpp */,
				16DB31A5D15755E34CD90B98 /* moc_subjectinformation.cpp */,
				F304D93296E522EC0174D6B2 /* moc_subjectinformationwidget.cpp */,
				323AB11027AF653027645BBD /* moc_treewizard.cpp */,
				73765DDE5B4BA42989E2840D /* moc_viewexperimentresultform.cpp */,
				43657A1495917FFB693BCFFE /* qrc_resources.cpp */,
				68B5BD9D353DABC5C5EDDAEC /* ui_cloneexperimentdialog.h */,
				BFD69222DB9E97AD8D787CB8 /* ui_controlbaroptionsform.h */,
				4966E89C52B7FE1C492540BA /* ui_habitapp.h */,
				6F3E5EFD2276F7D78841FB29 /* ui_monitorsettingsform.h */,
				E2016A8CE40B4D9017012A07 /* ui_reliabilitiesform.h */,
				747623A44E7BB70115C1AF7F /* ui_resultviewerform.h */,
				9C81169BD2D443840905DA53 /* ui_stimulusplayer.h */,
				3CAD5ABAA7793F55AAC08CCB /* ui_subjectinformationwidget.h */,
				3BCD749E2B45472CFEEEFDE2 /* ui_viewexperimentresultform.h */,
			);
			name = "Temporary Sources";
			sourceTree = "<group>";
		};
		52C235EBF1C9B07808119459 /* Sources [RCC] */ = {
			isa = PBXGroup;
			children = (
				D3033AB3F8964BA76AD20C26 /* habit */,
			);
			name = "Sources [RCC]";
			sourceTree = "<group>";
		};
		7CABE3C80E79AD2B307756D2 /* Sources [qmake] */ = {
			isa = PBXGroup;
			children = (
				45012045CEE85EB3B095E19B /* habutil.pro */,
			);
			name = "Sources [qmake]";
			sourceTree = "<group>";
		};
		883D7615C4D2DE3FA1218F12 /* Headers */ = {
			isa = PBXGroup;
			children = (
				DF5D55B3A28CA9127765D552 /* HLook.h */,
				3F2C007BAD3FC743DD4D7F34 /* HLooker.h */,
				79BD9240B44F312F275A0C5C /* HLookDetector.h */,
				8ACCE524C50B8CC37FE577BC /* HKeypadLookDetector.h */,
				C075B8ADE546BCA1E9EB52B3 /* HEvents.h */,
				FE4FD8121AD58EB024DD95C9 /* HState.h */,
				EF91FED4F1045B0360536C92 /* HStateMachine.h */,
				3A910979D974A019934567BC /* HTrial.h */,
				726CB1DE3A85105F378E6B20 /* HPhase.h */,
				C7F6AE7CE95F74DAB9E2A136 /* HElapsedTimer.h */,
				4C33A207EB734E5E1A4BAF2B /* HPlayer.h */,
				07C853462D1A5A5D7E5AE18D /* HAudioPlayer.h */,
				84D13187AB186F19A775E323 /* HVideoImagePlayer.h */,
				6194CC7D0708952BB73985FE /* HNonPlayer.h */,
				F96B0196578522D8B4417AD2 /* HStimulusSource.h */,
				CFE26A0F792B05055552DC19 /* HImageWidget.h */,
				DD5C9D301BF8B2F05D98F3AD /* HMediaManager.h */,
				7613D866BEEAC2C75C7BB800 /* HControlPanel.h */,
				3631B49F38A400DBD16E2712 /* HApp.h */,
				FCF948CD3648C92F2A23404A /* HMediaManagerUtil.h */,
				1954133F51CAC3AD0C01810A /* HTrialGenerator.h */,
				40AC58C341250654BC018FD9 /* HOutputGenerator.h */,
				A4341C6B6A570916C812B6B3 /* HPhaseCriteria.h */,
				7988921C10B53D3DBCF1269E /* HTrialLog.h */,
				3C52AE251A37811ADDFD17EF /* habit */,
			);
			name = Headers;
			sourceTree = "<group>";
		};
		D3033AB3F8964BA76AD20C26 /* habit */ = {
			isa = PBXGroup;
			children = (
				9F843A5C247A550BC109E0FD /* resources.qrc */,
			);
			name = habit;
			sourceTree = "<group>";
		};
		DDB47C48C6459BE7607188BC /* habit */ = {
			isa = PBXGroup;
			children = (
				666612332DF7886847622152 /* attentiongettersettings.cpp */,
				A31FD32F16BCFAA1B2E59D70 /* attentionsetupform.cpp */,
				FD2A183324DACA684D39A8DC /* cloneexperimentdialog.cpp */,
				135C558F5BF2081C1F4FFA43 /* configuration.cpp */,
				6472616615C3E9AF4727D17C /* connection.cpp */,
				F4C10A655E243A8C877CA5BF /* controlbaroptions.cpp */,
				6B309201C43C8D247C47324E /* controlbaroptionsform.cpp */,
				5DF9CE49D27A02B40E3F2BF7 /* criterionsettings.cpp */,
				1FD15338F4EDFD4BBD1E1034 /* designsettings.cpp */,
				43E1782DF87301B0B2F4CB2C /* designsetupform.cpp */,
				30CE06EF15D73D3C563D0DE5 /* experimentresultsform.cpp */,
				0283611435F93915B4C0B9B1 /* experimentsettings.cpp */,
				64C2CA3F92D0C207979A702D /* experimentsettingsform.cpp */,
				CF1A06D2598A26AF8B019241 /* exportmultipleresults.cpp */,
				C395563D84BC7AB74C1BB167 /* habitapp.cpp */,
				EFD4E48FC44E02FEDC77AE1F /* habitcontrolpanel.cpp */,
				A77453A6AF736806F3727BC2 /* habituationsettings.cpp */,
				81F9C869E660FFA9BB41D484 /* habituationsetupform.cpp */,
				C996F19E794C9AF619DC2CEA /* habituationstimuliform.cpp */,
				003231F660FE5F2A6795AAA2 /* habituationstimulitable.cpp */,
				D1F25D4A1AC40156497A361F /* imagewidget_original.cpp */,
				D1CF8AA7BA4EAA7696A0940C /* main.cpp */,
				D4A6F84CE272E562698654DB /* maindao.cpp */,
				A937A4E9F70E4E3FE03DF479 /* mediamanager.cpp */,
				A27165C71B751FDDFD5832B9 /* mediaplayer.cpp */,
				8B960E3B53730F4BC05FE0F2 /* mediasoundpreviewplayer.cpp */,
				E5ECD614F4104CDCC27E6493 /* monitormanager.cpp */,
				88A762A6B55D1D7D1A04BC10 /* monitorsettings.cpp */,
				A3E2A6E6059411915D8D25C8 /* monitorsettingsform.cpp */,
				AC087B125526E9954D76ACAB /* OutputGenerator.cpp */,
				A9DAFA5B0E9316019173954A /* reliabilitiesform.cpp */,
				5B48C9C597640A536F015EB5 /* reliabilitysettings.cpp */,
				17CB2EAC9F072A057670C7F7 /* resultsvieweroptions.cpp */,
				A05EEB4FEAE093CCCF1C9B2D /* resultviewerform.cpp */,
				E928A6943138BFD172E3873E /* resultviewersettings.cpp */,
				A3177C11ED518AF87E8549BC /* runsettings.cpp */,
				90CC5856B5B14018A2A8F902 /* runsettingsform.cpp */,
				BB5929205ABD8610FA2FFEA7 /* stimulisettings.cpp */,
				288DD2FC66AF75F555589CA3 /* stimulusdisplayform.cpp */,
				8224AE1656885CF2D614F12A /* stimulusdisplayinfo.cpp */,
				E3B4044484AC8B7CA53392DF /* stimulusinfo.cpp */,
				A93604CF7630823D0DAB51B9 /* stimulusinfoform.cpp */,
				40F328B48523F3A96A448F2E /* stimulusplayer.cpp */,
				7423F9C3FD8D1144E0448FD1 /* stimulussettings.cpp */,
				013EEB64446EF5B3D2A0DD9F /* stimulussettingseditordialog.cpp */,
				357698727FF9004AF4A4E38B /* subjectinformation.cpp */,
				8ED7DE2CB60900960FBA6FC9 /* subjectinformationwidget.cpp */,
				F7DD95C66135AB6E33E39277 /* subjectsettings.cpp */,
				39FF19599494DEEC516B4070 /* treewizard.cpp */,
				BC470A2E6E8204D1048F9BFF /* trialsinfo.cpp */,
				7FF804524787A5FCE70731BC /* viewexperimentresultform.cpp */,
			);
			name = habit;
			sourceTree = "<group>";
		};
		EEC299C65D5017EB9DD513B0 /* Sources [UIC] */ = {
			isa = PBXGroup;
			children = (
				3957E563E5C8A0C70C06C906 /* habit */,
			);
			name = "Sources [UIC]";
			sourceTree = "<group>";
		};
		FB61758D0F0FDA4BA867C3D5 /* Sources */ = {
			isa = PBXGroup;
			children = (
				6004E75CB4CADACB84004E6D /* HLook.cpp */,
				142F69DE83C067908E46A931 /* HLooker.cpp */,
				73D171D543D54BE77547F95F /* HLookDetector.cpp */,
				56129180C95B205F3060F3CE /* HKeypadLookDetector.cpp */,
				15306E8F995B3EF622AAFFC0 /* HState.cpp */,
				F9358756C358EDFE927F3C17 /* HStateMachine.cpp */,
				514969C810A84F3308623DA2 /* HTrial.cpp */,
				1DB843A27517106274BF1269 /* HPhase.cpp */,
				6022B4CCDDC6B6CF4DCA24E7 /* HElapsedTimer.cpp */,
				F350AEC83A0B3DF8DFA05DB0 /* HPlayer.cpp */,
				47C533FBE6BAC735ADEA02DE /* HAudioPlayer.cpp */,
				CCBF65C04B9E2C5A4C3A43F3 /* HVideoImagePlayer.cpp */,
				E7111B2EC23E340A8F7FD0CB /* HNonPlayer.cpp */,
				2E9F29C2E58F5F6CA80AFEE5 /* HStimulusSource.cpp */,
				4ACDDE9D9FE419267F4CC804 /* HImageWidget.cpp */,
				E6213B8680DF14816FC8D22E /* HMediaManager.cpp */,
				34071F98418B34F12144EDA7 /* HControlPanel.cpp */,
				F5C22BD26AFBC7E99C253CF0 /* HApp.cpp */,
				94AB9C489A7CC078324A7E7A /* HMediaManagerUtil.cpp */,
				E553B188655CBB72EB30D0E5 /* HTrialGenerator.cpp */,
				77BFA6EA0DD6F9BDD0F4F6DB /* HOutputGenerator.cpp */,
				7E5F12BAAA320F613AE56A80 /* HPhaseCriteria.cpp */,
				2B04E108B312D2F7DD4162DE /* HTrialLog.cpp */,
				DDB47C48C6459BE7607188BC /* habit */,
			);
			name = Sources;
			sourceTree = "<group>";
		};
/* End PBXGroup section */

/* Begin PBXNativeTarget section */
		C4E35D2AC0938A01F9035413 /* habutil */ = {
			isa = PBXNativeTarget;
			buildConfigurationList = 17B3380A4D6A7D415E7F2E1E /* Build configuration list for PBXNativeTarget "habutil" */;
			buildPhases = (
				D7BA7D76DAB5DD13389D6332 /* Qt Qmake */,
				A0A52A2ADF7A1E2A99738674 /* Qt Preprocessors */,
				C29B8785722055ED95EF7B57 /* Build Sources */,
				2A1043669E6E5A7426EA502A /* Frameworks & Libraries */,
				F6069D5A5DA8AA28EDB8B3C6 /* Project Copy */,
			);
			buildRules = (
			);
			dependencies = (
			);
			name = habutil;
			productInstallPath = ../../lib/;
			productName = habutil;
			productReference = 1B703D181630AE5D003ACD18 /* libhabutil.a */;
			productType = "com.apple.product-type.library.static";
		};
/* End PBXNativeTarget section */

/* Begin PBXProject section */
		91B15E841AA80083484172DE /* Project object */ = {
			isa = PBXProject;
			buildConfigurationList = CC82A9286117DFED018F418F /* Build configuration list for PBXProject "habutil" */;
			compatibilityVersion = "Xcode 2.4";
			developmentRegion = English;
			hasScannedForEncodings = 1;
			knownRegions = (
				English,
				Japanese,
				French,
				German,
			);
			mainGroup = 05596AB53D8D521C69802C27 /* habutil */;
			productRefGroup = 1B703D191630AE5D003ACD18 /* Products */;
			projectDirPath = "";
			projectRoot = "";
			targets = (
				C4E35D2AC0938A01F9035413 /* habutil */,
			);
		};
/* End PBXProject section */

/* Begin PBXShellScriptBuildPhase section */
		A0A52A2ADF7A1E2A99738674 /* Qt Preprocessors */ = {
			isa = PBXShellScriptBuildPhase;
			buildActionMask = 2147483647;
			files = (
			);
			name = "Qt Preprocessors";
			runOnlyForDeploymentPostprocessing = 0;
			shellPath = /bin/sh;
			shellScript = "make -C /Users/Oakeslab/work/habit2/libs/habutil -f 'habutil.xcodeproj/qt_preprocess.mak'";
		};
		D7BA7D76DAB5DD13389D6332 /* Qt Qmake */ = {
			isa = PBXShellScriptBuildPhase;
			buildActionMask = 2147483647;
			files = (
			);
			name = "Qt Qmake";
			runOnlyForDeploymentPostprocessing = 0;
			shellPath = /bin/sh;
			shellScript = "make -C /Users/Oakeslab/work/habit2/libs/habutil -f 'habutil.xcodeproj/qt_makeqmake.mak'";
		};
		F6069D5A5DA8AA28EDB8B3C6 /* Project Copy */ = {
			isa = PBXShellScriptBuildPhase;
			buildActionMask = 2147483647;
			files = (
			);
			inputPaths = (
			);
			name = "Project Copy";
			outputPaths = (
			);
			runOnlyForDeploymentPostprocessing = 0;
			shellPath = /bin/sh;
			shellScript = "cp -r $BUILT_PRODUCTS_DIR/$FULL_PRODUCT_NAME /Users/Oakeslab/work/habit2/lib";
		};
/* End PBXShellScriptBuildPhase section */

/* Begin PBXSourcesBuildPhase section */
		C29B8785722055ED95EF7B57 /* Build Sources */ = {
			isa = PBXSourcesBuildPhase;
			buildActionMask = 2147483647;
			files = (
				6B4E749109E23E0094D8973F /* HLook.cpp in Build Sources */,
				1DC85FBA4D68DDBF75881C53 /* HLooker.cpp in Build Sources */,
				A5F03563E8E07311626C552B /* HLookDetector.cpp in Build Sources */,
				B969017E2483740F9122FB6F /* HKeypadLookDetector.cpp in Build Sources */,
				1FBADE39ED24F9BFD599091D /* HState.cpp in Build Sources */,
				1B5A32BF7C704F131D59AB30 /* HStateMachine.cpp in Build Sources */,
				E7D3109A32CD17C1BFC1EB39 /* HTrial.cpp in Build Sources */,
				410355C1F67F87B5365C5295 /* HPhase.cpp in Build Sources */,
				5FAC55CF3A0A3D1EEDC63458 /* HElapsedTimer.cpp in Build Sources */,
				1545516D2A1C5DA7054F2C89 /* HPlayer.cpp in Build Sources */,
				4C636647FE11BEAAD3F85EAA /* HAudioPlayer.cpp in Build Sources */,
				6B61B5F29B95F3542E9DC01E /* HVideoImagePlayer.cpp in Build Sources */,
				57799F6953B9A89E640F0C63 /* HNonPlayer.cpp in Build Sources */,
				D65108354C5A8DF95FB596C4 /* HStimulusSource.cpp in Build Sources */,
				6C02C989A17EDC535B391CE2 /* HImageWidget.cpp in Build Sources */,
				D3AF1BA1CE50712A506921BB /* HMediaManager.cpp in Build Sources */,
				F80FF96A8E827912D64BA433 /* HControlPanel.cpp in Build Sources */,
				C3897A5659F58B882029644A /* HApp.cpp in Build Sources */,
				009FE71066929D7DC3687CF9 /* HMediaManagerUtil.cpp in Build Sources */,
				9C1EAA32F0B07929C448C8D3 /* HTrialGenerator.cpp in Build Sources */,
				884F7978E5F5515AA3223F0B /* HOutputGenerator.cpp in Build Sources */,
				699B9810ED80FCDAB947A7AB /* HPhaseCriteria.cpp in Build Sources */,
				B52D6256C0B3DC7474F882EF /* HTrialLog.cpp in Build Sources */,
				A1E77CBB722F0375BD31E64A /* attentiongettersettings.cpp in Build Sources */,
				290C3624A1E7E470CBD04572 /* attentionsetupform.cpp in Build Sources */,
				191F38D395E5BF9D4FBACA26 /* cloneexperimentdialog.cpp in Build Sources */,
				DE00D808B559F0060C250637 /* configuration.cpp in Build Sources */,
				8233EA8032AC38FDD2C3CB27 /* connection.cpp in Build Sources */,
				C0FD0404A8404615F3815EBA /* controlbaroptions.cpp in Build Sources */,
				34E912D217F3D01355536B38 /* controlbaroptionsform.cpp in Build Sources */,
				D014CF29DDFA916237D58211 /* criterionsettings.cpp in Build Sources */,
				2A9F0000F501EBFE5118C109 /* designsettings.cpp in Build Sources */,
				97A652D34E6E99ECE447F106 /* designsetupform.cpp in Build Sources */,
				8D9116AC1612619F32E8DD7A /* experimentresultsform.cpp in Build Sources */,
				B18EFFCF713DF90484FC8E4A /* experimentsettings.cpp in Build Sources */,
				2764C1DD6A5C10726184DBB3 /* experimentsettingsform.cpp in Build Sources */,
				AF506AE43829DCC618A51C12 /* exportmultipleresults.cpp in Build Sources */,
				0865A3C3117E50CC0281E06E /* habitapp.cpp in Build Sources */,
				013956B5F37F9B375BE287F6 /* habitcontrolpanel.cpp in Build Sources */,
				62BBA84B14989687B12D8E77 /* habituationsettings.cpp in Build Sources */,
				FB40C6E01F6CA1D0A76C368E /* habituationsetupform.cpp in Build Sources */,
				3BB413CB5EDDC18D0137E1AF /* habituationstimuliform.cpp in Build Sources */,
				65CD80E4327D795CCF1F5418 /* habituationstimulitable.cpp in Build Sources */,
				9890EBD28F3FF4BFD79B85CC /* imagewidget_original.cpp in Build Sources */,
				AD992ADC62F4473DD0BA4C64 /* main.cpp in Build Sources */,
				BE252862172D72BC67655658 /* maindao.cpp in Build Sources */,
				E54C0DAFFE87F302EF49C695 /* mediamanager.cpp in Build Sources */,
				80E1D564047D4E96C8840E25 /* mediaplayer.cpp in Build Sources */,
				45BFF7BD9C4AB6D35F54DD68 /* mediasoundpreviewplayer.cpp in Build Sources */,
				57A315318CE7420CD99B5E40 /* monitormanager.cpp in Build Sources */,
				3211A61C176A3366FFF506A8 /* monitorsettings.cpp in Build Sources */,
				EE9BADF7649E6C0DF24282F8 /* monitorsettingsform.cpp in Build Sources */,
				5B7C6C0A95C1B8D220536ACE /* OutputGenerator.cpp in Build Sources */,
				22BB89B211A152836EEF4057 /* reliabilitiesform.cpp in Build Sources */,
				E2C1DE53D4D25FF0562EFC59 /* reliabilitysettings.cpp in Build Sources */,
				935A4CCD10D1750777BA4C17 /* resultsvieweroptions.cpp in Build Sources */,
				3BAD8112EDF6E4ABAC91500C /* resultviewerform.cpp in Build Sources */,
				DFEF952AA1EE1FC24343CD71 /* resultviewersettings.cpp in Build Sources */,
				3940F23769A8DA8E3C98B333 /* runsettings.cpp in Build Sources */,
				BD34538F245BF8E7AC58CF0F /* runsettingsform.cpp in Build Sources */,
				21DA153AB8558D5EF7EAF7BD /* stimulisettings.cpp in Build Sources */,
				817FD6FE1F44B8A75EA6295A /* stimulusdisplayform.cpp in Build Sources */,
				1E5825ADB93DA3BB3D4E78E9 /* stimulusdisplayinfo.cpp in Build Sources */,
				7E7D89D2332B2E6792F0EFA1 /* stimulusinfo.cpp in Build Sources */,
				6D534CF8A656207E6395325B /* stimulusinfoform.cpp in Build Sources */,
				BD66F5A4F766E4937C74C39A /* stimulusplayer.cpp in Build Sources */,
				5899214EFA7676BF658241C4 /* stimulussettings.cpp in Build Sources */,
				D9769DCC5C1CE5C6CFBBAD80 /* stimulussettingseditordialog.cpp in Build Sources */,
				5DC367CEDECF858203147E49 /* subjectinformation.cpp in Build Sources */,
				AC4EA682D438DB91C2FA9D95 /* subjectinformationwidget.cpp in Build Sources */,
				0E91AB293EEA09D4808DCEC3 /* subjectsettings.cpp in Build Sources */,
				03084D77F7F6944651A0F4D8 /* treewizard.cpp in Build Sources */,
				DD0766FFA0E9BA0DA50D3309 /* trialsinfo.cpp in Build Sources */,
				A100C199BCDFABD339596BCE /* viewexperimentresultform.cpp in Build Sources */,
				0BA173F30E7A409B5D4799F5 /* moc_HLooker.cpp in Build Sources */,
				4EBE691E01A77F6A9B19B6B4 /* moc_HLookDetector.cpp in Build Sources */,
				7CE7DE26217C97EE294489EF /* moc_HKeypadLookDetector.cpp in Build Sources */,
				A7428FA4978CA969696AC019 /* moc_HState.cpp in Build Sources */,
				88205F195FA3F8571AD4DBA8 /* moc_HStateMachine.cpp in Build Sources */,
				AB713D684BD93913B94F65C9 /* moc_HTrial.cpp in Build Sources */,
				82BD2146198AB489404625B7 /* moc_HPhase.cpp in Build Sources */,
				7969A1AB2EAEF8AF8577BD6E /* moc_HPlayer.cpp in Build Sources */,
				D407821E1CA1BB8510D4CC31 /* moc_HAudioPlayer.cpp in Build Sources */,
				FC97F13F05BAF183F1717F7F /* moc_HVideoImagePlayer.cpp in Build Sources */,
				682CB50023D3B6523E6F682F /* moc_HNonPlayer.cpp in Build Sources */,
				BDF835887712C976827BD54C /* moc_HImageWidget.cpp in Build Sources */,
				E705790645E599834D563C10 /* moc_HMediaManager.cpp in Build Sources */,
				A739004E4E20C529ACF6376F /* moc_HControlPanel.cpp in Build Sources */,
				555D65E3ADF379D6E6D0E600 /* moc_HApp.cpp in Build Sources */,
				995F70F7AE255EBAE3419B37 /* moc_HPhaseCriteria.cpp in Build Sources */,
				AF264F624168825091A70AF2 /* moc_attentionsetupform.cpp in Build Sources */,
				9F9D8FABD663CFFAA701D47A /* moc_cloneexperimentdialog.cpp in Build Sources */,
				44019B65D03D337A9D76D096 /* moc_controlbaroptionsform.cpp in Build Sources */,
				B0C5B5A12A8673F183DE54A0 /* moc_designsetupform.cpp in Build Sources */,
				9783DFCED66040C1BA8FB7CE /* moc_experimentresultsform.cpp in Build Sources */,
				A22EFE859BAF95EE4CCB9E43 /* moc_experimentsettingsform.cpp in Build Sources */,
				B24C36255862302C619B2E90 /* moc_exportmultipleresults.cpp in Build Sources */,
				BB6941A28DD1F2A2F424F407 /* moc_habitapp.cpp in Build Sources */,
				D9913910496EB13475F88B39 /* moc_habitcontrolpanel.cpp in Build Sources */,
				7E023273474CB5BBFCC39562 /* moc_habituationsetupform.cpp in Build Sources */,
				E94D810BCAA28105C0109D0D /* moc_habituationstimuliform.cpp in Build Sources */,
				3B9ED046CCF36FA66681CF01 /* moc_habituationstimulitable.cpp in Build Sources */,
				305B6849E418E524860B3C77 /* moc_imagewidget_original.cpp in Build Sources */,
				2B184B903DFBE840BAD8C1C4 /* moc_mediamanager.cpp in Build Sources */,
				BA5C20510EC8D01875D395F6 /* moc_mediaplayer.cpp in Build Sources */,
				F1CC6E0A347F1B0DFBCE96F7 /* moc_mediasoundpreviewplayer.cpp in Build Sources */,
				382834B7BFBFD519BF37AD29 /* moc_monitorsettingsform.cpp in Build Sources */,
				FDC92FD48CF93440A694F300 /* moc_reliabilitiesform.cpp in Build Sources */,
				E0D661AF33622D869439A1E1 /* moc_resultsvieweroptions.cpp in Build Sources */,
				2FE0E81ABFBA03B801E03ED2 /* moc_resultviewerform.cpp in Build Sources */,
				82A7FFF00DA424E8336C56D8 /* moc_runsettingsform.cpp in Build Sources */,
				64C0F4BAEE918360AF85D36D /* moc_stimulusdisplayform.cpp in Build Sources */,
				2F6862F1AB33E1F78AF5485B /* moc_stimulusinfoform.cpp in Build Sources */,
				826760007F2CBF332DC5FB87 /* moc_stimulusplayer.cpp in Build Sources */,
				196A47A6504B3AF2654BD399 /* moc_stimulussettingseditordialog.cpp in Build Sources */,
				C5DEA1F1CED4B2BBD68DA75B /* moc_subjectinformation.cpp in Build Sources */,
				956EE28BC3462B6EAA7D9A02 /* moc_subjectinformationwidget.cpp in Build Sources */,
				8B20CA1D793DB23B132A38E0 /* moc_treewizard.cpp in Build Sources */,
				455495186282F29FB4621BF7 /* moc_viewexperimentresultform.cpp in Build Sources */,
				E6FE771C31BD888969BD1E79 /* qrc_resources.cpp in Build Sources */,
			);
			name = "Build Sources";
			runOnlyForDeploymentPostprocessing = 0;
		};
/* End PBXSourcesBuildPhase section */

/* Begin XCBuildConfiguration section */
		4B72B24813252891014BCF61 /* Debug */ = {
			isa = XCBuildConfiguration;
			buildSettings = {
				ARCHS = x86_64;
				COPY_PHASE_STRIP = NO;
				FRAMEWORK_SEARCH_PATHS = "/usr/local/Trolltech/Qt-4.8.1-x86_64-no-dbus-dynamic/lib";
				GCC_GENERATE_DEBUGGING_SYMBOLS = YES;
				GCC_OPTIMIZATION_LEVEL = 0;
				HEADER_SEARCH_PATHS = (
					"/usr/local/Trolltech/Qt-4.8.1-x86_64-no-dbus-dynamic/lib/QtCore.framework/Versions/4/Headers",
					"/usr/local/Trolltech/Qt-4.8.1-x86_64-no-dbus-dynamic/include/QtCore",
					"/usr/local/Trolltech/Qt-4.8.1-x86_64-no-dbus-dynamic/lib/QtGui.framework/Versions/4/Headers",
					"/usr/local/Trolltech/Qt-4.8.1-x86_64-no-dbus-dynamic/include/QtGui",
					"/usr/local/Trolltech/Qt-4.8.1-x86_64-no-dbus-dynamic/include",
					.,
					.,
					/usr/local/include,
					/System/Library/Frameworks/CarbonCore.framework/Headers,
					"/usr/local/Trolltech/Qt-4.8.1-x86_64-no-dbus-dynamic/mkspecs/macx-xcode",
				);
				INFOPLIST_FILE = Info.plist;
				LIBRARY_SEARCH_PATHS = "";
				OTHER_CFLAGS = (
					"-pipe",
					"-O2",
					"-fPIC",
					"-Wall",
					"-W",
					"-DQT_NO_DEBUG",
					"-DQT_GUI_LIB",
					"-DQT_CORE_LIB",
					"-DQT_SHARED",
				);
				OTHER_CPLUSPLUSFLAGS = (
					"-pipe",
					"-fvisibility=hidden",
					"-O2",
					"-fPIC",
					"-Wall",
					"-W",
					"-DQT_NO_DEBUG",
					"-DQT_GUI_LIB",
					"-DQT_CORE_LIB",
					"-DQT_SHARED",
				);
				PRODUCT_NAME = habutil;
			};
			name = Debug;
		};
		8C7174830A1E4DCBA0332EC1 /* Release */ = {
			isa = XCBuildConfiguration;
			buildSettings = {
				COPY_PHASE_STRIP = YES;
				GCC_GENERATE_DEBUGGING_SYMBOLS = NO;
				LIBRARY_STYLE = STATIC;
				PRODUCT_NAME = habutil;
			};
			name = Release;
		};
		BEC09A62E69C3553534FF35E /* Debug */ = {
			isa = XCBuildConfiguration;
			buildSettings = {
				COPY_PHASE_STRIP = NO;
				GCC_GENERATE_DEBUGGING_SYMBOLS = YES;
				GCC_OPTIMIZATION_LEVEL = 0;
				LIBRARY_STYLE = STATIC;
				PRODUCT_NAME = habutil;
			};
			name = Debug;
		};
		D70590BEB531B51029F711BB /* Release */ = {
			isa = XCBuildConfiguration;
			buildSettings = {
				ARCHS = x86_64;
				COPY_PHASE_STRIP = YES;
				FRAMEWORK_SEARCH_PATHS = "/usr/local/Trolltech/Qt-4.8.1-x86_64-no-dbus-dynamic/lib";
				GCC_GENERATE_DEBUGGING_SYMBOLS = NO;
				HEADER_SEARCH_PATHS = (
					"/usr/local/Trolltech/Qt-4.8.1-x86_64-no-dbus-dynamic/lib/QtCore.framework/Versions/4/Headers",
					"/usr/local/Trolltech/Qt-4.8.1-x86_64-no-dbus-dynamic/include/QtCore",
					"/usr/local/Trolltech/Qt-4.8.1-x86_64-no-dbus-dynamic/lib/QtGui.framework/Versions/4/Headers",
					"/usr/local/Trolltech/Qt-4.8.1-x86_64-no-dbus-dynamic/include/QtGui",
					"/usr/local/Trolltech/Qt-4.8.1-x86_64-no-dbus-dynamic/include",
					.,
					.,
					/usr/local/include,
					/System/Library/Frameworks/CarbonCore.framework/Headers,
					"/usr/local/Trolltech/Qt-4.8.1-x86_64-no-dbus-dynamic/mkspecs/macx-xcode",
				);
				INFOPLIST_FILE = Info.plist;
				LIBRARY_SEARCH_PATHS = "";
				OTHER_CFLAGS = (
					"-pipe",
					"-O2",
					"-fPIC",
					"-Wall",
					"-W",
					"-DQT_NO_DEBUG",
					"-DQT_GUI_LIB",
					"-DQT_CORE_LIB",
					"-DQT_SHARED",
				);
				OTHER_CPLUSPLUSFLAGS = (
					"-pipe",
					"-fvisibility=hidden",
					"-O2",
					"-fPIC",
					"-Wall",
					"-W",
					"-DQT_NO_DEBUG",
					"-DQT_GUI_LIB",
					"-DQT_CORE_LIB",
					"-DQT_SHARED",
				);
				PRODUCT_NAME = habutil;
			};
			name = Release;
		};
/* End XCBuildConfiguration section */

/* Begin XCConfigurationList section */
		17B3380A4D6A7D415E7F2E1E /* Build configuration list for PBXNativeTarget "habutil" */ = {
			isa = XCConfigurationList;
			buildConfigurations = (
				BEC09A62E69C3553534FF35E /* Debug */,
				8C7174830A1E4DCBA0332EC1 /* Release */,
			);
			defaultConfigurationIsVisible = 0;
			defaultConfigurationName = Release;
		};
		CC82A9286117DFED018F418F /* Build configuration list for PBXProject "habutil" */ = {
			isa = XCConfigurationList;
			buildConfigurations = (
				4B72B24813252891014BCF61 /* Debug */,
				D70590BEB531B51029F711BB /* Release */,
			);
			defaultConfigurationIsVisible = 0;
			defaultConfigurationName = Release;
		};
/* End XCConfigurationList section */
	};
	rootObject = 91B15E841AA80083484172DE /* Project object */;
}
